
Microsoft Visual Studio Solution File, Format Version 12.00
# Visual Studio 15
VisualStudioVersion = 15.0.27004.2005
MinimumVisualStudioVersion = 10.0.40219.1
Project("{FAE04EC0-301F-11D3-BF4B-00C04F79EFBC}") = "TypiconOnline.Infrastructure.Common", "Infrastructure.Common\TypiconOnline.Infrastructure.Common.csproj", "{1F2F3F15-A8CF-4AB7-8603-FB0309EAF8C7}"
EndProject
Project("{FAE04EC0-301F-11D3-BF4B-00C04F79EFBC}") = "TypiconOnline.Domain", "TypiconOnline.Domain\TypiconOnline.Domain.csproj", "{823205B3-C0DB-428D-9038-A03382D881D5}"
EndProject
Project("{FAE04EC0-301F-11D3-BF4B-00C04F79EFBC}") = "TypiconOnline.Domain.Tests", "TypiconOnline.Domain.Tests\TypiconOnline.Domain.Tests.csproj", "{8EDF4429-251A-416D-BB68-93F227191BCF}"
EndProject
Project("{FAE04EC0-301F-11D3-BF4B-00C04F79EFBC}") = "TypiconMigrationTool", "TypiconMigrationTool\TypiconMigrationTool.csproj", "{D24BAD9A-329F-4D25-9419-F4DF45B4FFBE}"
	ProjectSection(ProjectDependencies) = postProject
		{1F2F3F15-A8CF-4AB7-8603-FB0309EAF8C7} = {1F2F3F15-A8CF-4AB7-8603-FB0309EAF8C7}
		{823205B3-C0DB-428D-9038-A03382D881D5} = {823205B3-C0DB-428D-9038-A03382D881D5}
	EndProjectSection
EndProject
Project("{FAE04EC0-301F-11D3-BF4B-00C04F79EFBC}") = "TypiconOnline.AppServices.Tests", "TypiconOnline.AppServices.Tests\TypiconOnline.AppServices.Tests.csproj", "{A9CB5136-BD4F-40B7-8CAC-7A5B6070A655}"
EndProject
Project("{FAE04EC0-301F-11D3-BF4B-00C04F79EFBC}") = "TypiconOnline.Infrastructure.Win", "TypiconOnline.Infrastructure.Win\TypiconOnline.Infrastructure.Win.csproj", "{69CE74B5-F5EE-4057-A342-96533DAA7D9A}"
EndProject
Project("{9A19103F-16F7-4668-BE54-9A1E7A4F7556}") = "TypiconOnline.Repository.EFCore", "TypiconOnline.Repository.EFCore\TypiconOnline.Repository.EFCore.csproj", "{8ED6DE06-A34B-4775-BCB2-1655C36649CC}"
EndProject
Project("{9A19103F-16F7-4668-BE54-9A1E7A4F7556}") = "TypiconMigrationTool.Core", "TypiconMigrationTool.Core\TypiconMigrationTool.Core.csproj", "{FA89013F-7726-425F-8B59-04DF27F088B3}"
EndProject
Project("{9A19103F-16F7-4668-BE54-9A1E7A4F7556}") = "TypiconOnline.WebApi", "TypiconOnline.WebApi\TypiconOnline.WebApi.csproj", "{68BCBE25-015B-4EDC-8F73-D585DD2D5A47}"
EndProject
Project("{9A19103F-16F7-4668-BE54-9A1E7A4F7556}") = "TypiconOnline.Repository.EFCore.Tests", "TypiconOnline.Repository.EFCore.Tests\TypiconOnline.Repository.EFCore.Tests.csproj", "{54BD0946-DD34-43B2-A375-1E27B2202A0A}"
EndProject
Project("{9A19103F-16F7-4668-BE54-9A1E7A4F7556}") = "TypiconOnline.Repository.Caching", "TypiconOnline.Repository.Caching\TypiconOnline.Repository.Caching.csproj", "{B03B44BB-12B3-4D5A-B06B-078E8A500A2E}"
EndProject
Project("{FAE04EC0-301F-11D3-BF4B-00C04F79EFBC}") = "TypiconOnline.Tests.Common", "TypiconOnline.Tests.Common\TypiconOnline.Tests.Common.csproj", "{534F5A7F-109D-419D-BAEB-4FD9B986B3AA}"
EndProject
Project("{FAE04EC0-301F-11D3-BF4B-00C04F79EFBC}") = "TypiconOnline.Domain.Query.Tests", "TypiconOnline.Domain.Query.Tests\TypiconOnline.Domain.Query.Tests.csproj", "{B15B31E8-4818-4826-9732-CC9139841BDE}"
EndProject
Project("{9A19103F-16F7-4668-BE54-9A1E7A4F7556}") = "TypiconOnline.Domain.Query", "TypiconOnline.Domain.Query\TypiconOnline.Domain.Query.csproj", "{C3D5231E-740B-4168-ABBD-58E8F739BE13}"
EndProject
Project("{2150E333-8FDC-42A3-9474-1A3956D46DE8}") = "Domain", "Domain", "{FEDCE3CF-60E7-4496-B332-F58E9CCAEB69}"
EndProject
Project("{9A19103F-16F7-4668-BE54-9A1E7A4F7556}") = "TypiconOnline.Domain.Rules", "TypiconOnline.Domain.Rules\TypiconOnline.Domain.Rules.csproj", "{654CE95D-6B5B-41E1-BEA3-DCEE24F4C98A}"
EndProject
Project("{9A19103F-16F7-4668-BE54-9A1E7A4F7556}") = "TypiconOnline.Domain.Command", "TypiconOnline.Domain.Command\TypiconOnline.Domain.Command.csproj", "{86305C57-D3E7-44D1-8BA1-65D6196CB2D5}"
EndProject
Project("{2150E333-8FDC-42A3-9474-1A3956D46DE8}") = "Tests", "Tests", "{7D5DF90B-0510-4506-B646-AF8A657106E6}"
EndProject
Project("{2150E333-8FDC-42A3-9474-1A3956D46DE8}") = "App", "App", "{7ADFB108-7D43-44C0-A785-C428643AA6B4}"
EndProject
Project("{2150E333-8FDC-42A3-9474-1A3956D46DE8}") = "Repository", "Repository", "{27F71BBA-2C01-4ADB-9E33-FB69052BC6EE}"
EndProject
Project("{FAE04EC0-301F-11D3-BF4B-00C04F79EFBC}") = "TypiconOnline.Domain.Command.Tests", "TypiconOnline.Domain.Command.Tests\TypiconOnline.Domain.Command.Tests.csproj", "{AC30253B-9567-46DF-BEDF-B1073E9A20CC}"
EndProject
Project("{2150E333-8FDC-42A3-9474-1A3956D46DE8}") = "Lib", "Lib", "{398648CA-B11C-4DF4-AB41-319FB4C07FA7}"
	ProjectSection(SolutionItems) = preProject
		Copy DBSQLite.bat = Copy DBSQLite.bat
	EndProjectSection
EndProject
Project("{9A19103F-16F7-4668-BE54-9A1E7A4F7556}") = "TypiconOnline.WebApi.Tests", "TypiconOnline.WebApi.Tests\TypiconOnline.WebApi.Tests.csproj", "{EE4C3CE3-364E-4833-8E6F-93ECBB0B0CBF}"
EndProject
Project("{9A19103F-16F7-4668-BE54-9A1E7A4F7556}") = "TypiconOnline.WebServices", "TypiconOnline.WebServices\TypiconOnline.WebServices.csproj", "{EBF16B94-4589-43E5-8BA1-DA89D15742DF}"
EndProject
Project("{9A19103F-16F7-4668-BE54-9A1E7A4F7556}") = "TypiconOnline.Domain.WebQuery", "TypiconOnline.Domain.WebQuery\TypiconOnline.Domain.WebQuery.csproj", "{A7DC9C7A-3EE3-4365-9104-BABAC7B2E8C3}"
EndProject
Project("{9A19103F-16F7-4668-BE54-9A1E7A4F7556}") = "TypiconOnline.Web", "TypiconOnline.Web\TypiconOnline.Web.csproj", "{074CCB9B-7D6D-42C3-BB35-B5715F7F42D6}"
EndProject
Project("{9A19103F-16F7-4668-BE54-9A1E7A4F7556}") = "TypiconOnline.AppServices", "TypiconOnline.AppServices\TypiconOnline.AppServices.csproj", "{3220CEA5-8119-48FE-AC18-5EB8EC658DE4}"
EndProject
Global
	GlobalSection(SolutionConfigurationPlatforms) = preSolution
		Ad-Hoc|Any CPU = Ad-Hoc|Any CPU
		Ad-Hoc|ARM = Ad-Hoc|ARM
		Ad-Hoc|iPhone = Ad-Hoc|iPhone
		Ad-Hoc|iPhoneSimulator = Ad-Hoc|iPhoneSimulator
		Ad-Hoc|x64 = Ad-Hoc|x64
		Ad-Hoc|x86 = Ad-Hoc|x86
		AppStore|Any CPU = AppStore|Any CPU
		AppStore|ARM = AppStore|ARM
		AppStore|iPhone = AppStore|iPhone
		AppStore|iPhoneSimulator = AppStore|iPhoneSimulator
		AppStore|x64 = AppStore|x64
		AppStore|x86 = AppStore|x86
		Debug|Any CPU = Debug|Any CPU
		Debug|ARM = Debug|ARM
		Debug|iPhone = Debug|iPhone
		Debug|iPhoneSimulator = Debug|iPhoneSimulator
		Debug|x64 = Debug|x64
		Debug|x86 = Debug|x86
		Release|Any CPU = Release|Any CPU
		Release|ARM = Release|ARM
		Release|iPhone = Release|iPhone
		Release|iPhoneSimulator = Release|iPhoneSimulator
		Release|x64 = Release|x64
		Release|x86 = Release|x86
	EndGlobalSection
	GlobalSection(ProjectConfigurationPlatforms) = postSolution
		{1F2F3F15-A8CF-4AB7-8603-FB0309EAF8C7}.Ad-Hoc|Any CPU.ActiveCfg = Release|Any CPU
		{1F2F3F15-A8CF-4AB7-8603-FB0309EAF8C7}.Ad-Hoc|Any CPU.Build.0 = Release|Any CPU
		{1F2F3F15-A8CF-4AB7-8603-FB0309EAF8C7}.Ad-Hoc|ARM.ActiveCfg = Release|Any CPU
		{1F2F3F15-A8CF-4AB7-8603-FB0309EAF8C7}.Ad-Hoc|ARM.Build.0 = Release|Any CPU
		{1F2F3F15-A8CF-4AB7-8603-FB0309EAF8C7}.Ad-Hoc|iPhone.ActiveCfg = Release|Any CPU
		{1F2F3F15-A8CF-4AB7-8603-FB0309EAF8C7}.Ad-Hoc|iPhone.Build.0 = Release|Any CPU
		{1F2F3F15-A8CF-4AB7-8603-FB0309EAF8C7}.Ad-Hoc|iPhoneSimulator.ActiveCfg = Release|Any CPU
		{1F2F3F15-A8CF-4AB7-8603-FB0309EAF8C7}.Ad-Hoc|iPhoneSimulator.Build.0 = Release|Any CPU
		{1F2F3F15-A8CF-4AB7-8603-FB0309EAF8C7}.Ad-Hoc|x64.ActiveCfg = Release|Any CPU
		{1F2F3F15-A8CF-4AB7-8603-FB0309EAF8C7}.Ad-Hoc|x64.Build.0 = Release|Any CPU
		{1F2F3F15-A8CF-4AB7-8603-FB0309EAF8C7}.Ad-Hoc|x86.ActiveCfg = Release|Any CPU
		{1F2F3F15-A8CF-4AB7-8603-FB0309EAF8C7}.Ad-Hoc|x86.Build.0 = Release|Any CPU
		{1F2F3F15-A8CF-4AB7-8603-FB0309EAF8C7}.AppStore|Any CPU.ActiveCfg = Release|Any CPU
		{1F2F3F15-A8CF-4AB7-8603-FB0309EAF8C7}.AppStore|Any CPU.Build.0 = Release|Any CPU
		{1F2F3F15-A8CF-4AB7-8603-FB0309EAF8C7}.AppStore|ARM.ActiveCfg = Release|Any CPU
		{1F2F3F15-A8CF-4AB7-8603-FB0309EAF8C7}.AppStore|ARM.Build.0 = Release|Any CPU
		{1F2F3F15-A8CF-4AB7-8603-FB0309EAF8C7}.AppStore|iPhone.ActiveCfg = Release|Any CPU
		{1F2F3F15-A8CF-4AB7-8603-FB0309EAF8C7}.AppStore|iPhone.Build.0 = Release|Any CPU
		{1F2F3F15-A8CF-4AB7-8603-FB0309EAF8C7}.AppStore|iPhoneSimulator.ActiveCfg = Release|Any CPU
		{1F2F3F15-A8CF-4AB7-8603-FB0309EAF8C7}.AppStore|iPhoneSimulator.Build.0 = Release|Any CPU
		{1F2F3F15-A8CF-4AB7-8603-FB0309EAF8C7}.AppStore|x64.ActiveCfg = Release|Any CPU
		{1F2F3F15-A8CF-4AB7-8603-FB0309EAF8C7}.AppStore|x64.Build.0 = Release|Any CPU
		{1F2F3F15-A8CF-4AB7-8603-FB0309EAF8C7}.AppStore|x86.ActiveCfg = Release|Any CPU
		{1F2F3F15-A8CF-4AB7-8603-FB0309EAF8C7}.AppStore|x86.Build.0 = Release|Any CPU
		{1F2F3F15-A8CF-4AB7-8603-FB0309EAF8C7}.Debug|Any CPU.ActiveCfg = Debug|Any CPU
		{1F2F3F15-A8CF-4AB7-8603-FB0309EAF8C7}.Debug|Any CPU.Build.0 = Debug|Any CPU
		{1F2F3F15-A8CF-4AB7-8603-FB0309EAF8C7}.Debug|ARM.ActiveCfg = Debug|Any CPU
		{1F2F3F15-A8CF-4AB7-8603-FB0309EAF8C7}.Debug|ARM.Build.0 = Debug|Any CPU
		{1F2F3F15-A8CF-4AB7-8603-FB0309EAF8C7}.Debug|iPhone.ActiveCfg = Debug|Any CPU
		{1F2F3F15-A8CF-4AB7-8603-FB0309EAF8C7}.Debug|iPhone.Build.0 = Debug|Any CPU
		{1F2F3F15-A8CF-4AB7-8603-FB0309EAF8C7}.Debug|iPhoneSimulator.ActiveCfg = Debug|Any CPU
		{1F2F3F15-A8CF-4AB7-8603-FB0309EAF8C7}.Debug|iPhoneSimulator.Build.0 = Debug|Any CPU
		{1F2F3F15-A8CF-4AB7-8603-FB0309EAF8C7}.Debug|x64.ActiveCfg = Debug|Any CPU
		{1F2F3F15-A8CF-4AB7-8603-FB0309EAF8C7}.Debug|x64.Build.0 = Debug|Any CPU
		{1F2F3F15-A8CF-4AB7-8603-FB0309EAF8C7}.Debug|x86.ActiveCfg = Debug|Any CPU
		{1F2F3F15-A8CF-4AB7-8603-FB0309EAF8C7}.Debug|x86.Build.0 = Debug|Any CPU
		{1F2F3F15-A8CF-4AB7-8603-FB0309EAF8C7}.Release|Any CPU.ActiveCfg = Release|Any CPU
		{1F2F3F15-A8CF-4AB7-8603-FB0309EAF8C7}.Release|Any CPU.Build.0 = Release|Any CPU
		{1F2F3F15-A8CF-4AB7-8603-FB0309EAF8C7}.Release|ARM.ActiveCfg = Release|Any CPU
		{1F2F3F15-A8CF-4AB7-8603-FB0309EAF8C7}.Release|ARM.Build.0 = Release|Any CPU
		{1F2F3F15-A8CF-4AB7-8603-FB0309EAF8C7}.Release|iPhone.ActiveCfg = Release|Any CPU
		{1F2F3F15-A8CF-4AB7-8603-FB0309EAF8C7}.Release|iPhone.Build.0 = Release|Any CPU
		{1F2F3F15-A8CF-4AB7-8603-FB0309EAF8C7}.Release|iPhoneSimulator.ActiveCfg = Release|Any CPU
		{1F2F3F15-A8CF-4AB7-8603-FB0309EAF8C7}.Release|iPhoneSimulator.Build.0 = Release|Any CPU
		{1F2F3F15-A8CF-4AB7-8603-FB0309EAF8C7}.Release|x64.ActiveCfg = Release|Any CPU
		{1F2F3F15-A8CF-4AB7-8603-FB0309EAF8C7}.Release|x64.Build.0 = Release|Any CPU
		{1F2F3F15-A8CF-4AB7-8603-FB0309EAF8C7}.Release|x86.ActiveCfg = Release|Any CPU
		{1F2F3F15-A8CF-4AB7-8603-FB0309EAF8C7}.Release|x86.Build.0 = Release|Any CPU
		{823205B3-C0DB-428D-9038-A03382D881D5}.Ad-Hoc|Any CPU.ActiveCfg = Release|Any CPU
		{823205B3-C0DB-428D-9038-A03382D881D5}.Ad-Hoc|Any CPU.Build.0 = Release|Any CPU
		{823205B3-C0DB-428D-9038-A03382D881D5}.Ad-Hoc|ARM.ActiveCfg = Release|Any CPU
		{823205B3-C0DB-428D-9038-A03382D881D5}.Ad-Hoc|ARM.Build.0 = Release|Any CPU
		{823205B3-C0DB-428D-9038-A03382D881D5}.Ad-Hoc|iPhone.ActiveCfg = Release|Any CPU
		{823205B3-C0DB-428D-9038-A03382D881D5}.Ad-Hoc|iPhone.Build.0 = Release|Any CPU
		{823205B3-C0DB-428D-9038-A03382D881D5}.Ad-Hoc|iPhoneSimulator.ActiveCfg = Release|Any CPU
		{823205B3-C0DB-428D-9038-A03382D881D5}.Ad-Hoc|iPhoneSimulator.Build.0 = Release|Any CPU
		{823205B3-C0DB-428D-9038-A03382D881D5}.Ad-Hoc|x64.ActiveCfg = Release|Any CPU
		{823205B3-C0DB-428D-9038-A03382D881D5}.Ad-Hoc|x64.Build.0 = Release|Any CPU
		{823205B3-C0DB-428D-9038-A03382D881D5}.Ad-Hoc|x86.ActiveCfg = Release|Any CPU
		{823205B3-C0DB-428D-9038-A03382D881D5}.Ad-Hoc|x86.Build.0 = Release|Any CPU
		{823205B3-C0DB-428D-9038-A03382D881D5}.AppStore|Any CPU.ActiveCfg = Release|Any CPU
		{823205B3-C0DB-428D-9038-A03382D881D5}.AppStore|Any CPU.Build.0 = Release|Any CPU
		{823205B3-C0DB-428D-9038-A03382D881D5}.AppStore|ARM.ActiveCfg = Release|Any CPU
		{823205B3-C0DB-428D-9038-A03382D881D5}.AppStore|ARM.Build.0 = Release|Any CPU
		{823205B3-C0DB-428D-9038-A03382D881D5}.AppStore|iPhone.ActiveCfg = Release|Any CPU
		{823205B3-C0DB-428D-9038-A03382D881D5}.AppStore|iPhone.Build.0 = Release|Any CPU
		{823205B3-C0DB-428D-9038-A03382D881D5}.AppStore|iPhoneSimulator.ActiveCfg = Release|Any CPU
		{823205B3-C0DB-428D-9038-A03382D881D5}.AppStore|iPhoneSimulator.Build.0 = Release|Any CPU
		{823205B3-C0DB-428D-9038-A03382D881D5}.AppStore|x64.ActiveCfg = Release|Any CPU
		{823205B3-C0DB-428D-9038-A03382D881D5}.AppStore|x64.Build.0 = Release|Any CPU
		{823205B3-C0DB-428D-9038-A03382D881D5}.AppStore|x86.ActiveCfg = Release|Any CPU
		{823205B3-C0DB-428D-9038-A03382D881D5}.AppStore|x86.Build.0 = Release|Any CPU
		{823205B3-C0DB-428D-9038-A03382D881D5}.Debug|Any CPU.ActiveCfg = Debug|Any CPU
		{823205B3-C0DB-428D-9038-A03382D881D5}.Debug|Any CPU.Build.0 = Debug|Any CPU
		{823205B3-C0DB-428D-9038-A03382D881D5}.Debug|ARM.ActiveCfg = Debug|Any CPU
		{823205B3-C0DB-428D-9038-A03382D881D5}.Debug|ARM.Build.0 = Debug|Any CPU
		{823205B3-C0DB-428D-9038-A03382D881D5}.Debug|iPhone.ActiveCfg = Debug|Any CPU
		{823205B3-C0DB-428D-9038-A03382D881D5}.Debug|iPhone.Build.0 = Debug|Any CPU
		{823205B3-C0DB-428D-9038-A03382D881D5}.Debug|iPhoneSimulator.ActiveCfg = Debug|Any CPU
		{823205B3-C0DB-428D-9038-A03382D881D5}.Debug|iPhoneSimulator.Build.0 = Debug|Any CPU
		{823205B3-C0DB-428D-9038-A03382D881D5}.Debug|x64.ActiveCfg = Debug|Any CPU
		{823205B3-C0DB-428D-9038-A03382D881D5}.Debug|x64.Build.0 = Debug|Any CPU
		{823205B3-C0DB-428D-9038-A03382D881D5}.Debug|x86.ActiveCfg = Debug|Any CPU
		{823205B3-C0DB-428D-9038-A03382D881D5}.Debug|x86.Build.0 = Debug|Any CPU
		{823205B3-C0DB-428D-9038-A03382D881D5}.Release|Any CPU.ActiveCfg = Release|Any CPU
		{823205B3-C0DB-428D-9038-A03382D881D5}.Release|Any CPU.Build.0 = Release|Any CPU
		{823205B3-C0DB-428D-9038-A03382D881D5}.Release|ARM.ActiveCfg = Release|Any CPU
		{823205B3-C0DB-428D-9038-A03382D881D5}.Release|ARM.Build.0 = Release|Any CPU
		{823205B3-C0DB-428D-9038-A03382D881D5}.Release|iPhone.ActiveCfg = Release|Any CPU
		{823205B3-C0DB-428D-9038-A03382D881D5}.Release|iPhone.Build.0 = Release|Any CPU
		{823205B3-C0DB-428D-9038-A03382D881D5}.Release|iPhoneSimulator.ActiveCfg = Release|Any CPU
		{823205B3-C0DB-428D-9038-A03382D881D5}.Release|iPhoneSimulator.Build.0 = Release|Any CPU
		{823205B3-C0DB-428D-9038-A03382D881D5}.Release|x64.ActiveCfg = Release|Any CPU
		{823205B3-C0DB-428D-9038-A03382D881D5}.Release|x64.Build.0 = Release|Any CPU
		{823205B3-C0DB-428D-9038-A03382D881D5}.Release|x86.ActiveCfg = Release|Any CPU
		{823205B3-C0DB-428D-9038-A03382D881D5}.Release|x86.Build.0 = Release|Any CPU
		{8EDF4429-251A-416D-BB68-93F227191BCF}.Ad-Hoc|Any CPU.ActiveCfg = Release|Any CPU
		{8EDF4429-251A-416D-BB68-93F227191BCF}.Ad-Hoc|Any CPU.Build.0 = Release|Any CPU
		{8EDF4429-251A-416D-BB68-93F227191BCF}.Ad-Hoc|ARM.ActiveCfg = Release|Any CPU
		{8EDF4429-251A-416D-BB68-93F227191BCF}.Ad-Hoc|ARM.Build.0 = Release|Any CPU
		{8EDF4429-251A-416D-BB68-93F227191BCF}.Ad-Hoc|iPhone.ActiveCfg = Release|Any CPU
		{8EDF4429-251A-416D-BB68-93F227191BCF}.Ad-Hoc|iPhone.Build.0 = Release|Any CPU
		{8EDF4429-251A-416D-BB68-93F227191BCF}.Ad-Hoc|iPhoneSimulator.ActiveCfg = Release|Any CPU
		{8EDF4429-251A-416D-BB68-93F227191BCF}.Ad-Hoc|iPhoneSimulator.Build.0 = Release|Any CPU
		{8EDF4429-251A-416D-BB68-93F227191BCF}.Ad-Hoc|x64.ActiveCfg = Release|Any CPU
		{8EDF4429-251A-416D-BB68-93F227191BCF}.Ad-Hoc|x64.Build.0 = Release|Any CPU
		{8EDF4429-251A-416D-BB68-93F227191BCF}.Ad-Hoc|x86.ActiveCfg = Release|Any CPU
		{8EDF4429-251A-416D-BB68-93F227191BCF}.Ad-Hoc|x86.Build.0 = Release|Any CPU
		{8EDF4429-251A-416D-BB68-93F227191BCF}.AppStore|Any CPU.ActiveCfg = Release|Any CPU
		{8EDF4429-251A-416D-BB68-93F227191BCF}.AppStore|Any CPU.Build.0 = Release|Any CPU
		{8EDF4429-251A-416D-BB68-93F227191BCF}.AppStore|ARM.ActiveCfg = Release|Any CPU
		{8EDF4429-251A-416D-BB68-93F227191BCF}.AppStore|ARM.Build.0 = Release|Any CPU
		{8EDF4429-251A-416D-BB68-93F227191BCF}.AppStore|iPhone.ActiveCfg = Release|Any CPU
		{8EDF4429-251A-416D-BB68-93F227191BCF}.AppStore|iPhone.Build.0 = Release|Any CPU
		{8EDF4429-251A-416D-BB68-93F227191BCF}.AppStore|iPhoneSimulator.ActiveCfg = Release|Any CPU
		{8EDF4429-251A-416D-BB68-93F227191BCF}.AppStore|iPhoneSimulator.Build.0 = Release|Any CPU
		{8EDF4429-251A-416D-BB68-93F227191BCF}.AppStore|x64.ActiveCfg = Release|Any CPU
		{8EDF4429-251A-416D-BB68-93F227191BCF}.AppStore|x64.Build.0 = Release|Any CPU
		{8EDF4429-251A-416D-BB68-93F227191BCF}.AppStore|x86.ActiveCfg = Release|Any CPU
		{8EDF4429-251A-416D-BB68-93F227191BCF}.AppStore|x86.Build.0 = Release|Any CPU
		{8EDF4429-251A-416D-BB68-93F227191BCF}.Debug|Any CPU.ActiveCfg = Debug|Any CPU
		{8EDF4429-251A-416D-BB68-93F227191BCF}.Debug|Any CPU.Build.0 = Debug|Any CPU
		{8EDF4429-251A-416D-BB68-93F227191BCF}.Debug|ARM.ActiveCfg = Debug|Any CPU
		{8EDF4429-251A-416D-BB68-93F227191BCF}.Debug|ARM.Build.0 = Debug|Any CPU
		{8EDF4429-251A-416D-BB68-93F227191BCF}.Debug|iPhone.ActiveCfg = Debug|Any CPU
		{8EDF4429-251A-416D-BB68-93F227191BCF}.Debug|iPhone.Build.0 = Debug|Any CPU
		{8EDF4429-251A-416D-BB68-93F227191BCF}.Debug|iPhoneSimulator.ActiveCfg = Debug|Any CPU
		{8EDF4429-251A-416D-BB68-93F227191BCF}.Debug|iPhoneSimulator.Build.0 = Debug|Any CPU
		{8EDF4429-251A-416D-BB68-93F227191BCF}.Debug|x64.ActiveCfg = Debug|Any CPU
		{8EDF4429-251A-416D-BB68-93F227191BCF}.Debug|x64.Build.0 = Debug|Any CPU
		{8EDF4429-251A-416D-BB68-93F227191BCF}.Debug|x86.ActiveCfg = Debug|Any CPU
		{8EDF4429-251A-416D-BB68-93F227191BCF}.Debug|x86.Build.0 = Debug|Any CPU
		{8EDF4429-251A-416D-BB68-93F227191BCF}.Release|Any CPU.ActiveCfg = Release|Any CPU
		{8EDF4429-251A-416D-BB68-93F227191BCF}.Release|Any CPU.Build.0 = Release|Any CPU
		{8EDF4429-251A-416D-BB68-93F227191BCF}.Release|ARM.ActiveCfg = Release|Any CPU
		{8EDF4429-251A-416D-BB68-93F227191BCF}.Release|ARM.Build.0 = Release|Any CPU
		{8EDF4429-251A-416D-BB68-93F227191BCF}.Release|iPhone.ActiveCfg = Release|Any CPU
		{8EDF4429-251A-416D-BB68-93F227191BCF}.Release|iPhone.Build.0 = Release|Any CPU
		{8EDF4429-251A-416D-BB68-93F227191BCF}.Release|iPhoneSimulator.ActiveCfg = Release|Any CPU
		{8EDF4429-251A-416D-BB68-93F227191BCF}.Release|iPhoneSimulator.Build.0 = Release|Any CPU
		{8EDF4429-251A-416D-BB68-93F227191BCF}.Release|x64.ActiveCfg = Release|Any CPU
		{8EDF4429-251A-416D-BB68-93F227191BCF}.Release|x64.Build.0 = Release|Any CPU
		{8EDF4429-251A-416D-BB68-93F227191BCF}.Release|x86.ActiveCfg = Release|Any CPU
		{8EDF4429-251A-416D-BB68-93F227191BCF}.Release|x86.Build.0 = Release|Any CPU
		{D24BAD9A-329F-4D25-9419-F4DF45B4FFBE}.Ad-Hoc|Any CPU.ActiveCfg = Release|Any CPU
		{D24BAD9A-329F-4D25-9419-F4DF45B4FFBE}.Ad-Hoc|Any CPU.Build.0 = Release|Any CPU
		{D24BAD9A-329F-4D25-9419-F4DF45B4FFBE}.Ad-Hoc|ARM.ActiveCfg = Release|Any CPU
		{D24BAD9A-329F-4D25-9419-F4DF45B4FFBE}.Ad-Hoc|ARM.Build.0 = Release|Any CPU
		{D24BAD9A-329F-4D25-9419-F4DF45B4FFBE}.Ad-Hoc|iPhone.ActiveCfg = Release|Any CPU
		{D24BAD9A-329F-4D25-9419-F4DF45B4FFBE}.Ad-Hoc|iPhone.Build.0 = Release|Any CPU
		{D24BAD9A-329F-4D25-9419-F4DF45B4FFBE}.Ad-Hoc|iPhoneSimulator.ActiveCfg = Release|Any CPU
		{D24BAD9A-329F-4D25-9419-F4DF45B4FFBE}.Ad-Hoc|iPhoneSimulator.Build.0 = Release|Any CPU
		{D24BAD9A-329F-4D25-9419-F4DF45B4FFBE}.Ad-Hoc|x64.ActiveCfg = Release|Any CPU
		{D24BAD9A-329F-4D25-9419-F4DF45B4FFBE}.Ad-Hoc|x64.Build.0 = Release|Any CPU
		{D24BAD9A-329F-4D25-9419-F4DF45B4FFBE}.Ad-Hoc|x86.ActiveCfg = Release|Any CPU
		{D24BAD9A-329F-4D25-9419-F4DF45B4FFBE}.Ad-Hoc|x86.Build.0 = Release|Any CPU
		{D24BAD9A-329F-4D25-9419-F4DF45B4FFBE}.AppStore|Any CPU.ActiveCfg = Release|Any CPU
		{D24BAD9A-329F-4D25-9419-F4DF45B4FFBE}.AppStore|Any CPU.Build.0 = Release|Any CPU
		{D24BAD9A-329F-4D25-9419-F4DF45B4FFBE}.AppStore|ARM.ActiveCfg = Release|Any CPU
		{D24BAD9A-329F-4D25-9419-F4DF45B4FFBE}.AppStore|ARM.Build.0 = Release|Any CPU
		{D24BAD9A-329F-4D25-9419-F4DF45B4FFBE}.AppStore|iPhone.ActiveCfg = Release|Any CPU
		{D24BAD9A-329F-4D25-9419-F4DF45B4FFBE}.AppStore|iPhone.Build.0 = Release|Any CPU
		{D24BAD9A-329F-4D25-9419-F4DF45B4FFBE}.AppStore|iPhoneSimulator.ActiveCfg = Release|Any CPU
		{D24BAD9A-329F-4D25-9419-F4DF45B4FFBE}.AppStore|iPhoneSimulator.Build.0 = Release|Any CPU
		{D24BAD9A-329F-4D25-9419-F4DF45B4FFBE}.AppStore|x64.ActiveCfg = Release|Any CPU
		{D24BAD9A-329F-4D25-9419-F4DF45B4FFBE}.AppStore|x64.Build.0 = Release|Any CPU
		{D24BAD9A-329F-4D25-9419-F4DF45B4FFBE}.AppStore|x86.ActiveCfg = Release|Any CPU
		{D24BAD9A-329F-4D25-9419-F4DF45B4FFBE}.AppStore|x86.Build.0 = Release|Any CPU
		{D24BAD9A-329F-4D25-9419-F4DF45B4FFBE}.Debug|Any CPU.ActiveCfg = Debug|Any CPU
		{D24BAD9A-329F-4D25-9419-F4DF45B4FFBE}.Debug|Any CPU.Build.0 = Debug|Any CPU
		{D24BAD9A-329F-4D25-9419-F4DF45B4FFBE}.Debug|ARM.ActiveCfg = Debug|Any CPU
		{D24BAD9A-329F-4D25-9419-F4DF45B4FFBE}.Debug|ARM.Build.0 = Debug|Any CPU
		{D24BAD9A-329F-4D25-9419-F4DF45B4FFBE}.Debug|iPhone.ActiveCfg = Debug|Any CPU
		{D24BAD9A-329F-4D25-9419-F4DF45B4FFBE}.Debug|iPhone.Build.0 = Debug|Any CPU
		{D24BAD9A-329F-4D25-9419-F4DF45B4FFBE}.Debug|iPhoneSimulator.ActiveCfg = Debug|Any CPU
		{D24BAD9A-329F-4D25-9419-F4DF45B4FFBE}.Debug|iPhoneSimulator.Build.0 = Debug|Any CPU
		{D24BAD9A-329F-4D25-9419-F4DF45B4FFBE}.Debug|x64.ActiveCfg = Debug|Any CPU
		{D24BAD9A-329F-4D25-9419-F4DF45B4FFBE}.Debug|x64.Build.0 = Debug|Any CPU
		{D24BAD9A-329F-4D25-9419-F4DF45B4FFBE}.Debug|x86.ActiveCfg = Debug|Any CPU
		{D24BAD9A-329F-4D25-9419-F4DF45B4FFBE}.Debug|x86.Build.0 = Debug|Any CPU
		{D24BAD9A-329F-4D25-9419-F4DF45B4FFBE}.Release|Any CPU.ActiveCfg = Release|Any CPU
		{D24BAD9A-329F-4D25-9419-F4DF45B4FFBE}.Release|Any CPU.Build.0 = Release|Any CPU
		{D24BAD9A-329F-4D25-9419-F4DF45B4FFBE}.Release|ARM.ActiveCfg = Release|Any CPU
		{D24BAD9A-329F-4D25-9419-F4DF45B4FFBE}.Release|ARM.Build.0 = Release|Any CPU
		{D24BAD9A-329F-4D25-9419-F4DF45B4FFBE}.Release|iPhone.ActiveCfg = Release|Any CPU
		{D24BAD9A-329F-4D25-9419-F4DF45B4FFBE}.Release|iPhone.Build.0 = Release|Any CPU
		{D24BAD9A-329F-4D25-9419-F4DF45B4FFBE}.Release|iPhoneSimulator.ActiveCfg = Release|Any CPU
		{D24BAD9A-329F-4D25-9419-F4DF45B4FFBE}.Release|iPhoneSimulator.Build.0 = Release|Any CPU
		{D24BAD9A-329F-4D25-9419-F4DF45B4FFBE}.Release|x64.ActiveCfg = Release|Any CPU
		{D24BAD9A-329F-4D25-9419-F4DF45B4FFBE}.Release|x64.Build.0 = Release|Any CPU
		{D24BAD9A-329F-4D25-9419-F4DF45B4FFBE}.Release|x86.ActiveCfg = Release|Any CPU
		{D24BAD9A-329F-4D25-9419-F4DF45B4FFBE}.Release|x86.Build.0 = Release|Any CPU
		{A9CB5136-BD4F-40B7-8CAC-7A5B6070A655}.Ad-Hoc|Any CPU.ActiveCfg = Release|Any CPU
		{A9CB5136-BD4F-40B7-8CAC-7A5B6070A655}.Ad-Hoc|Any CPU.Build.0 = Release|Any CPU
		{A9CB5136-BD4F-40B7-8CAC-7A5B6070A655}.Ad-Hoc|ARM.ActiveCfg = Release|Any CPU
		{A9CB5136-BD4F-40B7-8CAC-7A5B6070A655}.Ad-Hoc|ARM.Build.0 = Release|Any CPU
		{A9CB5136-BD4F-40B7-8CAC-7A5B6070A655}.Ad-Hoc|iPhone.ActiveCfg = Release|Any CPU
		{A9CB5136-BD4F-40B7-8CAC-7A5B6070A655}.Ad-Hoc|iPhone.Build.0 = Release|Any CPU
		{A9CB5136-BD4F-40B7-8CAC-7A5B6070A655}.Ad-Hoc|iPhoneSimulator.ActiveCfg = Release|Any CPU
		{A9CB5136-BD4F-40B7-8CAC-7A5B6070A655}.Ad-Hoc|iPhoneSimulator.Build.0 = Release|Any CPU
		{A9CB5136-BD4F-40B7-8CAC-7A5B6070A655}.Ad-Hoc|x64.ActiveCfg = Release|Any CPU
		{A9CB5136-BD4F-40B7-8CAC-7A5B6070A655}.Ad-Hoc|x64.Build.0 = Release|Any CPU
		{A9CB5136-BD4F-40B7-8CAC-7A5B6070A655}.Ad-Hoc|x86.ActiveCfg = Release|Any CPU
		{A9CB5136-BD4F-40B7-8CAC-7A5B6070A655}.Ad-Hoc|x86.Build.0 = Release|Any CPU
		{A9CB5136-BD4F-40B7-8CAC-7A5B6070A655}.AppStore|Any CPU.ActiveCfg = Release|Any CPU
		{A9CB5136-BD4F-40B7-8CAC-7A5B6070A655}.AppStore|Any CPU.Build.0 = Release|Any CPU
		{A9CB5136-BD4F-40B7-8CAC-7A5B6070A655}.AppStore|ARM.ActiveCfg = Release|Any CPU
		{A9CB5136-BD4F-40B7-8CAC-7A5B6070A655}.AppStore|ARM.Build.0 = Release|Any CPU
		{A9CB5136-BD4F-40B7-8CAC-7A5B6070A655}.AppStore|iPhone.ActiveCfg = Release|Any CPU
		{A9CB5136-BD4F-40B7-8CAC-7A5B6070A655}.AppStore|iPhone.Build.0 = Release|Any CPU
		{A9CB5136-BD4F-40B7-8CAC-7A5B6070A655}.AppStore|iPhoneSimulator.ActiveCfg = Release|Any CPU
		{A9CB5136-BD4F-40B7-8CAC-7A5B6070A655}.AppStore|iPhoneSimulator.Build.0 = Release|Any CPU
		{A9CB5136-BD4F-40B7-8CAC-7A5B6070A655}.AppStore|x64.ActiveCfg = Release|Any CPU
		{A9CB5136-BD4F-40B7-8CAC-7A5B6070A655}.AppStore|x64.Build.0 = Release|Any CPU
		{A9CB5136-BD4F-40B7-8CAC-7A5B6070A655}.AppStore|x86.ActiveCfg = Release|Any CPU
		{A9CB5136-BD4F-40B7-8CAC-7A5B6070A655}.AppStore|x86.Build.0 = Release|Any CPU
		{A9CB5136-BD4F-40B7-8CAC-7A5B6070A655}.Debug|Any CPU.ActiveCfg = Debug|Any CPU
		{A9CB5136-BD4F-40B7-8CAC-7A5B6070A655}.Debug|Any CPU.Build.0 = Debug|Any CPU
		{A9CB5136-BD4F-40B7-8CAC-7A5B6070A655}.Debug|ARM.ActiveCfg = Debug|Any CPU
		{A9CB5136-BD4F-40B7-8CAC-7A5B6070A655}.Debug|ARM.Build.0 = Debug|Any CPU
		{A9CB5136-BD4F-40B7-8CAC-7A5B6070A655}.Debug|iPhone.ActiveCfg = Debug|Any CPU
		{A9CB5136-BD4F-40B7-8CAC-7A5B6070A655}.Debug|iPhone.Build.0 = Debug|Any CPU
		{A9CB5136-BD4F-40B7-8CAC-7A5B6070A655}.Debug|iPhoneSimulator.ActiveCfg = Debug|Any CPU
		{A9CB5136-BD4F-40B7-8CAC-7A5B6070A655}.Debug|iPhoneSimulator.Build.0 = Debug|Any CPU
		{A9CB5136-BD4F-40B7-8CAC-7A5B6070A655}.Debug|x64.ActiveCfg = Debug|Any CPU
		{A9CB5136-BD4F-40B7-8CAC-7A5B6070A655}.Debug|x64.Build.0 = Debug|Any CPU
		{A9CB5136-BD4F-40B7-8CAC-7A5B6070A655}.Debug|x86.ActiveCfg = Debug|Any CPU
		{A9CB5136-BD4F-40B7-8CAC-7A5B6070A655}.Debug|x86.Build.0 = Debug|Any CPU
		{A9CB5136-BD4F-40B7-8CAC-7A5B6070A655}.Release|Any CPU.ActiveCfg = Release|Any CPU
		{A9CB5136-BD4F-40B7-8CAC-7A5B6070A655}.Release|Any CPU.Build.0 = Release|Any CPU
		{A9CB5136-BD4F-40B7-8CAC-7A5B6070A655}.Release|ARM.ActiveCfg = Release|Any CPU
		{A9CB5136-BD4F-40B7-8CAC-7A5B6070A655}.Release|ARM.Build.0 = Release|Any CPU
		{A9CB5136-BD4F-40B7-8CAC-7A5B6070A655}.Release|iPhone.ActiveCfg = Release|Any CPU
		{A9CB5136-BD4F-40B7-8CAC-7A5B6070A655}.Release|iPhone.Build.0 = Release|Any CPU
		{A9CB5136-BD4F-40B7-8CAC-7A5B6070A655}.Release|iPhoneSimulator.ActiveCfg = Release|Any CPU
		{A9CB5136-BD4F-40B7-8CAC-7A5B6070A655}.Release|iPhoneSimulator.Build.0 = Release|Any CPU
		{A9CB5136-BD4F-40B7-8CAC-7A5B6070A655}.Release|x64.ActiveCfg = Release|Any CPU
		{A9CB5136-BD4F-40B7-8CAC-7A5B6070A655}.Release|x64.Build.0 = Release|Any CPU
		{A9CB5136-BD4F-40B7-8CAC-7A5B6070A655}.Release|x86.ActiveCfg = Release|Any CPU
		{A9CB5136-BD4F-40B7-8CAC-7A5B6070A655}.Release|x86.Build.0 = Release|Any CPU
		{69CE74B5-F5EE-4057-A342-96533DAA7D9A}.Ad-Hoc|Any CPU.ActiveCfg = Release|Any CPU
		{69CE74B5-F5EE-4057-A342-96533DAA7D9A}.Ad-Hoc|Any CPU.Build.0 = Release|Any CPU
		{69CE74B5-F5EE-4057-A342-96533DAA7D9A}.Ad-Hoc|ARM.ActiveCfg = Release|Any CPU
		{69CE74B5-F5EE-4057-A342-96533DAA7D9A}.Ad-Hoc|ARM.Build.0 = Release|Any CPU
		{69CE74B5-F5EE-4057-A342-96533DAA7D9A}.Ad-Hoc|iPhone.ActiveCfg = Release|Any CPU
		{69CE74B5-F5EE-4057-A342-96533DAA7D9A}.Ad-Hoc|iPhone.Build.0 = Release|Any CPU
		{69CE74B5-F5EE-4057-A342-96533DAA7D9A}.Ad-Hoc|iPhoneSimulator.ActiveCfg = Release|Any CPU
		{69CE74B5-F5EE-4057-A342-96533DAA7D9A}.Ad-Hoc|iPhoneSimulator.Build.0 = Release|Any CPU
		{69CE74B5-F5EE-4057-A342-96533DAA7D9A}.Ad-Hoc|x64.ActiveCfg = Release|Any CPU
		{69CE74B5-F5EE-4057-A342-96533DAA7D9A}.Ad-Hoc|x64.Build.0 = Release|Any CPU
		{69CE74B5-F5EE-4057-A342-96533DAA7D9A}.Ad-Hoc|x86.ActiveCfg = Release|Any CPU
		{69CE74B5-F5EE-4057-A342-96533DAA7D9A}.Ad-Hoc|x86.Build.0 = Release|Any CPU
		{69CE74B5-F5EE-4057-A342-96533DAA7D9A}.AppStore|Any CPU.ActiveCfg = Release|Any CPU
		{69CE74B5-F5EE-4057-A342-96533DAA7D9A}.AppStore|Any CPU.Build.0 = Release|Any CPU
		{69CE74B5-F5EE-4057-A342-96533DAA7D9A}.AppStore|ARM.ActiveCfg = Release|Any CPU
		{69CE74B5-F5EE-4057-A342-96533DAA7D9A}.AppStore|ARM.Build.0 = Release|Any CPU
		{69CE74B5-F5EE-4057-A342-96533DAA7D9A}.AppStore|iPhone.ActiveCfg = Release|Any CPU
		{69CE74B5-F5EE-4057-A342-96533DAA7D9A}.AppStore|iPhone.Build.0 = Release|Any CPU
		{69CE74B5-F5EE-4057-A342-96533DAA7D9A}.AppStore|iPhoneSimulator.ActiveCfg = Release|Any CPU
		{69CE74B5-F5EE-4057-A342-96533DAA7D9A}.AppStore|iPhoneSimulator.Build.0 = Release|Any CPU
		{69CE74B5-F5EE-4057-A342-96533DAA7D9A}.AppStore|x64.ActiveCfg = Release|Any CPU
		{69CE74B5-F5EE-4057-A342-96533DAA7D9A}.AppStore|x64.Build.0 = Release|Any CPU
		{69CE74B5-F5EE-4057-A342-96533DAA7D9A}.AppStore|x86.ActiveCfg = Release|Any CPU
		{69CE74B5-F5EE-4057-A342-96533DAA7D9A}.AppStore|x86.Build.0 = Release|Any CPU
		{69CE74B5-F5EE-4057-A342-96533DAA7D9A}.Debug|Any CPU.ActiveCfg = Debug|Any CPU
		{69CE74B5-F5EE-4057-A342-96533DAA7D9A}.Debug|Any CPU.Build.0 = Debug|Any CPU
		{69CE74B5-F5EE-4057-A342-96533DAA7D9A}.Debug|ARM.ActiveCfg = Debug|Any CPU
		{69CE74B5-F5EE-4057-A342-96533DAA7D9A}.Debug|ARM.Build.0 = Debug|Any CPU
		{69CE74B5-F5EE-4057-A342-96533DAA7D9A}.Debug|iPhone.ActiveCfg = Debug|Any CPU
		{69CE74B5-F5EE-4057-A342-96533DAA7D9A}.Debug|iPhone.Build.0 = Debug|Any CPU
		{69CE74B5-F5EE-4057-A342-96533DAA7D9A}.Debug|iPhoneSimulator.ActiveCfg = Debug|Any CPU
		{69CE74B5-F5EE-4057-A342-96533DAA7D9A}.Debug|iPhoneSimulator.Build.0 = Debug|Any CPU
		{69CE74B5-F5EE-4057-A342-96533DAA7D9A}.Debug|x64.ActiveCfg = Debug|Any CPU
		{69CE74B5-F5EE-4057-A342-96533DAA7D9A}.Debug|x64.Build.0 = Debug|Any CPU
		{69CE74B5-F5EE-4057-A342-96533DAA7D9A}.Debug|x86.ActiveCfg = Debug|Any CPU
		{69CE74B5-F5EE-4057-A342-96533DAA7D9A}.Debug|x86.Build.0 = Debug|Any CPU
		{69CE74B5-F5EE-4057-A342-96533DAA7D9A}.Release|Any CPU.ActiveCfg = Release|Any CPU
		{69CE74B5-F5EE-4057-A342-96533DAA7D9A}.Release|Any CPU.Build.0 = Release|Any CPU
		{69CE74B5-F5EE-4057-A342-96533DAA7D9A}.Release|ARM.ActiveCfg = Release|Any CPU
		{69CE74B5-F5EE-4057-A342-96533DAA7D9A}.Release|ARM.Build.0 = Release|Any CPU
		{69CE74B5-F5EE-4057-A342-96533DAA7D9A}.Release|iPhone.ActiveCfg = Release|Any CPU
		{69CE74B5-F5EE-4057-A342-96533DAA7D9A}.Release|iPhone.Build.0 = Release|Any CPU
		{69CE74B5-F5EE-4057-A342-96533DAA7D9A}.Release|iPhoneSimulator.ActiveCfg = Release|Any CPU
		{69CE74B5-F5EE-4057-A342-96533DAA7D9A}.Release|iPhoneSimulator.Build.0 = Release|Any CPU
		{69CE74B5-F5EE-4057-A342-96533DAA7D9A}.Release|x64.ActiveCfg = Release|Any CPU
		{69CE74B5-F5EE-4057-A342-96533DAA7D9A}.Release|x64.Build.0 = Release|Any CPU
		{69CE74B5-F5EE-4057-A342-96533DAA7D9A}.Release|x86.ActiveCfg = Release|Any CPU
		{69CE74B5-F5EE-4057-A342-96533DAA7D9A}.Release|x86.Build.0 = Release|Any CPU
		{8ED6DE06-A34B-4775-BCB2-1655C36649CC}.Ad-Hoc|Any CPU.ActiveCfg = Debug|Any CPU
		{8ED6DE06-A34B-4775-BCB2-1655C36649CC}.Ad-Hoc|Any CPU.Build.0 = Debug|Any CPU
		{8ED6DE06-A34B-4775-BCB2-1655C36649CC}.Ad-Hoc|ARM.ActiveCfg = Debug|Any CPU
		{8ED6DE06-A34B-4775-BCB2-1655C36649CC}.Ad-Hoc|ARM.Build.0 = Debug|Any CPU
		{8ED6DE06-A34B-4775-BCB2-1655C36649CC}.Ad-Hoc|iPhone.ActiveCfg = Debug|Any CPU
		{8ED6DE06-A34B-4775-BCB2-1655C36649CC}.Ad-Hoc|iPhone.Build.0 = Debug|Any CPU
		{8ED6DE06-A34B-4775-BCB2-1655C36649CC}.Ad-Hoc|iPhoneSimulator.ActiveCfg = Debug|Any CPU
		{8ED6DE06-A34B-4775-BCB2-1655C36649CC}.Ad-Hoc|iPhoneSimulator.Build.0 = Debug|Any CPU
		{8ED6DE06-A34B-4775-BCB2-1655C36649CC}.Ad-Hoc|x64.ActiveCfg = Debug|Any CPU
		{8ED6DE06-A34B-4775-BCB2-1655C36649CC}.Ad-Hoc|x64.Build.0 = Debug|Any CPU
		{8ED6DE06-A34B-4775-BCB2-1655C36649CC}.Ad-Hoc|x86.ActiveCfg = Debug|Any CPU
		{8ED6DE06-A34B-4775-BCB2-1655C36649CC}.Ad-Hoc|x86.Build.0 = Debug|Any CPU
		{8ED6DE06-A34B-4775-BCB2-1655C36649CC}.AppStore|Any CPU.ActiveCfg = Debug|Any CPU
		{8ED6DE06-A34B-4775-BCB2-1655C36649CC}.AppStore|Any CPU.Build.0 = Debug|Any CPU
		{8ED6DE06-A34B-4775-BCB2-1655C36649CC}.AppStore|ARM.ActiveCfg = Debug|Any CPU
		{8ED6DE06-A34B-4775-BCB2-1655C36649CC}.AppStore|ARM.Build.0 = Debug|Any CPU
		{8ED6DE06-A34B-4775-BCB2-1655C36649CC}.AppStore|iPhone.ActiveCfg = Debug|Any CPU
		{8ED6DE06-A34B-4775-BCB2-1655C36649CC}.AppStore|iPhone.Build.0 = Debug|Any CPU
		{8ED6DE06-A34B-4775-BCB2-1655C36649CC}.AppStore|iPhoneSimulator.ActiveCfg = Debug|Any CPU
		{8ED6DE06-A34B-4775-BCB2-1655C36649CC}.AppStore|iPhoneSimulator.Build.0 = Debug|Any CPU
		{8ED6DE06-A34B-4775-BCB2-1655C36649CC}.AppStore|x64.ActiveCfg = Debug|Any CPU
		{8ED6DE06-A34B-4775-BCB2-1655C36649CC}.AppStore|x64.Build.0 = Debug|Any CPU
		{8ED6DE06-A34B-4775-BCB2-1655C36649CC}.AppStore|x86.ActiveCfg = Debug|Any CPU
		{8ED6DE06-A34B-4775-BCB2-1655C36649CC}.AppStore|x86.Build.0 = Debug|Any CPU
		{8ED6DE06-A34B-4775-BCB2-1655C36649CC}.Debug|Any CPU.ActiveCfg = Debug|Any CPU
		{8ED6DE06-A34B-4775-BCB2-1655C36649CC}.Debug|Any CPU.Build.0 = Debug|Any CPU
		{8ED6DE06-A34B-4775-BCB2-1655C36649CC}.Debug|ARM.ActiveCfg = Debug|Any CPU
		{8ED6DE06-A34B-4775-BCB2-1655C36649CC}.Debug|ARM.Build.0 = Debug|Any CPU
		{8ED6DE06-A34B-4775-BCB2-1655C36649CC}.Debug|iPhone.ActiveCfg = Debug|Any CPU
		{8ED6DE06-A34B-4775-BCB2-1655C36649CC}.Debug|iPhone.Build.0 = Debug|Any CPU
		{8ED6DE06-A34B-4775-BCB2-1655C36649CC}.Debug|iPhoneSimulator.ActiveCfg = Debug|Any CPU
		{8ED6DE06-A34B-4775-BCB2-1655C36649CC}.Debug|iPhoneSimulator.Build.0 = Debug|Any CPU
		{8ED6DE06-A34B-4775-BCB2-1655C36649CC}.Debug|x64.ActiveCfg = Debug|Any CPU
		{8ED6DE06-A34B-4775-BCB2-1655C36649CC}.Debug|x64.Build.0 = Debug|Any CPU
		{8ED6DE06-A34B-4775-BCB2-1655C36649CC}.Debug|x86.ActiveCfg = Debug|Any CPU
		{8ED6DE06-A34B-4775-BCB2-1655C36649CC}.Debug|x86.Build.0 = Debug|Any CPU
		{8ED6DE06-A34B-4775-BCB2-1655C36649CC}.Release|Any CPU.ActiveCfg = Release|Any CPU
		{8ED6DE06-A34B-4775-BCB2-1655C36649CC}.Release|Any CPU.Build.0 = Release|Any CPU
		{8ED6DE06-A34B-4775-BCB2-1655C36649CC}.Release|ARM.ActiveCfg = Release|Any CPU
		{8ED6DE06-A34B-4775-BCB2-1655C36649CC}.Release|ARM.Build.0 = Release|Any CPU
		{8ED6DE06-A34B-4775-BCB2-1655C36649CC}.Release|iPhone.ActiveCfg = Release|Any CPU
		{8ED6DE06-A34B-4775-BCB2-1655C36649CC}.Release|iPhone.Build.0 = Release|Any CPU
		{8ED6DE06-A34B-4775-BCB2-1655C36649CC}.Release|iPhoneSimulator.ActiveCfg = Release|Any CPU
		{8ED6DE06-A34B-4775-BCB2-1655C36649CC}.Release|iPhoneSimulator.Build.0 = Release|Any CPU
		{8ED6DE06-A34B-4775-BCB2-1655C36649CC}.Release|x64.ActiveCfg = Release|Any CPU
		{8ED6DE06-A34B-4775-BCB2-1655C36649CC}.Release|x64.Build.0 = Release|Any CPU
		{8ED6DE06-A34B-4775-BCB2-1655C36649CC}.Release|x86.ActiveCfg = Release|Any CPU
		{8ED6DE06-A34B-4775-BCB2-1655C36649CC}.Release|x86.Build.0 = Release|Any CPU
		{FA89013F-7726-425F-8B59-04DF27F088B3}.Ad-Hoc|Any CPU.ActiveCfg = Debug|Any CPU
		{FA89013F-7726-425F-8B59-04DF27F088B3}.Ad-Hoc|Any CPU.Build.0 = Debug|Any CPU
		{FA89013F-7726-425F-8B59-04DF27F088B3}.Ad-Hoc|ARM.ActiveCfg = Debug|Any CPU
		{FA89013F-7726-425F-8B59-04DF27F088B3}.Ad-Hoc|ARM.Build.0 = Debug|Any CPU
		{FA89013F-7726-425F-8B59-04DF27F088B3}.Ad-Hoc|iPhone.ActiveCfg = Debug|Any CPU
		{FA89013F-7726-425F-8B59-04DF27F088B3}.Ad-Hoc|iPhone.Build.0 = Debug|Any CPU
		{FA89013F-7726-425F-8B59-04DF27F088B3}.Ad-Hoc|iPhoneSimulator.ActiveCfg = Debug|Any CPU
		{FA89013F-7726-425F-8B59-04DF27F088B3}.Ad-Hoc|iPhoneSimulator.Build.0 = Debug|Any CPU
		{FA89013F-7726-425F-8B59-04DF27F088B3}.Ad-Hoc|x64.ActiveCfg = Debug|Any CPU
		{FA89013F-7726-425F-8B59-04DF27F088B3}.Ad-Hoc|x64.Build.0 = Debug|Any CPU
		{FA89013F-7726-425F-8B59-04DF27F088B3}.Ad-Hoc|x86.ActiveCfg = Debug|Any CPU
		{FA89013F-7726-425F-8B59-04DF27F088B3}.Ad-Hoc|x86.Build.0 = Debug|Any CPU
		{FA89013F-7726-425F-8B59-04DF27F088B3}.AppStore|Any CPU.ActiveCfg = Debug|Any CPU
		{FA89013F-7726-425F-8B59-04DF27F088B3}.AppStore|Any CPU.Build.0 = Debug|Any CPU
		{FA89013F-7726-425F-8B59-04DF27F088B3}.AppStore|ARM.ActiveCfg = Debug|Any CPU
		{FA89013F-7726-425F-8B59-04DF27F088B3}.AppStore|ARM.Build.0 = Debug|Any CPU
		{FA89013F-7726-425F-8B59-04DF27F088B3}.AppStore|iPhone.ActiveCfg = Debug|Any CPU
		{FA89013F-7726-425F-8B59-04DF27F088B3}.AppStore|iPhone.Build.0 = Debug|Any CPU
		{FA89013F-7726-425F-8B59-04DF27F088B3}.AppStore|iPhoneSimulator.ActiveCfg = Debug|Any CPU
		{FA89013F-7726-425F-8B59-04DF27F088B3}.AppStore|iPhoneSimulator.Build.0 = Debug|Any CPU
		{FA89013F-7726-425F-8B59-04DF27F088B3}.AppStore|x64.ActiveCfg = Debug|Any CPU
		{FA89013F-7726-425F-8B59-04DF27F088B3}.AppStore|x64.Build.0 = Debug|Any CPU
		{FA89013F-7726-425F-8B59-04DF27F088B3}.AppStore|x86.ActiveCfg = Debug|Any CPU
		{FA89013F-7726-425F-8B59-04DF27F088B3}.AppStore|x86.Build.0 = Debug|Any CPU
		{FA89013F-7726-425F-8B59-04DF27F088B3}.Debug|Any CPU.ActiveCfg = Debug|Any CPU
		{FA89013F-7726-425F-8B59-04DF27F088B3}.Debug|Any CPU.Build.0 = Debug|Any CPU
		{FA89013F-7726-425F-8B59-04DF27F088B3}.Debug|ARM.ActiveCfg = Debug|Any CPU
		{FA89013F-7726-425F-8B59-04DF27F088B3}.Debug|ARM.Build.0 = Debug|Any CPU
		{FA89013F-7726-425F-8B59-04DF27F088B3}.Debug|iPhone.ActiveCfg = Debug|Any CPU
		{FA89013F-7726-425F-8B59-04DF27F088B3}.Debug|iPhone.Build.0 = Debug|Any CPU
		{FA89013F-7726-425F-8B59-04DF27F088B3}.Debug|iPhoneSimulator.ActiveCfg = Debug|Any CPU
		{FA89013F-7726-425F-8B59-04DF27F088B3}.Debug|iPhoneSimulator.Build.0 = Debug|Any CPU
		{FA89013F-7726-425F-8B59-04DF27F088B3}.Debug|x64.ActiveCfg = Debug|Any CPU
		{FA89013F-7726-425F-8B59-04DF27F088B3}.Debug|x64.Build.0 = Debug|Any CPU
		{FA89013F-7726-425F-8B59-04DF27F088B3}.Debug|x86.ActiveCfg = Debug|Any CPU
		{FA89013F-7726-425F-8B59-04DF27F088B3}.Debug|x86.Build.0 = Debug|Any CPU
		{FA89013F-7726-425F-8B59-04DF27F088B3}.Release|Any CPU.ActiveCfg = Release|Any CPU
		{FA89013F-7726-425F-8B59-04DF27F088B3}.Release|Any CPU.Build.0 = Release|Any CPU
		{FA89013F-7726-425F-8B59-04DF27F088B3}.Release|ARM.ActiveCfg = Release|Any CPU
		{FA89013F-7726-425F-8B59-04DF27F088B3}.Release|ARM.Build.0 = Release|Any CPU
		{FA89013F-7726-425F-8B59-04DF27F088B3}.Release|iPhone.ActiveCfg = Release|Any CPU
		{FA89013F-7726-425F-8B59-04DF27F088B3}.Release|iPhone.Build.0 = Release|Any CPU
		{FA89013F-7726-425F-8B59-04DF27F088B3}.Release|iPhoneSimulator.ActiveCfg = Release|Any CPU
		{FA89013F-7726-425F-8B59-04DF27F088B3}.Release|iPhoneSimulator.Build.0 = Release|Any CPU
		{FA89013F-7726-425F-8B59-04DF27F088B3}.Release|x64.ActiveCfg = Release|Any CPU
		{FA89013F-7726-425F-8B59-04DF27F088B3}.Release|x64.Build.0 = Release|Any CPU
		{FA89013F-7726-425F-8B59-04DF27F088B3}.Release|x86.ActiveCfg = Release|Any CPU
		{FA89013F-7726-425F-8B59-04DF27F088B3}.Release|x86.Build.0 = Release|Any CPU
		{68BCBE25-015B-4EDC-8F73-D585DD2D5A47}.Ad-Hoc|Any CPU.ActiveCfg = Debug|Any CPU
		{68BCBE25-015B-4EDC-8F73-D585DD2D5A47}.Ad-Hoc|Any CPU.Build.0 = Debug|Any CPU
		{68BCBE25-015B-4EDC-8F73-D585DD2D5A47}.Ad-Hoc|ARM.ActiveCfg = Debug|Any CPU
		{68BCBE25-015B-4EDC-8F73-D585DD2D5A47}.Ad-Hoc|ARM.Build.0 = Debug|Any CPU
		{68BCBE25-015B-4EDC-8F73-D585DD2D5A47}.Ad-Hoc|iPhone.ActiveCfg = Debug|Any CPU
		{68BCBE25-015B-4EDC-8F73-D585DD2D5A47}.Ad-Hoc|iPhone.Build.0 = Debug|Any CPU
		{68BCBE25-015B-4EDC-8F73-D585DD2D5A47}.Ad-Hoc|iPhoneSimulator.ActiveCfg = Debug|Any CPU
		{68BCBE25-015B-4EDC-8F73-D585DD2D5A47}.Ad-Hoc|iPhoneSimulator.Build.0 = Debug|Any CPU
		{68BCBE25-015B-4EDC-8F73-D585DD2D5A47}.Ad-Hoc|x64.ActiveCfg = Debug|Any CPU
		{68BCBE25-015B-4EDC-8F73-D585DD2D5A47}.Ad-Hoc|x64.Build.0 = Debug|Any CPU
		{68BCBE25-015B-4EDC-8F73-D585DD2D5A47}.Ad-Hoc|x86.ActiveCfg = Debug|Any CPU
		{68BCBE25-015B-4EDC-8F73-D585DD2D5A47}.Ad-Hoc|x86.Build.0 = Debug|Any CPU
		{68BCBE25-015B-4EDC-8F73-D585DD2D5A47}.AppStore|Any CPU.ActiveCfg = Debug|Any CPU
		{68BCBE25-015B-4EDC-8F73-D585DD2D5A47}.AppStore|Any CPU.Build.0 = Debug|Any CPU
		{68BCBE25-015B-4EDC-8F73-D585DD2D5A47}.AppStore|ARM.ActiveCfg = Debug|Any CPU
		{68BCBE25-015B-4EDC-8F73-D585DD2D5A47}.AppStore|ARM.Build.0 = Debug|Any CPU
		{68BCBE25-015B-4EDC-8F73-D585DD2D5A47}.AppStore|iPhone.ActiveCfg = Debug|Any CPU
		{68BCBE25-015B-4EDC-8F73-D585DD2D5A47}.AppStore|iPhone.Build.0 = Debug|Any CPU
		{68BCBE25-015B-4EDC-8F73-D585DD2D5A47}.AppStore|iPhoneSimulator.ActiveCfg = Debug|Any CPU
		{68BCBE25-015B-4EDC-8F73-D585DD2D5A47}.AppStore|iPhoneSimulator.Build.0 = Debug|Any CPU
		{68BCBE25-015B-4EDC-8F73-D585DD2D5A47}.AppStore|x64.ActiveCfg = Debug|Any CPU
		{68BCBE25-015B-4EDC-8F73-D585DD2D5A47}.AppStore|x64.Build.0 = Debug|Any CPU
		{68BCBE25-015B-4EDC-8F73-D585DD2D5A47}.AppStore|x86.ActiveCfg = Debug|Any CPU
		{68BCBE25-015B-4EDC-8F73-D585DD2D5A47}.AppStore|x86.Build.0 = Debug|Any CPU
		{68BCBE25-015B-4EDC-8F73-D585DD2D5A47}.Debug|Any CPU.ActiveCfg = Debug|Any CPU
		{68BCBE25-015B-4EDC-8F73-D585DD2D5A47}.Debug|Any CPU.Build.0 = Debug|Any CPU
		{68BCBE25-015B-4EDC-8F73-D585DD2D5A47}.Debug|ARM.ActiveCfg = Debug|Any CPU
		{68BCBE25-015B-4EDC-8F73-D585DD2D5A47}.Debug|ARM.Build.0 = Debug|Any CPU
		{68BCBE25-015B-4EDC-8F73-D585DD2D5A47}.Debug|iPhone.ActiveCfg = Debug|Any CPU
		{68BCBE25-015B-4EDC-8F73-D585DD2D5A47}.Debug|iPhone.Build.0 = Debug|Any CPU
		{68BCBE25-015B-4EDC-8F73-D585DD2D5A47}.Debug|iPhoneSimulator.ActiveCfg = Debug|Any CPU
		{68BCBE25-015B-4EDC-8F73-D585DD2D5A47}.Debug|iPhoneSimulator.Build.0 = Debug|Any CPU
		{68BCBE25-015B-4EDC-8F73-D585DD2D5A47}.Debug|x64.ActiveCfg = Debug|Any CPU
		{68BCBE25-015B-4EDC-8F73-D585DD2D5A47}.Debug|x64.Build.0 = Debug|Any CPU
		{68BCBE25-015B-4EDC-8F73-D585DD2D5A47}.Debug|x86.ActiveCfg = Debug|Any CPU
		{68BCBE25-015B-4EDC-8F73-D585DD2D5A47}.Debug|x86.Build.0 = Debug|Any CPU
		{68BCBE25-015B-4EDC-8F73-D585DD2D5A47}.Release|Any CPU.ActiveCfg = Release|Any CPU
		{68BCBE25-015B-4EDC-8F73-D585DD2D5A47}.Release|Any CPU.Build.0 = Release|Any CPU
		{68BCBE25-015B-4EDC-8F73-D585DD2D5A47}.Release|ARM.ActiveCfg = Release|Any CPU
		{68BCBE25-015B-4EDC-8F73-D585DD2D5A47}.Release|ARM.Build.0 = Release|Any CPU
		{68BCBE25-015B-4EDC-8F73-D585DD2D5A47}.Release|iPhone.ActiveCfg = Release|Any CPU
		{68BCBE25-015B-4EDC-8F73-D585DD2D5A47}.Release|iPhone.Build.0 = Release|Any CPU
		{68BCBE25-015B-4EDC-8F73-D585DD2D5A47}.Release|iPhoneSimulator.ActiveCfg = Release|Any CPU
		{68BCBE25-015B-4EDC-8F73-D585DD2D5A47}.Release|iPhoneSimulator.Build.0 = Release|Any CPU
		{68BCBE25-015B-4EDC-8F73-D585DD2D5A47}.Release|x64.ActiveCfg = Release|Any CPU
		{68BCBE25-015B-4EDC-8F73-D585DD2D5A47}.Release|x64.Build.0 = Release|Any CPU
		{68BCBE25-015B-4EDC-8F73-D585DD2D5A47}.Release|x86.ActiveCfg = Release|Any CPU
		{68BCBE25-015B-4EDC-8F73-D585DD2D5A47}.Release|x86.Build.0 = Release|Any CPU
		{54BD0946-DD34-43B2-A375-1E27B2202A0A}.Ad-Hoc|Any CPU.ActiveCfg = Debug|Any CPU
		{54BD0946-DD34-43B2-A375-1E27B2202A0A}.Ad-Hoc|Any CPU.Build.0 = Debug|Any CPU
		{54BD0946-DD34-43B2-A375-1E27B2202A0A}.Ad-Hoc|ARM.ActiveCfg = Debug|Any CPU
		{54BD0946-DD34-43B2-A375-1E27B2202A0A}.Ad-Hoc|ARM.Build.0 = Debug|Any CPU
		{54BD0946-DD34-43B2-A375-1E27B2202A0A}.Ad-Hoc|iPhone.ActiveCfg = Debug|Any CPU
		{54BD0946-DD34-43B2-A375-1E27B2202A0A}.Ad-Hoc|iPhone.Build.0 = Debug|Any CPU
		{54BD0946-DD34-43B2-A375-1E27B2202A0A}.Ad-Hoc|iPhoneSimulator.ActiveCfg = Debug|Any CPU
		{54BD0946-DD34-43B2-A375-1E27B2202A0A}.Ad-Hoc|iPhoneSimulator.Build.0 = Debug|Any CPU
		{54BD0946-DD34-43B2-A375-1E27B2202A0A}.Ad-Hoc|x64.ActiveCfg = Debug|Any CPU
		{54BD0946-DD34-43B2-A375-1E27B2202A0A}.Ad-Hoc|x64.Build.0 = Debug|Any CPU
		{54BD0946-DD34-43B2-A375-1E27B2202A0A}.Ad-Hoc|x86.ActiveCfg = Debug|Any CPU
		{54BD0946-DD34-43B2-A375-1E27B2202A0A}.Ad-Hoc|x86.Build.0 = Debug|Any CPU
		{54BD0946-DD34-43B2-A375-1E27B2202A0A}.AppStore|Any CPU.ActiveCfg = Debug|Any CPU
		{54BD0946-DD34-43B2-A375-1E27B2202A0A}.AppStore|Any CPU.Build.0 = Debug|Any CPU
		{54BD0946-DD34-43B2-A375-1E27B2202A0A}.AppStore|ARM.ActiveCfg = Debug|Any CPU
		{54BD0946-DD34-43B2-A375-1E27B2202A0A}.AppStore|ARM.Build.0 = Debug|Any CPU
		{54BD0946-DD34-43B2-A375-1E27B2202A0A}.AppStore|iPhone.ActiveCfg = Debug|Any CPU
		{54BD0946-DD34-43B2-A375-1E27B2202A0A}.AppStore|iPhone.Build.0 = Debug|Any CPU
		{54BD0946-DD34-43B2-A375-1E27B2202A0A}.AppStore|iPhoneSimulator.ActiveCfg = Debug|Any CPU
		{54BD0946-DD34-43B2-A375-1E27B2202A0A}.AppStore|iPhoneSimulator.Build.0 = Debug|Any CPU
		{54BD0946-DD34-43B2-A375-1E27B2202A0A}.AppStore|x64.ActiveCfg = Debug|Any CPU
		{54BD0946-DD34-43B2-A375-1E27B2202A0A}.AppStore|x64.Build.0 = Debug|Any CPU
		{54BD0946-DD34-43B2-A375-1E27B2202A0A}.AppStore|x86.ActiveCfg = Debug|Any CPU
		{54BD0946-DD34-43B2-A375-1E27B2202A0A}.AppStore|x86.Build.0 = Debug|Any CPU
		{54BD0946-DD34-43B2-A375-1E27B2202A0A}.Debug|Any CPU.ActiveCfg = Debug|Any CPU
		{54BD0946-DD34-43B2-A375-1E27B2202A0A}.Debug|Any CPU.Build.0 = Debug|Any CPU
		{54BD0946-DD34-43B2-A375-1E27B2202A0A}.Debug|ARM.ActiveCfg = Debug|Any CPU
		{54BD0946-DD34-43B2-A375-1E27B2202A0A}.Debug|ARM.Build.0 = Debug|Any CPU
		{54BD0946-DD34-43B2-A375-1E27B2202A0A}.Debug|iPhone.ActiveCfg = Debug|Any CPU
		{54BD0946-DD34-43B2-A375-1E27B2202A0A}.Debug|iPhone.Build.0 = Debug|Any CPU
		{54BD0946-DD34-43B2-A375-1E27B2202A0A}.Debug|iPhoneSimulator.ActiveCfg = Debug|Any CPU
		{54BD0946-DD34-43B2-A375-1E27B2202A0A}.Debug|iPhoneSimulator.Build.0 = Debug|Any CPU
		{54BD0946-DD34-43B2-A375-1E27B2202A0A}.Debug|x64.ActiveCfg = Debug|Any CPU
		{54BD0946-DD34-43B2-A375-1E27B2202A0A}.Debug|x64.Build.0 = Debug|Any CPU
		{54BD0946-DD34-43B2-A375-1E27B2202A0A}.Debug|x86.ActiveCfg = Debug|Any CPU
		{54BD0946-DD34-43B2-A375-1E27B2202A0A}.Debug|x86.Build.0 = Debug|Any CPU
		{54BD0946-DD34-43B2-A375-1E27B2202A0A}.Release|Any CPU.ActiveCfg = Release|Any CPU
		{54BD0946-DD34-43B2-A375-1E27B2202A0A}.Release|Any CPU.Build.0 = Release|Any CPU
		{54BD0946-DD34-43B2-A375-1E27B2202A0A}.Release|ARM.ActiveCfg = Release|Any CPU
		{54BD0946-DD34-43B2-A375-1E27B2202A0A}.Release|ARM.Build.0 = Release|Any CPU
		{54BD0946-DD34-43B2-A375-1E27B2202A0A}.Release|iPhone.ActiveCfg = Release|Any CPU
		{54BD0946-DD34-43B2-A375-1E27B2202A0A}.Release|iPhone.Build.0 = Release|Any CPU
		{54BD0946-DD34-43B2-A375-1E27B2202A0A}.Release|iPhoneSimulator.ActiveCfg = Release|Any CPU
		{54BD0946-DD34-43B2-A375-1E27B2202A0A}.Release|iPhoneSimulator.Build.0 = Release|Any CPU
		{54BD0946-DD34-43B2-A375-1E27B2202A0A}.Release|x64.ActiveCfg = Release|Any CPU
		{54BD0946-DD34-43B2-A375-1E27B2202A0A}.Release|x64.Build.0 = Release|Any CPU
		{54BD0946-DD34-43B2-A375-1E27B2202A0A}.Release|x86.ActiveCfg = Release|Any CPU
		{54BD0946-DD34-43B2-A375-1E27B2202A0A}.Release|x86.Build.0 = Release|Any CPU
		{B03B44BB-12B3-4D5A-B06B-078E8A500A2E}.Ad-Hoc|Any CPU.ActiveCfg = Debug|Any CPU
		{B03B44BB-12B3-4D5A-B06B-078E8A500A2E}.Ad-Hoc|Any CPU.Build.0 = Debug|Any CPU
		{B03B44BB-12B3-4D5A-B06B-078E8A500A2E}.Ad-Hoc|ARM.ActiveCfg = Debug|Any CPU
		{B03B44BB-12B3-4D5A-B06B-078E8A500A2E}.Ad-Hoc|ARM.Build.0 = Debug|Any CPU
		{B03B44BB-12B3-4D5A-B06B-078E8A500A2E}.Ad-Hoc|iPhone.ActiveCfg = Debug|Any CPU
		{B03B44BB-12B3-4D5A-B06B-078E8A500A2E}.Ad-Hoc|iPhone.Build.0 = Debug|Any CPU
		{B03B44BB-12B3-4D5A-B06B-078E8A500A2E}.Ad-Hoc|iPhoneSimulator.ActiveCfg = Debug|Any CPU
		{B03B44BB-12B3-4D5A-B06B-078E8A500A2E}.Ad-Hoc|iPhoneSimulator.Build.0 = Debug|Any CPU
		{B03B44BB-12B3-4D5A-B06B-078E8A500A2E}.Ad-Hoc|x64.ActiveCfg = Debug|Any CPU
		{B03B44BB-12B3-4D5A-B06B-078E8A500A2E}.Ad-Hoc|x64.Build.0 = Debug|Any CPU
		{B03B44BB-12B3-4D5A-B06B-078E8A500A2E}.Ad-Hoc|x86.ActiveCfg = Debug|Any CPU
		{B03B44BB-12B3-4D5A-B06B-078E8A500A2E}.Ad-Hoc|x86.Build.0 = Debug|Any CPU
		{B03B44BB-12B3-4D5A-B06B-078E8A500A2E}.AppStore|Any CPU.ActiveCfg = Debug|Any CPU
		{B03B44BB-12B3-4D5A-B06B-078E8A500A2E}.AppStore|Any CPU.Build.0 = Debug|Any CPU
		{B03B44BB-12B3-4D5A-B06B-078E8A500A2E}.AppStore|ARM.ActiveCfg = Debug|Any CPU
		{B03B44BB-12B3-4D5A-B06B-078E8A500A2E}.AppStore|ARM.Build.0 = Debug|Any CPU
		{B03B44BB-12B3-4D5A-B06B-078E8A500A2E}.AppStore|iPhone.ActiveCfg = Debug|Any CPU
		{B03B44BB-12B3-4D5A-B06B-078E8A500A2E}.AppStore|iPhone.Build.0 = Debug|Any CPU
		{B03B44BB-12B3-4D5A-B06B-078E8A500A2E}.AppStore|iPhoneSimulator.ActiveCfg = Debug|Any CPU
		{B03B44BB-12B3-4D5A-B06B-078E8A500A2E}.AppStore|iPhoneSimulator.Build.0 = Debug|Any CPU
		{B03B44BB-12B3-4D5A-B06B-078E8A500A2E}.AppStore|x64.ActiveCfg = Debug|Any CPU
		{B03B44BB-12B3-4D5A-B06B-078E8A500A2E}.AppStore|x64.Build.0 = Debug|Any CPU
		{B03B44BB-12B3-4D5A-B06B-078E8A500A2E}.AppStore|x86.ActiveCfg = Debug|Any CPU
		{B03B44BB-12B3-4D5A-B06B-078E8A500A2E}.AppStore|x86.Build.0 = Debug|Any CPU
		{B03B44BB-12B3-4D5A-B06B-078E8A500A2E}.Debug|Any CPU.ActiveCfg = Debug|Any CPU
		{B03B44BB-12B3-4D5A-B06B-078E8A500A2E}.Debug|Any CPU.Build.0 = Debug|Any CPU
		{B03B44BB-12B3-4D5A-B06B-078E8A500A2E}.Debug|ARM.ActiveCfg = Debug|Any CPU
		{B03B44BB-12B3-4D5A-B06B-078E8A500A2E}.Debug|ARM.Build.0 = Debug|Any CPU
		{B03B44BB-12B3-4D5A-B06B-078E8A500A2E}.Debug|iPhone.ActiveCfg = Debug|Any CPU
		{B03B44BB-12B3-4D5A-B06B-078E8A500A2E}.Debug|iPhone.Build.0 = Debug|Any CPU
		{B03B44BB-12B3-4D5A-B06B-078E8A500A2E}.Debug|iPhoneSimulator.ActiveCfg = Debug|Any CPU
		{B03B44BB-12B3-4D5A-B06B-078E8A500A2E}.Debug|iPhoneSimulator.Build.0 = Debug|Any CPU
		{B03B44BB-12B3-4D5A-B06B-078E8A500A2E}.Debug|x64.ActiveCfg = Debug|Any CPU
		{B03B44BB-12B3-4D5A-B06B-078E8A500A2E}.Debug|x64.Build.0 = Debug|Any CPU
		{B03B44BB-12B3-4D5A-B06B-078E8A500A2E}.Debug|x86.ActiveCfg = Debug|Any CPU
		{B03B44BB-12B3-4D5A-B06B-078E8A500A2E}.Debug|x86.Build.0 = Debug|Any CPU
		{B03B44BB-12B3-4D5A-B06B-078E8A500A2E}.Release|Any CPU.ActiveCfg = Release|Any CPU
		{B03B44BB-12B3-4D5A-B06B-078E8A500A2E}.Release|Any CPU.Build.0 = Release|Any CPU
		{B03B44BB-12B3-4D5A-B06B-078E8A500A2E}.Release|ARM.ActiveCfg = Release|Any CPU
		{B03B44BB-12B3-4D5A-B06B-078E8A500A2E}.Release|ARM.Build.0 = Release|Any CPU
		{B03B44BB-12B3-4D5A-B06B-078E8A500A2E}.Release|iPhone.ActiveCfg = Release|Any CPU
		{B03B44BB-12B3-4D5A-B06B-078E8A500A2E}.Release|iPhone.Build.0 = Release|Any CPU
		{B03B44BB-12B3-4D5A-B06B-078E8A500A2E}.Release|iPhoneSimulator.ActiveCfg = Release|Any CPU
		{B03B44BB-12B3-4D5A-B06B-078E8A500A2E}.Release|iPhoneSimulator.Build.0 = Release|Any CPU
		{B03B44BB-12B3-4D5A-B06B-078E8A500A2E}.Release|x64.ActiveCfg = Release|Any CPU
		{B03B44BB-12B3-4D5A-B06B-078E8A500A2E}.Release|x64.Build.0 = Release|Any CPU
		{B03B44BB-12B3-4D5A-B06B-078E8A500A2E}.Release|x86.ActiveCfg = Release|Any CPU
		{B03B44BB-12B3-4D5A-B06B-078E8A500A2E}.Release|x86.Build.0 = Release|Any CPU
		{534F5A7F-109D-419D-BAEB-4FD9B986B3AA}.Ad-Hoc|Any CPU.ActiveCfg = Release|Any CPU
		{534F5A7F-109D-419D-BAEB-4FD9B986B3AA}.Ad-Hoc|Any CPU.Build.0 = Release|Any CPU
		{534F5A7F-109D-419D-BAEB-4FD9B986B3AA}.Ad-Hoc|ARM.ActiveCfg = Release|Any CPU
		{534F5A7F-109D-419D-BAEB-4FD9B986B3AA}.Ad-Hoc|ARM.Build.0 = Release|Any CPU
		{534F5A7F-109D-419D-BAEB-4FD9B986B3AA}.Ad-Hoc|iPhone.ActiveCfg = Release|Any CPU
		{534F5A7F-109D-419D-BAEB-4FD9B986B3AA}.Ad-Hoc|iPhone.Build.0 = Release|Any CPU
		{534F5A7F-109D-419D-BAEB-4FD9B986B3AA}.Ad-Hoc|iPhoneSimulator.ActiveCfg = Release|Any CPU
		{534F5A7F-109D-419D-BAEB-4FD9B986B3AA}.Ad-Hoc|iPhoneSimulator.Build.0 = Release|Any CPU
		{534F5A7F-109D-419D-BAEB-4FD9B986B3AA}.Ad-Hoc|x64.ActiveCfg = Release|Any CPU
		{534F5A7F-109D-419D-BAEB-4FD9B986B3AA}.Ad-Hoc|x64.Build.0 = Release|Any CPU
		{534F5A7F-109D-419D-BAEB-4FD9B986B3AA}.Ad-Hoc|x86.ActiveCfg = Release|Any CPU
		{534F5A7F-109D-419D-BAEB-4FD9B986B3AA}.Ad-Hoc|x86.Build.0 = Release|Any CPU
		{534F5A7F-109D-419D-BAEB-4FD9B986B3AA}.AppStore|Any CPU.ActiveCfg = Release|Any CPU
		{534F5A7F-109D-419D-BAEB-4FD9B986B3AA}.AppStore|Any CPU.Build.0 = Release|Any CPU
		{534F5A7F-109D-419D-BAEB-4FD9B986B3AA}.AppStore|ARM.ActiveCfg = Release|Any CPU
		{534F5A7F-109D-419D-BAEB-4FD9B986B3AA}.AppStore|ARM.Build.0 = Release|Any CPU
		{534F5A7F-109D-419D-BAEB-4FD9B986B3AA}.AppStore|iPhone.ActiveCfg = Release|Any CPU
		{534F5A7F-109D-419D-BAEB-4FD9B986B3AA}.AppStore|iPhone.Build.0 = Release|Any CPU
		{534F5A7F-109D-419D-BAEB-4FD9B986B3AA}.AppStore|iPhoneSimulator.ActiveCfg = Release|Any CPU
		{534F5A7F-109D-419D-BAEB-4FD9B986B3AA}.AppStore|iPhoneSimulator.Build.0 = Release|Any CPU
		{534F5A7F-109D-419D-BAEB-4FD9B986B3AA}.AppStore|x64.ActiveCfg = Release|Any CPU
		{534F5A7F-109D-419D-BAEB-4FD9B986B3AA}.AppStore|x64.Build.0 = Release|Any CPU
		{534F5A7F-109D-419D-BAEB-4FD9B986B3AA}.AppStore|x86.ActiveCfg = Release|Any CPU
		{534F5A7F-109D-419D-BAEB-4FD9B986B3AA}.AppStore|x86.Build.0 = Release|Any CPU
		{534F5A7F-109D-419D-BAEB-4FD9B986B3AA}.Debug|Any CPU.ActiveCfg = Debug|Any CPU
		{534F5A7F-109D-419D-BAEB-4FD9B986B3AA}.Debug|Any CPU.Build.0 = Debug|Any CPU
		{534F5A7F-109D-419D-BAEB-4FD9B986B3AA}.Debug|ARM.ActiveCfg = Debug|Any CPU
		{534F5A7F-109D-419D-BAEB-4FD9B986B3AA}.Debug|ARM.Build.0 = Debug|Any CPU
		{534F5A7F-109D-419D-BAEB-4FD9B986B3AA}.Debug|iPhone.ActiveCfg = Debug|Any CPU
		{534F5A7F-109D-419D-BAEB-4FD9B986B3AA}.Debug|iPhone.Build.0 = Debug|Any CPU
		{534F5A7F-109D-419D-BAEB-4FD9B986B3AA}.Debug|iPhoneSimulator.ActiveCfg = Debug|Any CPU
		{534F5A7F-109D-419D-BAEB-4FD9B986B3AA}.Debug|iPhoneSimulator.Build.0 = Debug|Any CPU
		{534F5A7F-109D-419D-BAEB-4FD9B986B3AA}.Debug|x64.ActiveCfg = Debug|Any CPU
		{534F5A7F-109D-419D-BAEB-4FD9B986B3AA}.Debug|x64.Build.0 = Debug|Any CPU
		{534F5A7F-109D-419D-BAEB-4FD9B986B3AA}.Debug|x86.ActiveCfg = Debug|Any CPU
		{534F5A7F-109D-419D-BAEB-4FD9B986B3AA}.Debug|x86.Build.0 = Debug|Any CPU
		{534F5A7F-109D-419D-BAEB-4FD9B986B3AA}.Release|Any CPU.ActiveCfg = Release|Any CPU
		{534F5A7F-109D-419D-BAEB-4FD9B986B3AA}.Release|Any CPU.Build.0 = Release|Any CPU
		{534F5A7F-109D-419D-BAEB-4FD9B986B3AA}.Release|ARM.ActiveCfg = Release|Any CPU
		{534F5A7F-109D-419D-BAEB-4FD9B986B3AA}.Release|ARM.Build.0 = Release|Any CPU
		{534F5A7F-109D-419D-BAEB-4FD9B986B3AA}.Release|iPhone.ActiveCfg = Release|Any CPU
		{534F5A7F-109D-419D-BAEB-4FD9B986B3AA}.Release|iPhone.Build.0 = Release|Any CPU
		{534F5A7F-109D-419D-BAEB-4FD9B986B3AA}.Release|iPhoneSimulator.ActiveCfg = Release|Any CPU
		{534F5A7F-109D-419D-BAEB-4FD9B986B3AA}.Release|iPhoneSimulator.Build.0 = Release|Any CPU
		{534F5A7F-109D-419D-BAEB-4FD9B986B3AA}.Release|x64.ActiveCfg = Release|Any CPU
		{534F5A7F-109D-419D-BAEB-4FD9B986B3AA}.Release|x64.Build.0 = Release|Any CPU
		{534F5A7F-109D-419D-BAEB-4FD9B986B3AA}.Release|x86.ActiveCfg = Release|Any CPU
		{534F5A7F-109D-419D-BAEB-4FD9B986B3AA}.Release|x86.Build.0 = Release|Any CPU
		{B15B31E8-4818-4826-9732-CC9139841BDE}.Ad-Hoc|Any CPU.ActiveCfg = Release|Any CPU
		{B15B31E8-4818-4826-9732-CC9139841BDE}.Ad-Hoc|Any CPU.Build.0 = Release|Any CPU
		{B15B31E8-4818-4826-9732-CC9139841BDE}.Ad-Hoc|ARM.ActiveCfg = Release|Any CPU
		{B15B31E8-4818-4826-9732-CC9139841BDE}.Ad-Hoc|ARM.Build.0 = Release|Any CPU
		{B15B31E8-4818-4826-9732-CC9139841BDE}.Ad-Hoc|iPhone.ActiveCfg = Release|Any CPU
		{B15B31E8-4818-4826-9732-CC9139841BDE}.Ad-Hoc|iPhone.Build.0 = Release|Any CPU
		{B15B31E8-4818-4826-9732-CC9139841BDE}.Ad-Hoc|iPhoneSimulator.ActiveCfg = Release|Any CPU
		{B15B31E8-4818-4826-9732-CC9139841BDE}.Ad-Hoc|iPhoneSimulator.Build.0 = Release|Any CPU
		{B15B31E8-4818-4826-9732-CC9139841BDE}.Ad-Hoc|x64.ActiveCfg = Release|Any CPU
		{B15B31E8-4818-4826-9732-CC9139841BDE}.Ad-Hoc|x64.Build.0 = Release|Any CPU
		{B15B31E8-4818-4826-9732-CC9139841BDE}.Ad-Hoc|x86.ActiveCfg = Release|Any CPU
		{B15B31E8-4818-4826-9732-CC9139841BDE}.Ad-Hoc|x86.Build.0 = Release|Any CPU
		{B15B31E8-4818-4826-9732-CC9139841BDE}.AppStore|Any CPU.ActiveCfg = Release|Any CPU
		{B15B31E8-4818-4826-9732-CC9139841BDE}.AppStore|Any CPU.Build.0 = Release|Any CPU
		{B15B31E8-4818-4826-9732-CC9139841BDE}.AppStore|ARM.ActiveCfg = Release|Any CPU
		{B15B31E8-4818-4826-9732-CC9139841BDE}.AppStore|ARM.Build.0 = Release|Any CPU
		{B15B31E8-4818-4826-9732-CC9139841BDE}.AppStore|iPhone.ActiveCfg = Release|Any CPU
		{B15B31E8-4818-4826-9732-CC9139841BDE}.AppStore|iPhone.Build.0 = Release|Any CPU
		{B15B31E8-4818-4826-9732-CC9139841BDE}.AppStore|iPhoneSimulator.ActiveCfg = Release|Any CPU
		{B15B31E8-4818-4826-9732-CC9139841BDE}.AppStore|iPhoneSimulator.Build.0 = Release|Any CPU
		{B15B31E8-4818-4826-9732-CC9139841BDE}.AppStore|x64.ActiveCfg = Release|Any CPU
		{B15B31E8-4818-4826-9732-CC9139841BDE}.AppStore|x64.Build.0 = Release|Any CPU
		{B15B31E8-4818-4826-9732-CC9139841BDE}.AppStore|x86.ActiveCfg = Release|Any CPU
		{B15B31E8-4818-4826-9732-CC9139841BDE}.AppStore|x86.Build.0 = Release|Any CPU
		{B15B31E8-4818-4826-9732-CC9139841BDE}.Debug|Any CPU.ActiveCfg = Debug|Any CPU
		{B15B31E8-4818-4826-9732-CC9139841BDE}.Debug|Any CPU.Build.0 = Debug|Any CPU
		{B15B31E8-4818-4826-9732-CC9139841BDE}.Debug|ARM.ActiveCfg = Debug|Any CPU
		{B15B31E8-4818-4826-9732-CC9139841BDE}.Debug|ARM.Build.0 = Debug|Any CPU
		{B15B31E8-4818-4826-9732-CC9139841BDE}.Debug|iPhone.ActiveCfg = Debug|Any CPU
		{B15B31E8-4818-4826-9732-CC9139841BDE}.Debug|iPhone.Build.0 = Debug|Any CPU
		{B15B31E8-4818-4826-9732-CC9139841BDE}.Debug|iPhoneSimulator.ActiveCfg = Debug|Any CPU
		{B15B31E8-4818-4826-9732-CC9139841BDE}.Debug|iPhoneSimulator.Build.0 = Debug|Any CPU
		{B15B31E8-4818-4826-9732-CC9139841BDE}.Debug|x64.ActiveCfg = Debug|Any CPU
		{B15B31E8-4818-4826-9732-CC9139841BDE}.Debug|x64.Build.0 = Debug|Any CPU
		{B15B31E8-4818-4826-9732-CC9139841BDE}.Debug|x86.ActiveCfg = Debug|Any CPU
		{B15B31E8-4818-4826-9732-CC9139841BDE}.Debug|x86.Build.0 = Debug|Any CPU
		{B15B31E8-4818-4826-9732-CC9139841BDE}.Release|Any CPU.ActiveCfg = Release|Any CPU
		{B15B31E8-4818-4826-9732-CC9139841BDE}.Release|Any CPU.Build.0 = Release|Any CPU
		{B15B31E8-4818-4826-9732-CC9139841BDE}.Release|ARM.ActiveCfg = Release|Any CPU
		{B15B31E8-4818-4826-9732-CC9139841BDE}.Release|ARM.Build.0 = Release|Any CPU
		{B15B31E8-4818-4826-9732-CC9139841BDE}.Release|iPhone.ActiveCfg = Release|Any CPU
		{B15B31E8-4818-4826-9732-CC9139841BDE}.Release|iPhone.Build.0 = Release|Any CPU
		{B15B31E8-4818-4826-9732-CC9139841BDE}.Release|iPhoneSimulator.ActiveCfg = Release|Any CPU
		{B15B31E8-4818-4826-9732-CC9139841BDE}.Release|iPhoneSimulator.Build.0 = Release|Any CPU
		{B15B31E8-4818-4826-9732-CC9139841BDE}.Release|x64.ActiveCfg = Release|Any CPU
		{B15B31E8-4818-4826-9732-CC9139841BDE}.Release|x64.Build.0 = Release|Any CPU
		{B15B31E8-4818-4826-9732-CC9139841BDE}.Release|x86.ActiveCfg = Release|Any CPU
		{B15B31E8-4818-4826-9732-CC9139841BDE}.Release|x86.Build.0 = Release|Any CPU
		{C3D5231E-740B-4168-ABBD-58E8F739BE13}.Ad-Hoc|Any CPU.ActiveCfg = Debug|Any CPU
		{C3D5231E-740B-4168-ABBD-58E8F739BE13}.Ad-Hoc|Any CPU.Build.0 = Debug|Any CPU
		{C3D5231E-740B-4168-ABBD-58E8F739BE13}.Ad-Hoc|ARM.ActiveCfg = Debug|Any CPU
		{C3D5231E-740B-4168-ABBD-58E8F739BE13}.Ad-Hoc|ARM.Build.0 = Debug|Any CPU
		{C3D5231E-740B-4168-ABBD-58E8F739BE13}.Ad-Hoc|iPhone.ActiveCfg = Debug|Any CPU
		{C3D5231E-740B-4168-ABBD-58E8F739BE13}.Ad-Hoc|iPhone.Build.0 = Debug|Any CPU
		{C3D5231E-740B-4168-ABBD-58E8F739BE13}.Ad-Hoc|iPhoneSimulator.ActiveCfg = Debug|Any CPU
		{C3D5231E-740B-4168-ABBD-58E8F739BE13}.Ad-Hoc|iPhoneSimulator.Build.0 = Debug|Any CPU
		{C3D5231E-740B-4168-ABBD-58E8F739BE13}.Ad-Hoc|x64.ActiveCfg = Debug|Any CPU
		{C3D5231E-740B-4168-ABBD-58E8F739BE13}.Ad-Hoc|x64.Build.0 = Debug|Any CPU
		{C3D5231E-740B-4168-ABBD-58E8F739BE13}.Ad-Hoc|x86.ActiveCfg = Debug|Any CPU
		{C3D5231E-740B-4168-ABBD-58E8F739BE13}.Ad-Hoc|x86.Build.0 = Debug|Any CPU
		{C3D5231E-740B-4168-ABBD-58E8F739BE13}.AppStore|Any CPU.ActiveCfg = Debug|Any CPU
		{C3D5231E-740B-4168-ABBD-58E8F739BE13}.AppStore|Any CPU.Build.0 = Debug|Any CPU
		{C3D5231E-740B-4168-ABBD-58E8F739BE13}.AppStore|ARM.ActiveCfg = Debug|Any CPU
		{C3D5231E-740B-4168-ABBD-58E8F739BE13}.AppStore|ARM.Build.0 = Debug|Any CPU
		{C3D5231E-740B-4168-ABBD-58E8F739BE13}.AppStore|iPhone.ActiveCfg = Debug|Any CPU
		{C3D5231E-740B-4168-ABBD-58E8F739BE13}.AppStore|iPhone.Build.0 = Debug|Any CPU
		{C3D5231E-740B-4168-ABBD-58E8F739BE13}.AppStore|iPhoneSimulator.ActiveCfg = Debug|Any CPU
		{C3D5231E-740B-4168-ABBD-58E8F739BE13}.AppStore|iPhoneSimulator.Build.0 = Debug|Any CPU
		{C3D5231E-740B-4168-ABBD-58E8F739BE13}.AppStore|x64.ActiveCfg = Debug|Any CPU
		{C3D5231E-740B-4168-ABBD-58E8F739BE13}.AppStore|x64.Build.0 = Debug|Any CPU
		{C3D5231E-740B-4168-ABBD-58E8F739BE13}.AppStore|x86.ActiveCfg = Debug|Any CPU
		{C3D5231E-740B-4168-ABBD-58E8F739BE13}.AppStore|x86.Build.0 = Debug|Any CPU
		{C3D5231E-740B-4168-ABBD-58E8F739BE13}.Debug|Any CPU.ActiveCfg = Debug|Any CPU
		{C3D5231E-740B-4168-ABBD-58E8F739BE13}.Debug|Any CPU.Build.0 = Debug|Any CPU
		{C3D5231E-740B-4168-ABBD-58E8F739BE13}.Debug|ARM.ActiveCfg = Debug|Any CPU
		{C3D5231E-740B-4168-ABBD-58E8F739BE13}.Debug|ARM.Build.0 = Debug|Any CPU
		{C3D5231E-740B-4168-ABBD-58E8F739BE13}.Debug|iPhone.ActiveCfg = Debug|Any CPU
		{C3D5231E-740B-4168-ABBD-58E8F739BE13}.Debug|iPhone.Build.0 = Debug|Any CPU
		{C3D5231E-740B-4168-ABBD-58E8F739BE13}.Debug|iPhoneSimulator.ActiveCfg = Debug|Any CPU
		{C3D5231E-740B-4168-ABBD-58E8F739BE13}.Debug|iPhoneSimulator.Build.0 = Debug|Any CPU
		{C3D5231E-740B-4168-ABBD-58E8F739BE13}.Debug|x64.ActiveCfg = Debug|Any CPU
		{C3D5231E-740B-4168-ABBD-58E8F739BE13}.Debug|x64.Build.0 = Debug|Any CPU
		{C3D5231E-740B-4168-ABBD-58E8F739BE13}.Debug|x86.ActiveCfg = Debug|Any CPU
		{C3D5231E-740B-4168-ABBD-58E8F739BE13}.Debug|x86.Build.0 = Debug|Any CPU
		{C3D5231E-740B-4168-ABBD-58E8F739BE13}.Release|Any CPU.ActiveCfg = Release|Any CPU
		{C3D5231E-740B-4168-ABBD-58E8F739BE13}.Release|Any CPU.Build.0 = Release|Any CPU
		{C3D5231E-740B-4168-ABBD-58E8F739BE13}.Release|ARM.ActiveCfg = Release|Any CPU
		{C3D5231E-740B-4168-ABBD-58E8F739BE13}.Release|ARM.Build.0 = Release|Any CPU
		{C3D5231E-740B-4168-ABBD-58E8F739BE13}.Release|iPhone.ActiveCfg = Release|Any CPU
		{C3D5231E-740B-4168-ABBD-58E8F739BE13}.Release|iPhone.Build.0 = Release|Any CPU
		{C3D5231E-740B-4168-ABBD-58E8F739BE13}.Release|iPhoneSimulator.ActiveCfg = Release|Any CPU
		{C3D5231E-740B-4168-ABBD-58E8F739BE13}.Release|iPhoneSimulator.Build.0 = Release|Any CPU
		{C3D5231E-740B-4168-ABBD-58E8F739BE13}.Release|x64.ActiveCfg = Release|Any CPU
		{C3D5231E-740B-4168-ABBD-58E8F739BE13}.Release|x64.Build.0 = Release|Any CPU
		{C3D5231E-740B-4168-ABBD-58E8F739BE13}.Release|x86.ActiveCfg = Release|Any CPU
		{C3D5231E-740B-4168-ABBD-58E8F739BE13}.Release|x86.Build.0 = Release|Any CPU
		{654CE95D-6B5B-41E1-BEA3-DCEE24F4C98A}.Ad-Hoc|Any CPU.ActiveCfg = Debug|Any CPU
		{654CE95D-6B5B-41E1-BEA3-DCEE24F4C98A}.Ad-Hoc|Any CPU.Build.0 = Debug|Any CPU
		{654CE95D-6B5B-41E1-BEA3-DCEE24F4C98A}.Ad-Hoc|ARM.ActiveCfg = Debug|Any CPU
		{654CE95D-6B5B-41E1-BEA3-DCEE24F4C98A}.Ad-Hoc|ARM.Build.0 = Debug|Any CPU
		{654CE95D-6B5B-41E1-BEA3-DCEE24F4C98A}.Ad-Hoc|iPhone.ActiveCfg = Debug|Any CPU
		{654CE95D-6B5B-41E1-BEA3-DCEE24F4C98A}.Ad-Hoc|iPhone.Build.0 = Debug|Any CPU
		{654CE95D-6B5B-41E1-BEA3-DCEE24F4C98A}.Ad-Hoc|iPhoneSimulator.ActiveCfg = Debug|Any CPU
		{654CE95D-6B5B-41E1-BEA3-DCEE24F4C98A}.Ad-Hoc|iPhoneSimulator.Build.0 = Debug|Any CPU
		{654CE95D-6B5B-41E1-BEA3-DCEE24F4C98A}.Ad-Hoc|x64.ActiveCfg = Debug|Any CPU
		{654CE95D-6B5B-41E1-BEA3-DCEE24F4C98A}.Ad-Hoc|x64.Build.0 = Debug|Any CPU
		{654CE95D-6B5B-41E1-BEA3-DCEE24F4C98A}.Ad-Hoc|x86.ActiveCfg = Debug|Any CPU
		{654CE95D-6B5B-41E1-BEA3-DCEE24F4C98A}.Ad-Hoc|x86.Build.0 = Debug|Any CPU
		{654CE95D-6B5B-41E1-BEA3-DCEE24F4C98A}.AppStore|Any CPU.ActiveCfg = Debug|Any CPU
		{654CE95D-6B5B-41E1-BEA3-DCEE24F4C98A}.AppStore|Any CPU.Build.0 = Debug|Any CPU
		{654CE95D-6B5B-41E1-BEA3-DCEE24F4C98A}.AppStore|ARM.ActiveCfg = Debug|Any CPU
		{654CE95D-6B5B-41E1-BEA3-DCEE24F4C98A}.AppStore|ARM.Build.0 = Debug|Any CPU
		{654CE95D-6B5B-41E1-BEA3-DCEE24F4C98A}.AppStore|iPhone.ActiveCfg = Debug|Any CPU
		{654CE95D-6B5B-41E1-BEA3-DCEE24F4C98A}.AppStore|iPhone.Build.0 = Debug|Any CPU
		{654CE95D-6B5B-41E1-BEA3-DCEE24F4C98A}.AppStore|iPhoneSimulator.ActiveCfg = Debug|Any CPU
		{654CE95D-6B5B-41E1-BEA3-DCEE24F4C98A}.AppStore|iPhoneSimulator.Build.0 = Debug|Any CPU
		{654CE95D-6B5B-41E1-BEA3-DCEE24F4C98A}.AppStore|x64.ActiveCfg = Debug|Any CPU
		{654CE95D-6B5B-41E1-BEA3-DCEE24F4C98A}.AppStore|x64.Build.0 = Debug|Any CPU
		{654CE95D-6B5B-41E1-BEA3-DCEE24F4C98A}.AppStore|x86.ActiveCfg = Debug|Any CPU
		{654CE95D-6B5B-41E1-BEA3-DCEE24F4C98A}.AppStore|x86.Build.0 = Debug|Any CPU
		{654CE95D-6B5B-41E1-BEA3-DCEE24F4C98A}.Debug|Any CPU.ActiveCfg = Debug|Any CPU
		{654CE95D-6B5B-41E1-BEA3-DCEE24F4C98A}.Debug|Any CPU.Build.0 = Debug|Any CPU
		{654CE95D-6B5B-41E1-BEA3-DCEE24F4C98A}.Debug|ARM.ActiveCfg = Debug|Any CPU
		{654CE95D-6B5B-41E1-BEA3-DCEE24F4C98A}.Debug|ARM.Build.0 = Debug|Any CPU
		{654CE95D-6B5B-41E1-BEA3-DCEE24F4C98A}.Debug|iPhone.ActiveCfg = Debug|Any CPU
		{654CE95D-6B5B-41E1-BEA3-DCEE24F4C98A}.Debug|iPhone.Build.0 = Debug|Any CPU
		{654CE95D-6B5B-41E1-BEA3-DCEE24F4C98A}.Debug|iPhoneSimulator.ActiveCfg = Debug|Any CPU
		{654CE95D-6B5B-41E1-BEA3-DCEE24F4C98A}.Debug|iPhoneSimulator.Build.0 = Debug|Any CPU
		{654CE95D-6B5B-41E1-BEA3-DCEE24F4C98A}.Debug|x64.ActiveCfg = Debug|Any CPU
		{654CE95D-6B5B-41E1-BEA3-DCEE24F4C98A}.Debug|x64.Build.0 = Debug|Any CPU
		{654CE95D-6B5B-41E1-BEA3-DCEE24F4C98A}.Debug|x86.ActiveCfg = Debug|Any CPU
		{654CE95D-6B5B-41E1-BEA3-DCEE24F4C98A}.Debug|x86.Build.0 = Debug|Any CPU
		{654CE95D-6B5B-41E1-BEA3-DCEE24F4C98A}.Release|Any CPU.ActiveCfg = Release|Any CPU
		{654CE95D-6B5B-41E1-BEA3-DCEE24F4C98A}.Release|Any CPU.Build.0 = Release|Any CPU
		{654CE95D-6B5B-41E1-BEA3-DCEE24F4C98A}.Release|ARM.ActiveCfg = Release|Any CPU
		{654CE95D-6B5B-41E1-BEA3-DCEE24F4C98A}.Release|ARM.Build.0 = Release|Any CPU
		{654CE95D-6B5B-41E1-BEA3-DCEE24F4C98A}.Release|iPhone.ActiveCfg = Release|Any CPU
		{654CE95D-6B5B-41E1-BEA3-DCEE24F4C98A}.Release|iPhone.Build.0 = Release|Any CPU
		{654CE95D-6B5B-41E1-BEA3-DCEE24F4C98A}.Release|iPhoneSimulator.ActiveCfg = Release|Any CPU
		{654CE95D-6B5B-41E1-BEA3-DCEE24F4C98A}.Release|iPhoneSimulator.Build.0 = Release|Any CPU
		{654CE95D-6B5B-41E1-BEA3-DCEE24F4C98A}.Release|x64.ActiveCfg = Release|Any CPU
		{654CE95D-6B5B-41E1-BEA3-DCEE24F4C98A}.Release|x64.Build.0 = Release|Any CPU
		{654CE95D-6B5B-41E1-BEA3-DCEE24F4C98A}.Release|x86.ActiveCfg = Release|Any CPU
		{654CE95D-6B5B-41E1-BEA3-DCEE24F4C98A}.Release|x86.Build.0 = Release|Any CPU
		{86305C57-D3E7-44D1-8BA1-65D6196CB2D5}.Ad-Hoc|Any CPU.ActiveCfg = Debug|Any CPU
		{86305C57-D3E7-44D1-8BA1-65D6196CB2D5}.Ad-Hoc|Any CPU.Build.0 = Debug|Any CPU
		{86305C57-D3E7-44D1-8BA1-65D6196CB2D5}.Ad-Hoc|ARM.ActiveCfg = Debug|Any CPU
		{86305C57-D3E7-44D1-8BA1-65D6196CB2D5}.Ad-Hoc|ARM.Build.0 = Debug|Any CPU
		{86305C57-D3E7-44D1-8BA1-65D6196CB2D5}.Ad-Hoc|iPhone.ActiveCfg = Debug|Any CPU
		{86305C57-D3E7-44D1-8BA1-65D6196CB2D5}.Ad-Hoc|iPhone.Build.0 = Debug|Any CPU
		{86305C57-D3E7-44D1-8BA1-65D6196CB2D5}.Ad-Hoc|iPhoneSimulator.ActiveCfg = Debug|Any CPU
		{86305C57-D3E7-44D1-8BA1-65D6196CB2D5}.Ad-Hoc|iPhoneSimulator.Build.0 = Debug|Any CPU
		{86305C57-D3E7-44D1-8BA1-65D6196CB2D5}.Ad-Hoc|x64.ActiveCfg = Debug|Any CPU
		{86305C57-D3E7-44D1-8BA1-65D6196CB2D5}.Ad-Hoc|x64.Build.0 = Debug|Any CPU
		{86305C57-D3E7-44D1-8BA1-65D6196CB2D5}.Ad-Hoc|x86.ActiveCfg = Debug|Any CPU
		{86305C57-D3E7-44D1-8BA1-65D6196CB2D5}.Ad-Hoc|x86.Build.0 = Debug|Any CPU
		{86305C57-D3E7-44D1-8BA1-65D6196CB2D5}.AppStore|Any CPU.ActiveCfg = Debug|Any CPU
		{86305C57-D3E7-44D1-8BA1-65D6196CB2D5}.AppStore|Any CPU.Build.0 = Debug|Any CPU
		{86305C57-D3E7-44D1-8BA1-65D6196CB2D5}.AppStore|ARM.ActiveCfg = Debug|Any CPU
		{86305C57-D3E7-44D1-8BA1-65D6196CB2D5}.AppStore|ARM.Build.0 = Debug|Any CPU
		{86305C57-D3E7-44D1-8BA1-65D6196CB2D5}.AppStore|iPhone.ActiveCfg = Debug|Any CPU
		{86305C57-D3E7-44D1-8BA1-65D6196CB2D5}.AppStore|iPhone.Build.0 = Debug|Any CPU
		{86305C57-D3E7-44D1-8BA1-65D6196CB2D5}.AppStore|iPhoneSimulator.ActiveCfg = Debug|Any CPU
		{86305C57-D3E7-44D1-8BA1-65D6196CB2D5}.AppStore|iPhoneSimulator.Build.0 = Debug|Any CPU
		{86305C57-D3E7-44D1-8BA1-65D6196CB2D5}.AppStore|x64.ActiveCfg = Debug|Any CPU
		{86305C57-D3E7-44D1-8BA1-65D6196CB2D5}.AppStore|x64.Build.0 = Debug|Any CPU
		{86305C57-D3E7-44D1-8BA1-65D6196CB2D5}.AppStore|x86.ActiveCfg = Debug|Any CPU
		{86305C57-D3E7-44D1-8BA1-65D6196CB2D5}.AppStore|x86.Build.0 = Debug|Any CPU
		{86305C57-D3E7-44D1-8BA1-65D6196CB2D5}.Debug|Any CPU.ActiveCfg = Debug|Any CPU
		{86305C57-D3E7-44D1-8BA1-65D6196CB2D5}.Debug|Any CPU.Build.0 = Debug|Any CPU
		{86305C57-D3E7-44D1-8BA1-65D6196CB2D5}.Debug|ARM.ActiveCfg = Debug|Any CPU
		{86305C57-D3E7-44D1-8BA1-65D6196CB2D5}.Debug|ARM.Build.0 = Debug|Any CPU
		{86305C57-D3E7-44D1-8BA1-65D6196CB2D5}.Debug|iPhone.ActiveCfg = Debug|Any CPU
		{86305C57-D3E7-44D1-8BA1-65D6196CB2D5}.Debug|iPhone.Build.0 = Debug|Any CPU
		{86305C57-D3E7-44D1-8BA1-65D6196CB2D5}.Debug|iPhoneSimulator.ActiveCfg = Debug|Any CPU
		{86305C57-D3E7-44D1-8BA1-65D6196CB2D5}.Debug|iPhoneSimulator.Build.0 = Debug|Any CPU
		{86305C57-D3E7-44D1-8BA1-65D6196CB2D5}.Debug|x64.ActiveCfg = Debug|Any CPU
		{86305C57-D3E7-44D1-8BA1-65D6196CB2D5}.Debug|x64.Build.0 = Debug|Any CPU
		{86305C57-D3E7-44D1-8BA1-65D6196CB2D5}.Debug|x86.ActiveCfg = Debug|Any CPU
		{86305C57-D3E7-44D1-8BA1-65D6196CB2D5}.Debug|x86.Build.0 = Debug|Any CPU
		{86305C57-D3E7-44D1-8BA1-65D6196CB2D5}.Release|Any CPU.ActiveCfg = Release|Any CPU
		{86305C57-D3E7-44D1-8BA1-65D6196CB2D5}.Release|Any CPU.Build.0 = Release|Any CPU
		{86305C57-D3E7-44D1-8BA1-65D6196CB2D5}.Release|ARM.ActiveCfg = Release|Any CPU
		{86305C57-D3E7-44D1-8BA1-65D6196CB2D5}.Release|ARM.Build.0 = Release|Any CPU
		{86305C57-D3E7-44D1-8BA1-65D6196CB2D5}.Release|iPhone.ActiveCfg = Release|Any CPU
		{86305C57-D3E7-44D1-8BA1-65D6196CB2D5}.Release|iPhone.Build.0 = Release|Any CPU
		{86305C57-D3E7-44D1-8BA1-65D6196CB2D5}.Release|iPhoneSimulator.ActiveCfg = Release|Any CPU
		{86305C57-D3E7-44D1-8BA1-65D6196CB2D5}.Release|iPhoneSimulator.Build.0 = Release|Any CPU
		{86305C57-D3E7-44D1-8BA1-65D6196CB2D5}.Release|x64.ActiveCfg = Release|Any CPU
		{86305C57-D3E7-44D1-8BA1-65D6196CB2D5}.Release|x64.Build.0 = Release|Any CPU
		{86305C57-D3E7-44D1-8BA1-65D6196CB2D5}.Release|x86.ActiveCfg = Release|Any CPU
		{86305C57-D3E7-44D1-8BA1-65D6196CB2D5}.Release|x86.Build.0 = Release|Any CPU
		{AC30253B-9567-46DF-BEDF-B1073E9A20CC}.Ad-Hoc|Any CPU.ActiveCfg = Release|Any CPU
		{AC30253B-9567-46DF-BEDF-B1073E9A20CC}.Ad-Hoc|Any CPU.Build.0 = Release|Any CPU
		{AC30253B-9567-46DF-BEDF-B1073E9A20CC}.Ad-Hoc|ARM.ActiveCfg = Release|Any CPU
		{AC30253B-9567-46DF-BEDF-B1073E9A20CC}.Ad-Hoc|ARM.Build.0 = Release|Any CPU
		{AC30253B-9567-46DF-BEDF-B1073E9A20CC}.Ad-Hoc|iPhone.ActiveCfg = Release|Any CPU
		{AC30253B-9567-46DF-BEDF-B1073E9A20CC}.Ad-Hoc|iPhone.Build.0 = Release|Any CPU
		{AC30253B-9567-46DF-BEDF-B1073E9A20CC}.Ad-Hoc|iPhoneSimulator.ActiveCfg = Release|Any CPU
		{AC30253B-9567-46DF-BEDF-B1073E9A20CC}.Ad-Hoc|iPhoneSimulator.Build.0 = Release|Any CPU
		{AC30253B-9567-46DF-BEDF-B1073E9A20CC}.Ad-Hoc|x64.ActiveCfg = Release|Any CPU
		{AC30253B-9567-46DF-BEDF-B1073E9A20CC}.Ad-Hoc|x64.Build.0 = Release|Any CPU
		{AC30253B-9567-46DF-BEDF-B1073E9A20CC}.Ad-Hoc|x86.ActiveCfg = Release|Any CPU
		{AC30253B-9567-46DF-BEDF-B1073E9A20CC}.Ad-Hoc|x86.Build.0 = Release|Any CPU
		{AC30253B-9567-46DF-BEDF-B1073E9A20CC}.AppStore|Any CPU.ActiveCfg = Release|Any CPU
		{AC30253B-9567-46DF-BEDF-B1073E9A20CC}.AppStore|Any CPU.Build.0 = Release|Any CPU
		{AC30253B-9567-46DF-BEDF-B1073E9A20CC}.AppStore|ARM.ActiveCfg = Release|Any CPU
		{AC30253B-9567-46DF-BEDF-B1073E9A20CC}.AppStore|ARM.Build.0 = Release|Any CPU
		{AC30253B-9567-46DF-BEDF-B1073E9A20CC}.AppStore|iPhone.ActiveCfg = Release|Any CPU
		{AC30253B-9567-46DF-BEDF-B1073E9A20CC}.AppStore|iPhone.Build.0 = Release|Any CPU
		{AC30253B-9567-46DF-BEDF-B1073E9A20CC}.AppStore|iPhoneSimulator.ActiveCfg = Release|Any CPU
		{AC30253B-9567-46DF-BEDF-B1073E9A20CC}.AppStore|iPhoneSimulator.Build.0 = Release|Any CPU
		{AC30253B-9567-46DF-BEDF-B1073E9A20CC}.AppStore|x64.ActiveCfg = Release|Any CPU
		{AC30253B-9567-46DF-BEDF-B1073E9A20CC}.AppStore|x64.Build.0 = Release|Any CPU
		{AC30253B-9567-46DF-BEDF-B1073E9A20CC}.AppStore|x86.ActiveCfg = Release|Any CPU
		{AC30253B-9567-46DF-BEDF-B1073E9A20CC}.AppStore|x86.Build.0 = Release|Any CPU
		{AC30253B-9567-46DF-BEDF-B1073E9A20CC}.Debug|Any CPU.ActiveCfg = Debug|Any CPU
		{AC30253B-9567-46DF-BEDF-B1073E9A20CC}.Debug|Any CPU.Build.0 = Debug|Any CPU
		{AC30253B-9567-46DF-BEDF-B1073E9A20CC}.Debug|ARM.ActiveCfg = Debug|Any CPU
		{AC30253B-9567-46DF-BEDF-B1073E9A20CC}.Debug|ARM.Build.0 = Debug|Any CPU
		{AC30253B-9567-46DF-BEDF-B1073E9A20CC}.Debug|iPhone.ActiveCfg = Debug|Any CPU
		{AC30253B-9567-46DF-BEDF-B1073E9A20CC}.Debug|iPhone.Build.0 = Debug|Any CPU
		{AC30253B-9567-46DF-BEDF-B1073E9A20CC}.Debug|iPhoneSimulator.ActiveCfg = Debug|Any CPU
		{AC30253B-9567-46DF-BEDF-B1073E9A20CC}.Debug|iPhoneSimulator.Build.0 = Debug|Any CPU
		{AC30253B-9567-46DF-BEDF-B1073E9A20CC}.Debug|x64.ActiveCfg = Debug|Any CPU
		{AC30253B-9567-46DF-BEDF-B1073E9A20CC}.Debug|x64.Build.0 = Debug|Any CPU
		{AC30253B-9567-46DF-BEDF-B1073E9A20CC}.Debug|x86.ActiveCfg = Debug|Any CPU
		{AC30253B-9567-46DF-BEDF-B1073E9A20CC}.Debug|x86.Build.0 = Debug|Any CPU
		{AC30253B-9567-46DF-BEDF-B1073E9A20CC}.Release|Any CPU.ActiveCfg = Release|Any CPU
		{AC30253B-9567-46DF-BEDF-B1073E9A20CC}.Release|Any CPU.Build.0 = Release|Any CPU
		{AC30253B-9567-46DF-BEDF-B1073E9A20CC}.Release|ARM.ActiveCfg = Release|Any CPU
		{AC30253B-9567-46DF-BEDF-B1073E9A20CC}.Release|ARM.Build.0 = Release|Any CPU
		{AC30253B-9567-46DF-BEDF-B1073E9A20CC}.Release|iPhone.ActiveCfg = Release|Any CPU
		{AC30253B-9567-46DF-BEDF-B1073E9A20CC}.Release|iPhone.Build.0 = Release|Any CPU
		{AC30253B-9567-46DF-BEDF-B1073E9A20CC}.Release|iPhoneSimulator.ActiveCfg = Release|Any CPU
		{AC30253B-9567-46DF-BEDF-B1073E9A20CC}.Release|iPhoneSimulator.Build.0 = Release|Any CPU
		{AC30253B-9567-46DF-BEDF-B1073E9A20CC}.Release|x64.ActiveCfg = Release|Any CPU
		{AC30253B-9567-46DF-BEDF-B1073E9A20CC}.Release|x64.Build.0 = Release|Any CPU
		{AC30253B-9567-46DF-BEDF-B1073E9A20CC}.Release|x86.ActiveCfg = Release|Any CPU
		{AC30253B-9567-46DF-BEDF-B1073E9A20CC}.Release|x86.Build.0 = Release|Any CPU
		{EE4C3CE3-364E-4833-8E6F-93ECBB0B0CBF}.Ad-Hoc|Any CPU.ActiveCfg = Debug|Any CPU
		{EE4C3CE3-364E-4833-8E6F-93ECBB0B0CBF}.Ad-Hoc|Any CPU.Build.0 = Debug|Any CPU
		{EE4C3CE3-364E-4833-8E6F-93ECBB0B0CBF}.Ad-Hoc|ARM.ActiveCfg = Debug|Any CPU
		{EE4C3CE3-364E-4833-8E6F-93ECBB0B0CBF}.Ad-Hoc|ARM.Build.0 = Debug|Any CPU
		{EE4C3CE3-364E-4833-8E6F-93ECBB0B0CBF}.Ad-Hoc|iPhone.ActiveCfg = Debug|Any CPU
		{EE4C3CE3-364E-4833-8E6F-93ECBB0B0CBF}.Ad-Hoc|iPhone.Build.0 = Debug|Any CPU
		{EE4C3CE3-364E-4833-8E6F-93ECBB0B0CBF}.Ad-Hoc|iPhoneSimulator.ActiveCfg = Debug|Any CPU
		{EE4C3CE3-364E-4833-8E6F-93ECBB0B0CBF}.Ad-Hoc|iPhoneSimulator.Build.0 = Debug|Any CPU
		{EE4C3CE3-364E-4833-8E6F-93ECBB0B0CBF}.Ad-Hoc|x64.ActiveCfg = Debug|Any CPU
		{EE4C3CE3-364E-4833-8E6F-93ECBB0B0CBF}.Ad-Hoc|x64.Build.0 = Debug|Any CPU
		{EE4C3CE3-364E-4833-8E6F-93ECBB0B0CBF}.Ad-Hoc|x86.ActiveCfg = Debug|Any CPU
		{EE4C3CE3-364E-4833-8E6F-93ECBB0B0CBF}.Ad-Hoc|x86.Build.0 = Debug|Any CPU
		{EE4C3CE3-364E-4833-8E6F-93ECBB0B0CBF}.AppStore|Any CPU.ActiveCfg = Debug|Any CPU
		{EE4C3CE3-364E-4833-8E6F-93ECBB0B0CBF}.AppStore|Any CPU.Build.0 = Debug|Any CPU
		{EE4C3CE3-364E-4833-8E6F-93ECBB0B0CBF}.AppStore|ARM.ActiveCfg = Debug|Any CPU
		{EE4C3CE3-364E-4833-8E6F-93ECBB0B0CBF}.AppStore|ARM.Build.0 = Debug|Any CPU
		{EE4C3CE3-364E-4833-8E6F-93ECBB0B0CBF}.AppStore|iPhone.ActiveCfg = Debug|Any CPU
		{EE4C3CE3-364E-4833-8E6F-93ECBB0B0CBF}.AppStore|iPhone.Build.0 = Debug|Any CPU
		{EE4C3CE3-364E-4833-8E6F-93ECBB0B0CBF}.AppStore|iPhoneSimulator.ActiveCfg = Debug|Any CPU
		{EE4C3CE3-364E-4833-8E6F-93ECBB0B0CBF}.AppStore|iPhoneSimulator.Build.0 = Debug|Any CPU
		{EE4C3CE3-364E-4833-8E6F-93ECBB0B0CBF}.AppStore|x64.ActiveCfg = Debug|Any CPU
		{EE4C3CE3-364E-4833-8E6F-93ECBB0B0CBF}.AppStore|x64.Build.0 = Debug|Any CPU
		{EE4C3CE3-364E-4833-8E6F-93ECBB0B0CBF}.AppStore|x86.ActiveCfg = Debug|Any CPU
		{EE4C3CE3-364E-4833-8E6F-93ECBB0B0CBF}.AppStore|x86.Build.0 = Debug|Any CPU
		{EE4C3CE3-364E-4833-8E6F-93ECBB0B0CBF}.Debug|Any CPU.ActiveCfg = Debug|Any CPU
		{EE4C3CE3-364E-4833-8E6F-93ECBB0B0CBF}.Debug|Any CPU.Build.0 = Debug|Any CPU
		{EE4C3CE3-364E-4833-8E6F-93ECBB0B0CBF}.Debug|ARM.ActiveCfg = Debug|Any CPU
		{EE4C3CE3-364E-4833-8E6F-93ECBB0B0CBF}.Debug|ARM.Build.0 = Debug|Any CPU
		{EE4C3CE3-364E-4833-8E6F-93ECBB0B0CBF}.Debug|iPhone.ActiveCfg = Debug|Any CPU
		{EE4C3CE3-364E-4833-8E6F-93ECBB0B0CBF}.Debug|iPhone.Build.0 = Debug|Any CPU
		{EE4C3CE3-364E-4833-8E6F-93ECBB0B0CBF}.Debug|iPhoneSimulator.ActiveCfg = Debug|Any CPU
		{EE4C3CE3-364E-4833-8E6F-93ECBB0B0CBF}.Debug|iPhoneSimulator.Build.0 = Debug|Any CPU
		{EE4C3CE3-364E-4833-8E6F-93ECBB0B0CBF}.Debug|x64.ActiveCfg = Debug|Any CPU
		{EE4C3CE3-364E-4833-8E6F-93ECBB0B0CBF}.Debug|x64.Build.0 = Debug|Any CPU
		{EE4C3CE3-364E-4833-8E6F-93ECBB0B0CBF}.Debug|x86.ActiveCfg = Debug|Any CPU
		{EE4C3CE3-364E-4833-8E6F-93ECBB0B0CBF}.Debug|x86.Build.0 = Debug|Any CPU
		{EE4C3CE3-364E-4833-8E6F-93ECBB0B0CBF}.Release|Any CPU.ActiveCfg = Release|Any CPU
		{EE4C3CE3-364E-4833-8E6F-93ECBB0B0CBF}.Release|Any CPU.Build.0 = Release|Any CPU
		{EE4C3CE3-364E-4833-8E6F-93ECBB0B0CBF}.Release|ARM.ActiveCfg = Release|Any CPU
		{EE4C3CE3-364E-4833-8E6F-93ECBB0B0CBF}.Release|ARM.Build.0 = Release|Any CPU
		{EE4C3CE3-364E-4833-8E6F-93ECBB0B0CBF}.Release|iPhone.ActiveCfg = Release|Any CPU
		{EE4C3CE3-364E-4833-8E6F-93ECBB0B0CBF}.Release|iPhone.Build.0 = Release|Any CPU
		{EE4C3CE3-364E-4833-8E6F-93ECBB0B0CBF}.Release|iPhoneSimulator.ActiveCfg = Release|Any CPU
		{EE4C3CE3-364E-4833-8E6F-93ECBB0B0CBF}.Release|iPhoneSimulator.Build.0 = Release|Any CPU
		{EE4C3CE3-364E-4833-8E6F-93ECBB0B0CBF}.Release|x64.ActiveCfg = Release|Any CPU
		{EE4C3CE3-364E-4833-8E6F-93ECBB0B0CBF}.Release|x64.Build.0 = Release|Any CPU
		{EE4C3CE3-364E-4833-8E6F-93ECBB0B0CBF}.Release|x86.ActiveCfg = Release|Any CPU
		{EE4C3CE3-364E-4833-8E6F-93ECBB0B0CBF}.Release|x86.Build.0 = Release|Any CPU
		{EBF16B94-4589-43E5-8BA1-DA89D15742DF}.Ad-Hoc|Any CPU.ActiveCfg = Debug|Any CPU
		{EBF16B94-4589-43E5-8BA1-DA89D15742DF}.Ad-Hoc|Any CPU.Build.0 = Debug|Any CPU
		{EBF16B94-4589-43E5-8BA1-DA89D15742DF}.Ad-Hoc|ARM.ActiveCfg = Debug|Any CPU
		{EBF16B94-4589-43E5-8BA1-DA89D15742DF}.Ad-Hoc|ARM.Build.0 = Debug|Any CPU
		{EBF16B94-4589-43E5-8BA1-DA89D15742DF}.Ad-Hoc|iPhone.ActiveCfg = Debug|Any CPU
		{EBF16B94-4589-43E5-8BA1-DA89D15742DF}.Ad-Hoc|iPhone.Build.0 = Debug|Any CPU
		{EBF16B94-4589-43E5-8BA1-DA89D15742DF}.Ad-Hoc|iPhoneSimulator.ActiveCfg = Debug|Any CPU
		{EBF16B94-4589-43E5-8BA1-DA89D15742DF}.Ad-Hoc|iPhoneSimulator.Build.0 = Debug|Any CPU
		{EBF16B94-4589-43E5-8BA1-DA89D15742DF}.Ad-Hoc|x64.ActiveCfg = Debug|Any CPU
		{EBF16B94-4589-43E5-8BA1-DA89D15742DF}.Ad-Hoc|x64.Build.0 = Debug|Any CPU
		{EBF16B94-4589-43E5-8BA1-DA89D15742DF}.Ad-Hoc|x86.ActiveCfg = Debug|Any CPU
		{EBF16B94-4589-43E5-8BA1-DA89D15742DF}.Ad-Hoc|x86.Build.0 = Debug|Any CPU
		{EBF16B94-4589-43E5-8BA1-DA89D15742DF}.AppStore|Any CPU.ActiveCfg = Debug|Any CPU
		{EBF16B94-4589-43E5-8BA1-DA89D15742DF}.AppStore|Any CPU.Build.0 = Debug|Any CPU
		{EBF16B94-4589-43E5-8BA1-DA89D15742DF}.AppStore|ARM.ActiveCfg = Debug|Any CPU
		{EBF16B94-4589-43E5-8BA1-DA89D15742DF}.AppStore|ARM.Build.0 = Debug|Any CPU
		{EBF16B94-4589-43E5-8BA1-DA89D15742DF}.AppStore|iPhone.ActiveCfg = Debug|Any CPU
		{EBF16B94-4589-43E5-8BA1-DA89D15742DF}.AppStore|iPhone.Build.0 = Debug|Any CPU
		{EBF16B94-4589-43E5-8BA1-DA89D15742DF}.AppStore|iPhoneSimulator.ActiveCfg = Debug|Any CPU
		{EBF16B94-4589-43E5-8BA1-DA89D15742DF}.AppStore|iPhoneSimulator.Build.0 = Debug|Any CPU
		{EBF16B94-4589-43E5-8BA1-DA89D15742DF}.AppStore|x64.ActiveCfg = Debug|Any CPU
		{EBF16B94-4589-43E5-8BA1-DA89D15742DF}.AppStore|x64.Build.0 = Debug|Any CPU
		{EBF16B94-4589-43E5-8BA1-DA89D15742DF}.AppStore|x86.ActiveCfg = Debug|Any CPU
		{EBF16B94-4589-43E5-8BA1-DA89D15742DF}.AppStore|x86.Build.0 = Debug|Any CPU
		{EBF16B94-4589-43E5-8BA1-DA89D15742DF}.Debug|Any CPU.ActiveCfg = Debug|Any CPU
		{EBF16B94-4589-43E5-8BA1-DA89D15742DF}.Debug|Any CPU.Build.0 = Debug|Any CPU
		{EBF16B94-4589-43E5-8BA1-DA89D15742DF}.Debug|ARM.ActiveCfg = Debug|Any CPU
		{EBF16B94-4589-43E5-8BA1-DA89D15742DF}.Debug|ARM.Build.0 = Debug|Any CPU
		{EBF16B94-4589-43E5-8BA1-DA89D15742DF}.Debug|iPhone.ActiveCfg = Debug|Any CPU
		{EBF16B94-4589-43E5-8BA1-DA89D15742DF}.Debug|iPhone.Build.0 = Debug|Any CPU
		{EBF16B94-4589-43E5-8BA1-DA89D15742DF}.Debug|iPhoneSimulator.ActiveCfg = Debug|Any CPU
		{EBF16B94-4589-43E5-8BA1-DA89D15742DF}.Debug|iPhoneSimulator.Build.0 = Debug|Any CPU
		{EBF16B94-4589-43E5-8BA1-DA89D15742DF}.Debug|x64.ActiveCfg = Debug|Any CPU
		{EBF16B94-4589-43E5-8BA1-DA89D15742DF}.Debug|x64.Build.0 = Debug|Any CPU
		{EBF16B94-4589-43E5-8BA1-DA89D15742DF}.Debug|x86.ActiveCfg = Debug|Any CPU
		{EBF16B94-4589-43E5-8BA1-DA89D15742DF}.Debug|x86.Build.0 = Debug|Any CPU
		{EBF16B94-4589-43E5-8BA1-DA89D15742DF}.Release|Any CPU.ActiveCfg = Release|Any CPU
		{EBF16B94-4589-43E5-8BA1-DA89D15742DF}.Release|Any CPU.Build.0 = Release|Any CPU
		{EBF16B94-4589-43E5-8BA1-DA89D15742DF}.Release|ARM.ActiveCfg = Release|Any CPU
		{EBF16B94-4589-43E5-8BA1-DA89D15742DF}.Release|ARM.Build.0 = Release|Any CPU
		{EBF16B94-4589-43E5-8BA1-DA89D15742DF}.Release|iPhone.ActiveCfg = Release|Any CPU
		{EBF16B94-4589-43E5-8BA1-DA89D15742DF}.Release|iPhone.Build.0 = Release|Any CPU
		{EBF16B94-4589-43E5-8BA1-DA89D15742DF}.Release|iPhoneSimulator.ActiveCfg = Release|Any CPU
		{EBF16B94-4589-43E5-8BA1-DA89D15742DF}.Release|iPhoneSimulator.Build.0 = Release|Any CPU
		{EBF16B94-4589-43E5-8BA1-DA89D15742DF}.Release|x64.ActiveCfg = Release|Any CPU
		{EBF16B94-4589-43E5-8BA1-DA89D15742DF}.Release|x64.Build.0 = Release|Any CPU
		{EBF16B94-4589-43E5-8BA1-DA89D15742DF}.Release|x86.ActiveCfg = Release|Any CPU
		{EBF16B94-4589-43E5-8BA1-DA89D15742DF}.Release|x86.Build.0 = Release|Any CPU
		{A7DC9C7A-3EE3-4365-9104-BABAC7B2E8C3}.Ad-Hoc|Any CPU.ActiveCfg = Debug|Any CPU
		{A7DC9C7A-3EE3-4365-9104-BABAC7B2E8C3}.Ad-Hoc|Any CPU.Build.0 = Debug|Any CPU
		{A7DC9C7A-3EE3-4365-9104-BABAC7B2E8C3}.Ad-Hoc|ARM.ActiveCfg = Debug|Any CPU
		{A7DC9C7A-3EE3-4365-9104-BABAC7B2E8C3}.Ad-Hoc|ARM.Build.0 = Debug|Any CPU
		{A7DC9C7A-3EE3-4365-9104-BABAC7B2E8C3}.Ad-Hoc|iPhone.ActiveCfg = Debug|Any CPU
		{A7DC9C7A-3EE3-4365-9104-BABAC7B2E8C3}.Ad-Hoc|iPhone.Build.0 = Debug|Any CPU
		{A7DC9C7A-3EE3-4365-9104-BABAC7B2E8C3}.Ad-Hoc|iPhoneSimulator.ActiveCfg = Debug|Any CPU
		{A7DC9C7A-3EE3-4365-9104-BABAC7B2E8C3}.Ad-Hoc|iPhoneSimulator.Build.0 = Debug|Any CPU
		{A7DC9C7A-3EE3-4365-9104-BABAC7B2E8C3}.Ad-Hoc|x64.ActiveCfg = Debug|Any CPU
		{A7DC9C7A-3EE3-4365-9104-BABAC7B2E8C3}.Ad-Hoc|x64.Build.0 = Debug|Any CPU
		{A7DC9C7A-3EE3-4365-9104-BABAC7B2E8C3}.Ad-Hoc|x86.ActiveCfg = Debug|Any CPU
		{A7DC9C7A-3EE3-4365-9104-BABAC7B2E8C3}.Ad-Hoc|x86.Build.0 = Debug|Any CPU
		{A7DC9C7A-3EE3-4365-9104-BABAC7B2E8C3}.AppStore|Any CPU.ActiveCfg = Debug|Any CPU
		{A7DC9C7A-3EE3-4365-9104-BABAC7B2E8C3}.AppStore|Any CPU.Build.0 = Debug|Any CPU
		{A7DC9C7A-3EE3-4365-9104-BABAC7B2E8C3}.AppStore|ARM.ActiveCfg = Debug|Any CPU
		{A7DC9C7A-3EE3-4365-9104-BABAC7B2E8C3}.AppStore|ARM.Build.0 = Debug|Any CPU
		{A7DC9C7A-3EE3-4365-9104-BABAC7B2E8C3}.AppStore|iPhone.ActiveCfg = Debug|Any CPU
		{A7DC9C7A-3EE3-4365-9104-BABAC7B2E8C3}.AppStore|iPhone.Build.0 = Debug|Any CPU
		{A7DC9C7A-3EE3-4365-9104-BABAC7B2E8C3}.AppStore|iPhoneSimulator.ActiveCfg = Debug|Any CPU
		{A7DC9C7A-3EE3-4365-9104-BABAC7B2E8C3}.AppStore|iPhoneSimulator.Build.0 = Debug|Any CPU
		{A7DC9C7A-3EE3-4365-9104-BABAC7B2E8C3}.AppStore|x64.ActiveCfg = Debug|Any CPU
		{A7DC9C7A-3EE3-4365-9104-BABAC7B2E8C3}.AppStore|x64.Build.0 = Debug|Any CPU
		{A7DC9C7A-3EE3-4365-9104-BABAC7B2E8C3}.AppStore|x86.ActiveCfg = Debug|Any CPU
		{A7DC9C7A-3EE3-4365-9104-BABAC7B2E8C3}.AppStore|x86.Build.0 = Debug|Any CPU
		{A7DC9C7A-3EE3-4365-9104-BABAC7B2E8C3}.Debug|Any CPU.ActiveCfg = Debug|Any CPU
		{A7DC9C7A-3EE3-4365-9104-BABAC7B2E8C3}.Debug|Any CPU.Build.0 = Debug|Any CPU
		{A7DC9C7A-3EE3-4365-9104-BABAC7B2E8C3}.Debug|ARM.ActiveCfg = Debug|Any CPU
		{A7DC9C7A-3EE3-4365-9104-BABAC7B2E8C3}.Debug|ARM.Build.0 = Debug|Any CPU
		{A7DC9C7A-3EE3-4365-9104-BABAC7B2E8C3}.Debug|iPhone.ActiveCfg = Debug|Any CPU
		{A7DC9C7A-3EE3-4365-9104-BABAC7B2E8C3}.Debug|iPhone.Build.0 = Debug|Any CPU
		{A7DC9C7A-3EE3-4365-9104-BABAC7B2E8C3}.Debug|iPhoneSimulator.ActiveCfg = Debug|Any CPU
		{A7DC9C7A-3EE3-4365-9104-BABAC7B2E8C3}.Debug|iPhoneSimulator.Build.0 = Debug|Any CPU
		{A7DC9C7A-3EE3-4365-9104-BABAC7B2E8C3}.Debug|x64.ActiveCfg = Debug|Any CPU
		{A7DC9C7A-3EE3-4365-9104-BABAC7B2E8C3}.Debug|x64.Build.0 = Debug|Any CPU
		{A7DC9C7A-3EE3-4365-9104-BABAC7B2E8C3}.Debug|x86.ActiveCfg = Debug|Any CPU
		{A7DC9C7A-3EE3-4365-9104-BABAC7B2E8C3}.Debug|x86.Build.0 = Debug|Any CPU
		{A7DC9C7A-3EE3-4365-9104-BABAC7B2E8C3}.Release|Any CPU.ActiveCfg = Release|Any CPU
		{A7DC9C7A-3EE3-4365-9104-BABAC7B2E8C3}.Release|Any CPU.Build.0 = Release|Any CPU
		{A7DC9C7A-3EE3-4365-9104-BABAC7B2E8C3}.Release|ARM.ActiveCfg = Release|Any CPU
		{A7DC9C7A-3EE3-4365-9104-BABAC7B2E8C3}.Release|ARM.Build.0 = Release|Any CPU
		{A7DC9C7A-3EE3-4365-9104-BABAC7B2E8C3}.Release|iPhone.ActiveCfg = Release|Any CPU
		{A7DC9C7A-3EE3-4365-9104-BABAC7B2E8C3}.Release|iPhone.Build.0 = Release|Any CPU
		{A7DC9C7A-3EE3-4365-9104-BABAC7B2E8C3}.Release|iPhoneSimulator.ActiveCfg = Release|Any CPU
		{A7DC9C7A-3EE3-4365-9104-BABAC7B2E8C3}.Release|iPhoneSimulator.Build.0 = Release|Any CPU
		{A7DC9C7A-3EE3-4365-9104-BABAC7B2E8C3}.Release|x64.ActiveCfg = Release|Any CPU
		{A7DC9C7A-3EE3-4365-9104-BABAC7B2E8C3}.Release|x64.Build.0 = Release|Any CPU
		{A7DC9C7A-3EE3-4365-9104-BABAC7B2E8C3}.Release|x86.ActiveCfg = Release|Any CPU
		{A7DC9C7A-3EE3-4365-9104-BABAC7B2E8C3}.Release|x86.Build.0 = Release|Any CPU
		{074CCB9B-7D6D-42C3-BB35-B5715F7F42D6}.Ad-Hoc|Any CPU.ActiveCfg = Debug|Any CPU
		{074CCB9B-7D6D-42C3-BB35-B5715F7F42D6}.Ad-Hoc|Any CPU.Build.0 = Debug|Any CPU
		{074CCB9B-7D6D-42C3-BB35-B5715F7F42D6}.Ad-Hoc|ARM.ActiveCfg = Debug|Any CPU
		{074CCB9B-7D6D-42C3-BB35-B5715F7F42D6}.Ad-Hoc|ARM.Build.0 = Debug|Any CPU
		{074CCB9B-7D6D-42C3-BB35-B5715F7F42D6}.Ad-Hoc|iPhone.ActiveCfg = Debug|Any CPU
		{074CCB9B-7D6D-42C3-BB35-B5715F7F42D6}.Ad-Hoc|iPhone.Build.0 = Debug|Any CPU
		{074CCB9B-7D6D-42C3-BB35-B5715F7F42D6}.Ad-Hoc|iPhoneSimulator.ActiveCfg = Debug|Any CPU
		{074CCB9B-7D6D-42C3-BB35-B5715F7F42D6}.Ad-Hoc|iPhoneSimulator.Build.0 = Debug|Any CPU
		{074CCB9B-7D6D-42C3-BB35-B5715F7F42D6}.Ad-Hoc|x64.ActiveCfg = Debug|Any CPU
		{074CCB9B-7D6D-42C3-BB35-B5715F7F42D6}.Ad-Hoc|x64.Build.0 = Debug|Any CPU
		{074CCB9B-7D6D-42C3-BB35-B5715F7F42D6}.Ad-Hoc|x86.ActiveCfg = Debug|Any CPU
		{074CCB9B-7D6D-42C3-BB35-B5715F7F42D6}.Ad-Hoc|x86.Build.0 = Debug|Any CPU
		{074CCB9B-7D6D-42C3-BB35-B5715F7F42D6}.AppStore|Any CPU.ActiveCfg = Debug|Any CPU
		{074CCB9B-7D6D-42C3-BB35-B5715F7F42D6}.AppStore|Any CPU.Build.0 = Debug|Any CPU
		{074CCB9B-7D6D-42C3-BB35-B5715F7F42D6}.AppStore|ARM.ActiveCfg = Debug|Any CPU
		{074CCB9B-7D6D-42C3-BB35-B5715F7F42D6}.AppStore|ARM.Build.0 = Debug|Any CPU
		{074CCB9B-7D6D-42C3-BB35-B5715F7F42D6}.AppStore|iPhone.ActiveCfg = Debug|Any CPU
		{074CCB9B-7D6D-42C3-BB35-B5715F7F42D6}.AppStore|iPhone.Build.0 = Debug|Any CPU
		{074CCB9B-7D6D-42C3-BB35-B5715F7F42D6}.AppStore|iPhoneSimulator.ActiveCfg = Debug|Any CPU
		{074CCB9B-7D6D-42C3-BB35-B5715F7F42D6}.AppStore|iPhoneSimulator.Build.0 = Debug|Any CPU
		{074CCB9B-7D6D-42C3-BB35-B5715F7F42D6}.AppStore|x64.ActiveCfg = Debug|Any CPU
		{074CCB9B-7D6D-42C3-BB35-B5715F7F42D6}.AppStore|x64.Build.0 = Debug|Any CPU
		{074CCB9B-7D6D-42C3-BB35-B5715F7F42D6}.AppStore|x86.ActiveCfg = Debug|Any CPU
		{074CCB9B-7D6D-42C3-BB35-B5715F7F42D6}.AppStore|x86.Build.0 = Debug|Any CPU
		{074CCB9B-7D6D-42C3-BB35-B5715F7F42D6}.Debug|Any CPU.ActiveCfg = Debug|Any CPU
		{074CCB9B-7D6D-42C3-BB35-B5715F7F42D6}.Debug|Any CPU.Build.0 = Debug|Any CPU
		{074CCB9B-7D6D-42C3-BB35-B5715F7F42D6}.Debug|ARM.ActiveCfg = Debug|Any CPU
		{074CCB9B-7D6D-42C3-BB35-B5715F7F42D6}.Debug|ARM.Build.0 = Debug|Any CPU
		{074CCB9B-7D6D-42C3-BB35-B5715F7F42D6}.Debug|iPhone.ActiveCfg = Debug|Any CPU
		{074CCB9B-7D6D-42C3-BB35-B5715F7F42D6}.Debug|iPhone.Build.0 = Debug|Any CPU
		{074CCB9B-7D6D-42C3-BB35-B5715F7F42D6}.Debug|iPhoneSimulator.ActiveCfg = Debug|Any CPU
		{074CCB9B-7D6D-42C3-BB35-B5715F7F42D6}.Debug|iPhoneSimulator.Build.0 = Debug|Any CPU
		{074CCB9B-7D6D-42C3-BB35-B5715F7F42D6}.Debug|x64.ActiveCfg = Debug|Any CPU
		{074CCB9B-7D6D-42C3-BB35-B5715F7F42D6}.Debug|x64.Build.0 = Debug|Any CPU
		{074CCB9B-7D6D-42C3-BB35-B5715F7F42D6}.Debug|x86.ActiveCfg = Debug|Any CPU
		{074CCB9B-7D6D-42C3-BB35-B5715F7F42D6}.Debug|x86.Build.0 = Debug|Any CPU
		{074CCB9B-7D6D-42C3-BB35-B5715F7F42D6}.Release|Any CPU.ActiveCfg = Release|Any CPU
		{074CCB9B-7D6D-42C3-BB35-B5715F7F42D6}.Release|Any CPU.Build.0 = Release|Any CPU
		{074CCB9B-7D6D-42C3-BB35-B5715F7F42D6}.Release|ARM.ActiveCfg = Release|Any CPU
		{074CCB9B-7D6D-42C3-BB35-B5715F7F42D6}.Release|ARM.Build.0 = Release|Any CPU
		{074CCB9B-7D6D-42C3-BB35-B5715F7F42D6}.Release|iPhone.ActiveCfg = Release|Any CPU
		{074CCB9B-7D6D-42C3-BB35-B5715F7F42D6}.Release|iPhone.Build.0 = Release|Any CPU
		{074CCB9B-7D6D-42C3-BB35-B5715F7F42D6}.Release|iPhoneSimulator.ActiveCfg = Release|Any CPU
		{074CCB9B-7D6D-42C3-BB35-B5715F7F42D6}.Release|iPhoneSimulator.Build.0 = Release|Any CPU
		{074CCB9B-7D6D-42C3-BB35-B5715F7F42D6}.Release|x64.ActiveCfg = Release|Any CPU
		{074CCB9B-7D6D-42C3-BB35-B5715F7F42D6}.Release|x64.Build.0 = Release|Any CPU
		{074CCB9B-7D6D-42C3-BB35-B5715F7F42D6}.Release|x86.ActiveCfg = Release|Any CPU
		{074CCB9B-7D6D-42C3-BB35-B5715F7F42D6}.Release|x86.Build.0 = Release|Any CPU
		{3220CEA5-8119-48FE-AC18-5EB8EC658DE4}.Ad-Hoc|Any CPU.ActiveCfg = Debug|Any CPU
		{3220CEA5-8119-48FE-AC18-5EB8EC658DE4}.Ad-Hoc|Any CPU.Build.0 = Debug|Any CPU
		{3220CEA5-8119-48FE-AC18-5EB8EC658DE4}.Ad-Hoc|ARM.ActiveCfg = Debug|Any CPU
		{3220CEA5-8119-48FE-AC18-5EB8EC658DE4}.Ad-Hoc|ARM.Build.0 = Debug|Any CPU
		{3220CEA5-8119-48FE-AC18-5EB8EC658DE4}.Ad-Hoc|iPhone.ActiveCfg = Debug|Any CPU
		{3220CEA5-8119-48FE-AC18-5EB8EC658DE4}.Ad-Hoc|iPhone.Build.0 = Debug|Any CPU
		{3220CEA5-8119-48FE-AC18-5EB8EC658DE4}.Ad-Hoc|iPhoneSimulator.ActiveCfg = Debug|Any CPU
		{3220CEA5-8119-48FE-AC18-5EB8EC658DE4}.Ad-Hoc|iPhoneSimulator.Build.0 = Debug|Any CPU
		{3220CEA5-8119-48FE-AC18-5EB8EC658DE4}.Ad-Hoc|x64.ActiveCfg = Debug|Any CPU
		{3220CEA5-8119-48FE-AC18-5EB8EC658DE4}.Ad-Hoc|x64.Build.0 = Debug|Any CPU
		{3220CEA5-8119-48FE-AC18-5EB8EC658DE4}.Ad-Hoc|x86.ActiveCfg = Debug|Any CPU
		{3220CEA5-8119-48FE-AC18-5EB8EC658DE4}.Ad-Hoc|x86.Build.0 = Debug|Any CPU
		{3220CEA5-8119-48FE-AC18-5EB8EC658DE4}.AppStore|Any CPU.ActiveCfg = Debug|Any CPU
		{3220CEA5-8119-48FE-AC18-5EB8EC658DE4}.AppStore|Any CPU.Build.0 = Debug|Any CPU
		{3220CEA5-8119-48FE-AC18-5EB8EC658DE4}.AppStore|ARM.ActiveCfg = Debug|Any CPU
		{3220CEA5-8119-48FE-AC18-5EB8EC658DE4}.AppStore|ARM.Build.0 = Debug|Any CPU
		{3220CEA5-8119-48FE-AC18-5EB8EC658DE4}.AppStore|iPhone.ActiveCfg = Debug|Any CPU
		{3220CEA5-8119-48FE-AC18-5EB8EC658DE4}.AppStore|iPhone.Build.0 = Debug|Any CPU
		{3220CEA5-8119-48FE-AC18-5EB8EC658DE4}.AppStore|iPhoneSimulator.ActiveCfg = Debug|Any CPU
		{3220CEA5-8119-48FE-AC18-5EB8EC658DE4}.AppStore|iPhoneSimulator.Build.0 = Debug|Any CPU
		{3220CEA5-8119-48FE-AC18-5EB8EC658DE4}.AppStore|x64.ActiveCfg = Debug|Any CPU
		{3220CEA5-8119-48FE-AC18-5EB8EC658DE4}.AppStore|x64.Build.0 = Debug|Any CPU
		{3220CEA5-8119-48FE-AC18-5EB8EC658DE4}.AppStore|x86.ActiveCfg = Debug|Any CPU
		{3220CEA5-8119-48FE-AC18-5EB8EC658DE4}.AppStore|x86.Build.0 = Debug|Any CPU
		{3220CEA5-8119-48FE-AC18-5EB8EC658DE4}.Debug|Any CPU.ActiveCfg = Debug|Any CPU
		{3220CEA5-8119-48FE-AC18-5EB8EC658DE4}.Debug|Any CPU.Build.0 = Debug|Any CPU
		{3220CEA5-8119-48FE-AC18-5EB8EC658DE4}.Debug|ARM.ActiveCfg = Debug|Any CPU
		{3220CEA5-8119-48FE-AC18-5EB8EC658DE4}.Debug|ARM.Build.0 = Debug|Any CPU
		{3220CEA5-8119-48FE-AC18-5EB8EC658DE4}.Debug|iPhone.ActiveCfg = Debug|Any CPU
		{3220CEA5-8119-48FE-AC18-5EB8EC658DE4}.Debug|iPhone.Build.0 = Debug|Any CPU
		{3220CEA5-8119-48FE-AC18-5EB8EC658DE4}.Debug|iPhoneSimulator.ActiveCfg = Debug|Any CPU
		{3220CEA5-8119-48FE-AC18-5EB8EC658DE4}.Debug|iPhoneSimulator.Build.0 = Debug|Any CPU
		{3220CEA5-8119-48FE-AC18-5EB8EC658DE4}.Debug|x64.ActiveCfg = Debug|Any CPU
		{3220CEA5-8119-48FE-AC18-5EB8EC658DE4}.Debug|x64.Build.0 = Debug|Any CPU
		{3220CEA5-8119-48FE-AC18-5EB8EC658DE4}.Debug|x86.ActiveCfg = Debug|Any CPU
		{3220CEA5-8119-48FE-AC18-5EB8EC658DE4}.Debug|x86.Build.0 = Debug|Any CPU
		{3220CEA5-8119-48FE-AC18-5EB8EC658DE4}.Release|Any CPU.ActiveCfg = Release|Any CPU
		{3220CEA5-8119-48FE-AC18-5EB8EC658DE4}.Release|Any CPU.Build.0 = Release|Any CPU
		{3220CEA5-8119-48FE-AC18-5EB8EC658DE4}.Release|ARM.ActiveCfg = Release|Any CPU
		{3220CEA5-8119-48FE-AC18-5EB8EC658DE4}.Release|ARM.Build.0 = Release|Any CPU
		{3220CEA5-8119-48FE-AC18-5EB8EC658DE4}.Release|iPhone.ActiveCfg = Release|Any CPU
		{3220CEA5-8119-48FE-AC18-5EB8EC658DE4}.Release|iPhone.Build.0 = Release|Any CPU
		{3220CEA5-8119-48FE-AC18-5EB8EC658DE4}.Release|iPhoneSimulator.ActiveCfg = Release|Any CPU
		{3220CEA5-8119-48FE-AC18-5EB8EC658DE4}.Release|iPhoneSimulator.Build.0 = Release|Any CPU
		{3220CEA5-8119-48FE-AC18-5EB8EC658DE4}.Release|x64.ActiveCfg = Release|Any CPU
		{3220CEA5-8119-48FE-AC18-5EB8EC658DE4}.Release|x64.Build.0 = Release|Any CPU
		{3220CEA5-8119-48FE-AC18-5EB8EC658DE4}.Release|x86.ActiveCfg = Release|Any CPU
		{3220CEA5-8119-48FE-AC18-5EB8EC658DE4}.Release|x86.Build.0 = Release|Any CPU
	EndGlobalSection
	GlobalSection(SolutionProperties) = preSolution
		HideSolutionNode = FALSE
	EndGlobalSection
	GlobalSection(NestedProjects) = preSolution
		{1F2F3F15-A8CF-4AB7-8603-FB0309EAF8C7} = {FEDCE3CF-60E7-4496-B332-F58E9CCAEB69}
		{823205B3-C0DB-428D-9038-A03382D881D5} = {FEDCE3CF-60E7-4496-B332-F58E9CCAEB69}
		{8EDF4429-251A-416D-BB68-93F227191BCF} = {7D5DF90B-0510-4506-B646-AF8A657106E6}
		{D24BAD9A-329F-4D25-9419-F4DF45B4FFBE} = {7ADFB108-7D43-44C0-A785-C428643AA6B4}
		{A9CB5136-BD4F-40B7-8CAC-7A5B6070A655} = {7D5DF90B-0510-4506-B646-AF8A657106E6}
		{69CE74B5-F5EE-4057-A342-96533DAA7D9A} = {FEDCE3CF-60E7-4496-B332-F58E9CCAEB69}
		{8ED6DE06-A34B-4775-BCB2-1655C36649CC} = {27F71BBA-2C01-4ADB-9E33-FB69052BC6EE}
		{FA89013F-7726-425F-8B59-04DF27F088B3} = {7ADFB108-7D43-44C0-A785-C428643AA6B4}
		{68BCBE25-015B-4EDC-8F73-D585DD2D5A47} = {7ADFB108-7D43-44C0-A785-C428643AA6B4}
		{54BD0946-DD34-43B2-A375-1E27B2202A0A} = {7D5DF90B-0510-4506-B646-AF8A657106E6}
		{B03B44BB-12B3-4D5A-B06B-078E8A500A2E} = {27F71BBA-2C01-4ADB-9E33-FB69052BC6EE}
		{534F5A7F-109D-419D-BAEB-4FD9B986B3AA} = {7D5DF90B-0510-4506-B646-AF8A657106E6}
		{B15B31E8-4818-4826-9732-CC9139841BDE} = {7D5DF90B-0510-4506-B646-AF8A657106E6}
		{C3D5231E-740B-4168-ABBD-58E8F739BE13} = {FEDCE3CF-60E7-4496-B332-F58E9CCAEB69}
		{654CE95D-6B5B-41E1-BEA3-DCEE24F4C98A} = {FEDCE3CF-60E7-4496-B332-F58E9CCAEB69}
		{86305C57-D3E7-44D1-8BA1-65D6196CB2D5} = {FEDCE3CF-60E7-4496-B332-F58E9CCAEB69}
		{AC30253B-9567-46DF-BEDF-B1073E9A20CC} = {7D5DF90B-0510-4506-B646-AF8A657106E6}
		{EE4C3CE3-364E-4833-8E6F-93ECBB0B0CBF} = {7D5DF90B-0510-4506-B646-AF8A657106E6}
		{EBF16B94-4589-43E5-8BA1-DA89D15742DF} = {FEDCE3CF-60E7-4496-B332-F58E9CCAEB69}
		{A7DC9C7A-3EE3-4365-9104-BABAC7B2E8C3} = {FEDCE3CF-60E7-4496-B332-F58E9CCAEB69}
		{074CCB9B-7D6D-42C3-BB35-B5715F7F42D6} = {7ADFB108-7D43-44C0-A785-C428643AA6B4}
		{3220CEA5-8119-48FE-AC18-5EB8EC658DE4} = {FEDCE3CF-60E7-4496-B332-F58E9CCAEB69}
	EndGlobalSection
	GlobalSection(ExtensibilityGlobals) = postSolution
		SolutionGuid = {9C7F34C7-1F71-4660-82F6-B14CD5A4F7C0}
	EndGlobalSection
EndGlobal
