
Microsoft Visual Studio Solution File, Format Version 12.00
# Visual Studio 15
VisualStudioVersion = 15.0.27004.2005
MinimumVisualStudioVersion = 10.0.40219.1
Project("{FAE04EC0-301F-11D3-BF4B-00C04F79EFBC}") = "TypiconOnline.Infrastructure.Common", "Infrastructure.Common\TypiconOnline.Infrastructure.Common.csproj", "{1F2F3F15-A8CF-4AB7-8603-FB0309EAF8C7}"
EndProject
Project("{FAE04EC0-301F-11D3-BF4B-00C04F79EFBC}") = "TypiconOnline.Domain", "TypiconOnline.Domain\TypiconOnline.Domain.csproj", "{823205B3-C0DB-428D-9038-A03382D881D5}"
EndProject
Project("{FAE04EC0-301F-11D3-BF4B-00C04F79EFBC}") = "TypiconOnline.Domain.Tests", "TypiconOnline.Domain.Tests\TypiconOnline.Domain.Tests.csproj", "{8EDF4429-251A-416D-BB68-93F227191BCF}"
EndProject
Project("{FAE04EC0-301F-11D3-BF4B-00C04F79EFBC}") = "TypiconOnline.Repository.EF", "TypiconOnline.Repository.EF\TypiconOnline.Repository.EF.csproj", "{F5D4FD91-E0F6-4162-B3DE-A3EC6AC9A9D7}"
EndProject
Project("{FAE04EC0-301F-11D3-BF4B-00C04F79EFBC}") = "TypiconMigrationTool", "TypiconMigrationTool\TypiconMigrationTool.csproj", "{D24BAD9A-329F-4D25-9419-F4DF45B4FFBE}"
	ProjectSection(ProjectDependencies) = postProject
		{1F2F3F15-A8CF-4AB7-8603-FB0309EAF8C7} = {1F2F3F15-A8CF-4AB7-8603-FB0309EAF8C7}
		{F5D4FD91-E0F6-4162-B3DE-A3EC6AC9A9D7} = {F5D4FD91-E0F6-4162-B3DE-A3EC6AC9A9D7}
		{823205B3-C0DB-428D-9038-A03382D881D5} = {823205B3-C0DB-428D-9038-A03382D881D5}
		{4EE462F2-D6AF-4B99-B9B3-09AA172FE9C8} = {4EE462F2-D6AF-4B99-B9B3-09AA172FE9C8}
	EndProjectSection
EndProject
Project("{FAE04EC0-301F-11D3-BF4B-00C04F79EFBC}") = "TypiconOnline.Repository.EF.Tests", "TypiconOnline.Repository.EF.Tests\TypiconOnline.Repository.EF.Tests.csproj", "{2FEB2D58-DE0A-44CF-AF9D-FD2D367D30CD}"
EndProject
Project("{FAE04EC0-301F-11D3-BF4B-00C04F79EFBC}") = "TypiconOnline.WinForms", "TypiconOnline.WinForms\TypiconOnline.WinForms.csproj", "{E93D4321-3A5F-41E1-828D-B04F9889FD39}"
	ProjectSection(ProjectDependencies) = postProject
		{4EE462F2-D6AF-4B99-B9B3-09AA172FE9C8} = {4EE462F2-D6AF-4B99-B9B3-09AA172FE9C8}
	EndProjectSection
EndProject
Project("{FAE04EC0-301F-11D3-BF4B-00C04F79EFBC}") = "TypiconOnline.AppServices", "TypiconOnline.Services\TypiconOnline.AppServices.csproj", "{4EE462F2-D6AF-4B99-B9B3-09AA172FE9C8}"
	ProjectSection(ProjectDependencies) = postProject
		{1F2F3F15-A8CF-4AB7-8603-FB0309EAF8C7} = {1F2F3F15-A8CF-4AB7-8603-FB0309EAF8C7}
		{823205B3-C0DB-428D-9038-A03382D881D5} = {823205B3-C0DB-428D-9038-A03382D881D5}
	EndProjectSection
EndProject
Project("{FAE04EC0-301F-11D3-BF4B-00C04F79EFBC}") = "TypiconOnline.AppServices.Tests", "TypiconOnline.AppServices.Tests\TypiconOnline.AppServices.Tests.csproj", "{A9CB5136-BD4F-40B7-8CAC-7A5B6070A655}"
EndProject
Project("{FAE04EC0-301F-11D3-BF4B-00C04F79EFBC}") = "TypiconOnline.WinServices", "TypiconOnline.WinServices\TypiconOnline.WinServices.csproj", "{611C72A4-9F5A-43B3-9418-1A478A943475}"
EndProject
Project("{FAE04EC0-301F-11D3-BF4B-00C04F79EFBC}") = "TypiconOnline.Web", "..\TypiconOnline.Web\TypiconOnline.Web.csproj", "{CC7B76EF-3C30-4B99-AD72-2D8EA2C858EC}"
EndProject
Project("{FAE04EC0-301F-11D3-BF4B-00C04F79EFBC}") = "TypiconOnline.Infrastructure.Win", "TypiconOnline.Infrastructure.Win\TypiconOnline.Infrastructure.Win.csproj", "{69CE74B5-F5EE-4057-A342-96533DAA7D9A}"
EndProject
Project("{9A19103F-16F7-4668-BE54-9A1E7A4F7556}") = "TypiconOnline.Repository.EFCore", "TypiconOnline.Repository.EFCore\TypiconOnline.Repository.EFCore.csproj", "{8ED6DE06-A34B-4775-BCB2-1655C36649CC}"
EndProject
Project("{9A19103F-16F7-4668-BE54-9A1E7A4F7556}") = "TypiconMigrationTool.Core", "TypiconMigrationTool.Core\TypiconMigrationTool.Core.csproj", "{FA89013F-7726-425F-8B59-04DF27F088B3}"
EndProject
Project("{9A19103F-16F7-4668-BE54-9A1E7A4F7556}") = "TypiconOnline.WebApi", "TypiconOnline.WebApi\TypiconOnline.WebApi.csproj", "{68BCBE25-015B-4EDC-8F73-D585DD2D5A47}"
EndProject
Project("{9A19103F-16F7-4668-BE54-9A1E7A4F7556}") = "TypiconOnline.AppServices.Standard", "TypiconOnline.AppServices.Standard\TypiconOnline.AppServices.Standard.csproj", "{E5888F71-C704-408D-B928-E16C5528607A}"
EndProject
Project("{FAE04EC0-301F-11D3-BF4B-00C04F79EFBC}") = "TypiconOnline.Repository.EFCore.Tests", "TypiconOnline.Repository.EFCore.Tests\TypiconOnline.Repository.EFCore.Tests.csproj", "{54BD0946-DD34-43B2-A375-1E27B2202A0A}"
EndProject
Global
	GlobalSection(SolutionConfigurationPlatforms) = preSolution
		Ad-Hoc|Any CPU = Ad-Hoc|Any CPU
		Ad-Hoc|ARM = Ad-Hoc|ARM
		Ad-Hoc|iPhone = Ad-Hoc|iPhone
		Ad-Hoc|iPhoneSimulator = Ad-Hoc|iPhoneSimulator
		Ad-Hoc|x64 = Ad-Hoc|x64
		Ad-Hoc|x86 = Ad-Hoc|x86
		AppStore|Any CPU = AppStore|Any CPU
		AppStore|ARM = AppStore|ARM
		AppStore|iPhone = AppStore|iPhone
		AppStore|iPhoneSimulator = AppStore|iPhoneSimulator
		AppStore|x64 = AppStore|x64
		AppStore|x86 = AppStore|x86
		Debug|Any CPU = Debug|Any CPU
		Debug|ARM = Debug|ARM
		Debug|iPhone = Debug|iPhone
		Debug|iPhoneSimulator = Debug|iPhoneSimulator
		Debug|x64 = Debug|x64
		Debug|x86 = Debug|x86
		Release|Any CPU = Release|Any CPU
		Release|ARM = Release|ARM
		Release|iPhone = Release|iPhone
		Release|iPhoneSimulator = Release|iPhoneSimulator
		Release|x64 = Release|x64
		Release|x86 = Release|x86
	EndGlobalSection
	GlobalSection(ProjectConfigurationPlatforms) = postSolution
		{1F2F3F15-A8CF-4AB7-8603-FB0309EAF8C7}.Ad-Hoc|Any CPU.ActiveCfg = Release|Any CPU
		{1F2F3F15-A8CF-4AB7-8603-FB0309EAF8C7}.Ad-Hoc|Any CPU.Build.0 = Release|Any CPU
		{1F2F3F15-A8CF-4AB7-8603-FB0309EAF8C7}.Ad-Hoc|ARM.ActiveCfg = Release|Any CPU
		{1F2F3F15-A8CF-4AB7-8603-FB0309EAF8C7}.Ad-Hoc|ARM.Build.0 = Release|Any CPU
		{1F2F3F15-A8CF-4AB7-8603-FB0309EAF8C7}.Ad-Hoc|iPhone.ActiveCfg = Release|Any CPU
		{1F2F3F15-A8CF-4AB7-8603-FB0309EAF8C7}.Ad-Hoc|iPhone.Build.0 = Release|Any CPU
		{1F2F3F15-A8CF-4AB7-8603-FB0309EAF8C7}.Ad-Hoc|iPhoneSimulator.ActiveCfg = Release|Any CPU
		{1F2F3F15-A8CF-4AB7-8603-FB0309EAF8C7}.Ad-Hoc|iPhoneSimulator.Build.0 = Release|Any CPU
		{1F2F3F15-A8CF-4AB7-8603-FB0309EAF8C7}.Ad-Hoc|x64.ActiveCfg = Release|Any CPU
		{1F2F3F15-A8CF-4AB7-8603-FB0309EAF8C7}.Ad-Hoc|x64.Build.0 = Release|Any CPU
		{1F2F3F15-A8CF-4AB7-8603-FB0309EAF8C7}.Ad-Hoc|x86.ActiveCfg = Release|Any CPU
		{1F2F3F15-A8CF-4AB7-8603-FB0309EAF8C7}.Ad-Hoc|x86.Build.0 = Release|Any CPU
		{1F2F3F15-A8CF-4AB7-8603-FB0309EAF8C7}.AppStore|Any CPU.ActiveCfg = Release|Any CPU
		{1F2F3F15-A8CF-4AB7-8603-FB0309EAF8C7}.AppStore|Any CPU.Build.0 = Release|Any CPU
		{1F2F3F15-A8CF-4AB7-8603-FB0309EAF8C7}.AppStore|ARM.ActiveCfg = Release|Any CPU
		{1F2F3F15-A8CF-4AB7-8603-FB0309EAF8C7}.AppStore|ARM.Build.0 = Release|Any CPU
		{1F2F3F15-A8CF-4AB7-8603-FB0309EAF8C7}.AppStore|iPhone.ActiveCfg = Release|Any CPU
		{1F2F3F15-A8CF-4AB7-8603-FB0309EAF8C7}.AppStore|iPhone.Build.0 = Release|Any CPU
		{1F2F3F15-A8CF-4AB7-8603-FB0309EAF8C7}.AppStore|iPhoneSimulator.ActiveCfg = Release|Any CPU
		{1F2F3F15-A8CF-4AB7-8603-FB0309EAF8C7}.AppStore|iPhoneSimulator.Build.0 = Release|Any CPU
		{1F2F3F15-A8CF-4AB7-8603-FB0309EAF8C7}.AppStore|x64.ActiveCfg = Release|Any CPU
		{1F2F3F15-A8CF-4AB7-8603-FB0309EAF8C7}.AppStore|x64.Build.0 = Release|Any CPU
		{1F2F3F15-A8CF-4AB7-8603-FB0309EAF8C7}.AppStore|x86.ActiveCfg = Release|Any CPU
		{1F2F3F15-A8CF-4AB7-8603-FB0309EAF8C7}.AppStore|x86.Build.0 = Release|Any CPU
		{1F2F3F15-A8CF-4AB7-8603-FB0309EAF8C7}.Debug|Any CPU.ActiveCfg = Debug|Any CPU
		{1F2F3F15-A8CF-4AB7-8603-FB0309EAF8C7}.Debug|Any CPU.Build.0 = Debug|Any CPU
		{1F2F3F15-A8CF-4AB7-8603-FB0309EAF8C7}.Debug|ARM.ActiveCfg = Debug|Any CPU
		{1F2F3F15-A8CF-4AB7-8603-FB0309EAF8C7}.Debug|ARM.Build.0 = Debug|Any CPU
		{1F2F3F15-A8CF-4AB7-8603-FB0309EAF8C7}.Debug|iPhone.ActiveCfg = Debug|Any CPU
		{1F2F3F15-A8CF-4AB7-8603-FB0309EAF8C7}.Debug|iPhone.Build.0 = Debug|Any CPU
		{1F2F3F15-A8CF-4AB7-8603-FB0309EAF8C7}.Debug|iPhoneSimulator.ActiveCfg = Debug|Any CPU
		{1F2F3F15-A8CF-4AB7-8603-FB0309EAF8C7}.Debug|iPhoneSimulator.Build.0 = Debug|Any CPU
		{1F2F3F15-A8CF-4AB7-8603-FB0309EAF8C7}.Debug|x64.ActiveCfg = Debug|Any CPU
		{1F2F3F15-A8CF-4AB7-8603-FB0309EAF8C7}.Debug|x64.Build.0 = Debug|Any CPU
		{1F2F3F15-A8CF-4AB7-8603-FB0309EAF8C7}.Debug|x86.ActiveCfg = Debug|Any CPU
		{1F2F3F15-A8CF-4AB7-8603-FB0309EAF8C7}.Debug|x86.Build.0 = Debug|Any CPU
		{1F2F3F15-A8CF-4AB7-8603-FB0309EAF8C7}.Release|Any CPU.ActiveCfg = Release|Any CPU
		{1F2F3F15-A8CF-4AB7-8603-FB0309EAF8C7}.Release|Any CPU.Build.0 = Release|Any CPU
		{1F2F3F15-A8CF-4AB7-8603-FB0309EAF8C7}.Release|ARM.ActiveCfg = Release|Any CPU
		{1F2F3F15-A8CF-4AB7-8603-FB0309EAF8C7}.Release|ARM.Build.0 = Release|Any CPU
		{1F2F3F15-A8CF-4AB7-8603-FB0309EAF8C7}.Release|iPhone.ActiveCfg = Release|Any CPU
		{1F2F3F15-A8CF-4AB7-8603-FB0309EAF8C7}.Release|iPhone.Build.0 = Release|Any CPU
		{1F2F3F15-A8CF-4AB7-8603-FB0309EAF8C7}.Release|iPhoneSimulator.ActiveCfg = Release|Any CPU
		{1F2F3F15-A8CF-4AB7-8603-FB0309EAF8C7}.Release|iPhoneSimulator.Build.0 = Release|Any CPU
		{1F2F3F15-A8CF-4AB7-8603-FB0309EAF8C7}.Release|x64.ActiveCfg = Release|Any CPU
		{1F2F3F15-A8CF-4AB7-8603-FB0309EAF8C7}.Release|x64.Build.0 = Release|Any CPU
		{1F2F3F15-A8CF-4AB7-8603-FB0309EAF8C7}.Release|x86.ActiveCfg = Release|Any CPU
		{1F2F3F15-A8CF-4AB7-8603-FB0309EAF8C7}.Release|x86.Build.0 = Release|Any CPU
		{823205B3-C0DB-428D-9038-A03382D881D5}.Ad-Hoc|Any CPU.ActiveCfg = Release|Any CPU
		{823205B3-C0DB-428D-9038-A03382D881D5}.Ad-Hoc|Any CPU.Build.0 = Release|Any CPU
		{823205B3-C0DB-428D-9038-A03382D881D5}.Ad-Hoc|ARM.ActiveCfg = Release|Any CPU
		{823205B3-C0DB-428D-9038-A03382D881D5}.Ad-Hoc|ARM.Build.0 = Release|Any CPU
		{823205B3-C0DB-428D-9038-A03382D881D5}.Ad-Hoc|iPhone.ActiveCfg = Release|Any CPU
		{823205B3-C0DB-428D-9038-A03382D881D5}.Ad-Hoc|iPhone.Build.0 = Release|Any CPU
		{823205B3-C0DB-428D-9038-A03382D881D5}.Ad-Hoc|iPhoneSimulator.ActiveCfg = Release|Any CPU
		{823205B3-C0DB-428D-9038-A03382D881D5}.Ad-Hoc|iPhoneSimulator.Build.0 = Release|Any CPU
		{823205B3-C0DB-428D-9038-A03382D881D5}.Ad-Hoc|x64.ActiveCfg = Release|Any CPU
		{823205B3-C0DB-428D-9038-A03382D881D5}.Ad-Hoc|x64.Build.0 = Release|Any CPU
		{823205B3-C0DB-428D-9038-A03382D881D5}.Ad-Hoc|x86.ActiveCfg = Release|Any CPU
		{823205B3-C0DB-428D-9038-A03382D881D5}.Ad-Hoc|x86.Build.0 = Release|Any CPU
		{823205B3-C0DB-428D-9038-A03382D881D5}.AppStore|Any CPU.ActiveCfg = Release|Any CPU
		{823205B3-C0DB-428D-9038-A03382D881D5}.AppStore|Any CPU.Build.0 = Release|Any CPU
		{823205B3-C0DB-428D-9038-A03382D881D5}.AppStore|ARM.ActiveCfg = Release|Any CPU
		{823205B3-C0DB-428D-9038-A03382D881D5}.AppStore|ARM.Build.0 = Release|Any CPU
		{823205B3-C0DB-428D-9038-A03382D881D5}.AppStore|iPhone.ActiveCfg = Release|Any CPU
		{823205B3-C0DB-428D-9038-A03382D881D5}.AppStore|iPhone.Build.0 = Release|Any CPU
		{823205B3-C0DB-428D-9038-A03382D881D5}.AppStore|iPhoneSimulator.ActiveCfg = Release|Any CPU
		{823205B3-C0DB-428D-9038-A03382D881D5}.AppStore|iPhoneSimulator.Build.0 = Release|Any CPU
		{823205B3-C0DB-428D-9038-A03382D881D5}.AppStore|x64.ActiveCfg = Release|Any CPU
		{823205B3-C0DB-428D-9038-A03382D881D5}.AppStore|x64.Build.0 = Release|Any CPU
		{823205B3-C0DB-428D-9038-A03382D881D5}.AppStore|x86.ActiveCfg = Release|Any CPU
		{823205B3-C0DB-428D-9038-A03382D881D5}.AppStore|x86.Build.0 = Release|Any CPU
		{823205B3-C0DB-428D-9038-A03382D881D5}.Debug|Any CPU.ActiveCfg = Debug|Any CPU
		{823205B3-C0DB-428D-9038-A03382D881D5}.Debug|Any CPU.Build.0 = Debug|Any CPU
		{823205B3-C0DB-428D-9038-A03382D881D5}.Debug|ARM.ActiveCfg = Debug|Any CPU
		{823205B3-C0DB-428D-9038-A03382D881D5}.Debug|ARM.Build.0 = Debug|Any CPU
		{823205B3-C0DB-428D-9038-A03382D881D5}.Debug|iPhone.ActiveCfg = Debug|Any CPU
		{823205B3-C0DB-428D-9038-A03382D881D5}.Debug|iPhone.Build.0 = Debug|Any CPU
		{823205B3-C0DB-428D-9038-A03382D881D5}.Debug|iPhoneSimulator.ActiveCfg = Debug|Any CPU
		{823205B3-C0DB-428D-9038-A03382D881D5}.Debug|iPhoneSimulator.Build.0 = Debug|Any CPU
		{823205B3-C0DB-428D-9038-A03382D881D5}.Debug|x64.ActiveCfg = Debug|Any CPU
		{823205B3-C0DB-428D-9038-A03382D881D5}.Debug|x64.Build.0 = Debug|Any CPU
		{823205B3-C0DB-428D-9038-A03382D881D5}.Debug|x86.ActiveCfg = Debug|Any CPU
		{823205B3-C0DB-428D-9038-A03382D881D5}.Debug|x86.Build.0 = Debug|Any CPU
		{823205B3-C0DB-428D-9038-A03382D881D5}.Release|Any CPU.ActiveCfg = Release|Any CPU
		{823205B3-C0DB-428D-9038-A03382D881D5}.Release|Any CPU.Build.0 = Release|Any CPU
		{823205B3-C0DB-428D-9038-A03382D881D5}.Release|ARM.ActiveCfg = Release|Any CPU
		{823205B3-C0DB-428D-9038-A03382D881D5}.Release|ARM.Build.0 = Release|Any CPU
		{823205B3-C0DB-428D-9038-A03382D881D5}.Release|iPhone.ActiveCfg = Release|Any CPU
		{823205B3-C0DB-428D-9038-A03382D881D5}.Release|iPhone.Build.0 = Release|Any CPU
		{823205B3-C0DB-428D-9038-A03382D881D5}.Release|iPhoneSimulator.ActiveCfg = Release|Any CPU
		{823205B3-C0DB-428D-9038-A03382D881D5}.Release|iPhoneSimulator.Build.0 = Release|Any CPU
		{823205B3-C0DB-428D-9038-A03382D881D5}.Release|x64.ActiveCfg = Release|Any CPU
		{823205B3-C0DB-428D-9038-A03382D881D5}.Release|x64.Build.0 = Release|Any CPU
		{823205B3-C0DB-428D-9038-A03382D881D5}.Release|x86.ActiveCfg = Release|Any CPU
		{823205B3-C0DB-428D-9038-A03382D881D5}.Release|x86.Build.0 = Release|Any CPU
		{8EDF4429-251A-416D-BB68-93F227191BCF}.Ad-Hoc|Any CPU.ActiveCfg = Release|Any CPU
		{8EDF4429-251A-416D-BB68-93F227191BCF}.Ad-Hoc|Any CPU.Build.0 = Release|Any CPU
		{8EDF4429-251A-416D-BB68-93F227191BCF}.Ad-Hoc|ARM.ActiveCfg = Release|Any CPU
		{8EDF4429-251A-416D-BB68-93F227191BCF}.Ad-Hoc|ARM.Build.0 = Release|Any CPU
		{8EDF4429-251A-416D-BB68-93F227191BCF}.Ad-Hoc|iPhone.ActiveCfg = Release|Any CPU
		{8EDF4429-251A-416D-BB68-93F227191BCF}.Ad-Hoc|iPhone.Build.0 = Release|Any CPU
		{8EDF4429-251A-416D-BB68-93F227191BCF}.Ad-Hoc|iPhoneSimulator.ActiveCfg = Release|Any CPU
		{8EDF4429-251A-416D-BB68-93F227191BCF}.Ad-Hoc|iPhoneSimulator.Build.0 = Release|Any CPU
		{8EDF4429-251A-416D-BB68-93F227191BCF}.Ad-Hoc|x64.ActiveCfg = Release|Any CPU
		{8EDF4429-251A-416D-BB68-93F227191BCF}.Ad-Hoc|x64.Build.0 = Release|Any CPU
		{8EDF4429-251A-416D-BB68-93F227191BCF}.Ad-Hoc|x86.ActiveCfg = Release|Any CPU
		{8EDF4429-251A-416D-BB68-93F227191BCF}.Ad-Hoc|x86.Build.0 = Release|Any CPU
		{8EDF4429-251A-416D-BB68-93F227191BCF}.AppStore|Any CPU.ActiveCfg = Release|Any CPU
		{8EDF4429-251A-416D-BB68-93F227191BCF}.AppStore|Any CPU.Build.0 = Release|Any CPU
		{8EDF4429-251A-416D-BB68-93F227191BCF}.AppStore|ARM.ActiveCfg = Release|Any CPU
		{8EDF4429-251A-416D-BB68-93F227191BCF}.AppStore|ARM.Build.0 = Release|Any CPU
		{8EDF4429-251A-416D-BB68-93F227191BCF}.AppStore|iPhone.ActiveCfg = Release|Any CPU
		{8EDF4429-251A-416D-BB68-93F227191BCF}.AppStore|iPhone.Build.0 = Release|Any CPU
		{8EDF4429-251A-416D-BB68-93F227191BCF}.AppStore|iPhoneSimulator.ActiveCfg = Release|Any CPU
		{8EDF4429-251A-416D-BB68-93F227191BCF}.AppStore|iPhoneSimulator.Build.0 = Release|Any CPU
		{8EDF4429-251A-416D-BB68-93F227191BCF}.AppStore|x64.ActiveCfg = Release|Any CPU
		{8EDF4429-251A-416D-BB68-93F227191BCF}.AppStore|x64.Build.0 = Release|Any CPU
		{8EDF4429-251A-416D-BB68-93F227191BCF}.AppStore|x86.ActiveCfg = Release|Any CPU
		{8EDF4429-251A-416D-BB68-93F227191BCF}.AppStore|x86.Build.0 = Release|Any CPU
		{8EDF4429-251A-416D-BB68-93F227191BCF}.Debug|Any CPU.ActiveCfg = Debug|Any CPU
		{8EDF4429-251A-416D-BB68-93F227191BCF}.Debug|Any CPU.Build.0 = Debug|Any CPU
		{8EDF4429-251A-416D-BB68-93F227191BCF}.Debug|ARM.ActiveCfg = Debug|Any CPU
		{8EDF4429-251A-416D-BB68-93F227191BCF}.Debug|ARM.Build.0 = Debug|Any CPU
		{8EDF4429-251A-416D-BB68-93F227191BCF}.Debug|iPhone.ActiveCfg = Debug|Any CPU
		{8EDF4429-251A-416D-BB68-93F227191BCF}.Debug|iPhone.Build.0 = Debug|Any CPU
		{8EDF4429-251A-416D-BB68-93F227191BCF}.Debug|iPhoneSimulator.ActiveCfg = Debug|Any CPU
		{8EDF4429-251A-416D-BB68-93F227191BCF}.Debug|iPhoneSimulator.Build.0 = Debug|Any CPU
		{8EDF4429-251A-416D-BB68-93F227191BCF}.Debug|x64.ActiveCfg = Debug|Any CPU
		{8EDF4429-251A-416D-BB68-93F227191BCF}.Debug|x64.Build.0 = Debug|Any CPU
		{8EDF4429-251A-416D-BB68-93F227191BCF}.Debug|x86.ActiveCfg = Debug|Any CPU
		{8EDF4429-251A-416D-BB68-93F227191BCF}.Debug|x86.Build.0 = Debug|Any CPU
		{8EDF4429-251A-416D-BB68-93F227191BCF}.Release|Any CPU.ActiveCfg = Release|Any CPU
		{8EDF4429-251A-416D-BB68-93F227191BCF}.Release|Any CPU.Build.0 = Release|Any CPU
		{8EDF4429-251A-416D-BB68-93F227191BCF}.Release|ARM.ActiveCfg = Release|Any CPU
		{8EDF4429-251A-416D-BB68-93F227191BCF}.Release|ARM.Build.0 = Release|Any CPU
		{8EDF4429-251A-416D-BB68-93F227191BCF}.Release|iPhone.ActiveCfg = Release|Any CPU
		{8EDF4429-251A-416D-BB68-93F227191BCF}.Release|iPhone.Build.0 = Release|Any CPU
		{8EDF4429-251A-416D-BB68-93F227191BCF}.Release|iPhoneSimulator.ActiveCfg = Release|Any CPU
		{8EDF4429-251A-416D-BB68-93F227191BCF}.Release|iPhoneSimulator.Build.0 = Release|Any CPU
		{8EDF4429-251A-416D-BB68-93F227191BCF}.Release|x64.ActiveCfg = Release|Any CPU
		{8EDF4429-251A-416D-BB68-93F227191BCF}.Release|x64.Build.0 = Release|Any CPU
		{8EDF4429-251A-416D-BB68-93F227191BCF}.Release|x86.ActiveCfg = Release|Any CPU
		{8EDF4429-251A-416D-BB68-93F227191BCF}.Release|x86.Build.0 = Release|Any CPU
		{F5D4FD91-E0F6-4162-B3DE-A3EC6AC9A9D7}.Ad-Hoc|Any CPU.ActiveCfg = Release|Any CPU
		{F5D4FD91-E0F6-4162-B3DE-A3EC6AC9A9D7}.Ad-Hoc|Any CPU.Build.0 = Release|Any CPU
		{F5D4FD91-E0F6-4162-B3DE-A3EC6AC9A9D7}.Ad-Hoc|ARM.ActiveCfg = Release|Any CPU
		{F5D4FD91-E0F6-4162-B3DE-A3EC6AC9A9D7}.Ad-Hoc|ARM.Build.0 = Release|Any CPU
		{F5D4FD91-E0F6-4162-B3DE-A3EC6AC9A9D7}.Ad-Hoc|iPhone.ActiveCfg = Release|Any CPU
		{F5D4FD91-E0F6-4162-B3DE-A3EC6AC9A9D7}.Ad-Hoc|iPhone.Build.0 = Release|Any CPU
		{F5D4FD91-E0F6-4162-B3DE-A3EC6AC9A9D7}.Ad-Hoc|iPhoneSimulator.ActiveCfg = Release|Any CPU
		{F5D4FD91-E0F6-4162-B3DE-A3EC6AC9A9D7}.Ad-Hoc|iPhoneSimulator.Build.0 = Release|Any CPU
		{F5D4FD91-E0F6-4162-B3DE-A3EC6AC9A9D7}.Ad-Hoc|x64.ActiveCfg = Release|Any CPU
		{F5D4FD91-E0F6-4162-B3DE-A3EC6AC9A9D7}.Ad-Hoc|x64.Build.0 = Release|Any CPU
		{F5D4FD91-E0F6-4162-B3DE-A3EC6AC9A9D7}.Ad-Hoc|x86.ActiveCfg = Release|Any CPU
		{F5D4FD91-E0F6-4162-B3DE-A3EC6AC9A9D7}.Ad-Hoc|x86.Build.0 = Release|Any CPU
		{F5D4FD91-E0F6-4162-B3DE-A3EC6AC9A9D7}.AppStore|Any CPU.ActiveCfg = Release|Any CPU
		{F5D4FD91-E0F6-4162-B3DE-A3EC6AC9A9D7}.AppStore|Any CPU.Build.0 = Release|Any CPU
		{F5D4FD91-E0F6-4162-B3DE-A3EC6AC9A9D7}.AppStore|ARM.ActiveCfg = Release|Any CPU
		{F5D4FD91-E0F6-4162-B3DE-A3EC6AC9A9D7}.AppStore|ARM.Build.0 = Release|Any CPU
		{F5D4FD91-E0F6-4162-B3DE-A3EC6AC9A9D7}.AppStore|iPhone.ActiveCfg = Release|Any CPU
		{F5D4FD91-E0F6-4162-B3DE-A3EC6AC9A9D7}.AppStore|iPhone.Build.0 = Release|Any CPU
		{F5D4FD91-E0F6-4162-B3DE-A3EC6AC9A9D7}.AppStore|iPhoneSimulator.ActiveCfg = Release|Any CPU
		{F5D4FD91-E0F6-4162-B3DE-A3EC6AC9A9D7}.AppStore|iPhoneSimulator.Build.0 = Release|Any CPU
		{F5D4FD91-E0F6-4162-B3DE-A3EC6AC9A9D7}.AppStore|x64.ActiveCfg = Release|Any CPU
		{F5D4FD91-E0F6-4162-B3DE-A3EC6AC9A9D7}.AppStore|x64.Build.0 = Release|Any CPU
		{F5D4FD91-E0F6-4162-B3DE-A3EC6AC9A9D7}.AppStore|x86.ActiveCfg = Release|Any CPU
		{F5D4FD91-E0F6-4162-B3DE-A3EC6AC9A9D7}.AppStore|x86.Build.0 = Release|Any CPU
		{F5D4FD91-E0F6-4162-B3DE-A3EC6AC9A9D7}.Debug|Any CPU.ActiveCfg = Debug|Any CPU
		{F5D4FD91-E0F6-4162-B3DE-A3EC6AC9A9D7}.Debug|Any CPU.Build.0 = Debug|Any CPU
		{F5D4FD91-E0F6-4162-B3DE-A3EC6AC9A9D7}.Debug|ARM.ActiveCfg = Debug|Any CPU
		{F5D4FD91-E0F6-4162-B3DE-A3EC6AC9A9D7}.Debug|ARM.Build.0 = Debug|Any CPU
		{F5D4FD91-E0F6-4162-B3DE-A3EC6AC9A9D7}.Debug|iPhone.ActiveCfg = Debug|Any CPU
		{F5D4FD91-E0F6-4162-B3DE-A3EC6AC9A9D7}.Debug|iPhone.Build.0 = Debug|Any CPU
		{F5D4FD91-E0F6-4162-B3DE-A3EC6AC9A9D7}.Debug|iPhoneSimulator.ActiveCfg = Debug|Any CPU
		{F5D4FD91-E0F6-4162-B3DE-A3EC6AC9A9D7}.Debug|iPhoneSimulator.Build.0 = Debug|Any CPU
		{F5D4FD91-E0F6-4162-B3DE-A3EC6AC9A9D7}.Debug|x64.ActiveCfg = Debug|Any CPU
		{F5D4FD91-E0F6-4162-B3DE-A3EC6AC9A9D7}.Debug|x64.Build.0 = Debug|Any CPU
		{F5D4FD91-E0F6-4162-B3DE-A3EC6AC9A9D7}.Debug|x86.ActiveCfg = Debug|Any CPU
		{F5D4FD91-E0F6-4162-B3DE-A3EC6AC9A9D7}.Debug|x86.Build.0 = Debug|Any CPU
		{F5D4FD91-E0F6-4162-B3DE-A3EC6AC9A9D7}.Release|Any CPU.ActiveCfg = Release|Any CPU
		{F5D4FD91-E0F6-4162-B3DE-A3EC6AC9A9D7}.Release|Any CPU.Build.0 = Release|Any CPU
		{F5D4FD91-E0F6-4162-B3DE-A3EC6AC9A9D7}.Release|ARM.ActiveCfg = Release|Any CPU
		{F5D4FD91-E0F6-4162-B3DE-A3EC6AC9A9D7}.Release|ARM.Build.0 = Release|Any CPU
		{F5D4FD91-E0F6-4162-B3DE-A3EC6AC9A9D7}.Release|iPhone.ActiveCfg = Release|Any CPU
		{F5D4FD91-E0F6-4162-B3DE-A3EC6AC9A9D7}.Release|iPhone.Build.0 = Release|Any CPU
		{F5D4FD91-E0F6-4162-B3DE-A3EC6AC9A9D7}.Release|iPhoneSimulator.ActiveCfg = Release|Any CPU
		{F5D4FD91-E0F6-4162-B3DE-A3EC6AC9A9D7}.Release|iPhoneSimulator.Build.0 = Release|Any CPU
		{F5D4FD91-E0F6-4162-B3DE-A3EC6AC9A9D7}.Release|x64.ActiveCfg = Release|Any CPU
		{F5D4FD91-E0F6-4162-B3DE-A3EC6AC9A9D7}.Release|x64.Build.0 = Release|Any CPU
		{F5D4FD91-E0F6-4162-B3DE-A3EC6AC9A9D7}.Release|x86.ActiveCfg = Release|Any CPU
		{F5D4FD91-E0F6-4162-B3DE-A3EC6AC9A9D7}.Release|x86.Build.0 = Release|Any CPU
		{D24BAD9A-329F-4D25-9419-F4DF45B4FFBE}.Ad-Hoc|Any CPU.ActiveCfg = Release|Any CPU
		{D24BAD9A-329F-4D25-9419-F4DF45B4FFBE}.Ad-Hoc|Any CPU.Build.0 = Release|Any CPU
		{D24BAD9A-329F-4D25-9419-F4DF45B4FFBE}.Ad-Hoc|ARM.ActiveCfg = Release|Any CPU
		{D24BAD9A-329F-4D25-9419-F4DF45B4FFBE}.Ad-Hoc|ARM.Build.0 = Release|Any CPU
		{D24BAD9A-329F-4D25-9419-F4DF45B4FFBE}.Ad-Hoc|iPhone.ActiveCfg = Release|Any CPU
		{D24BAD9A-329F-4D25-9419-F4DF45B4FFBE}.Ad-Hoc|iPhone.Build.0 = Release|Any CPU
		{D24BAD9A-329F-4D25-9419-F4DF45B4FFBE}.Ad-Hoc|iPhoneSimulator.ActiveCfg = Release|Any CPU
		{D24BAD9A-329F-4D25-9419-F4DF45B4FFBE}.Ad-Hoc|iPhoneSimulator.Build.0 = Release|Any CPU
		{D24BAD9A-329F-4D25-9419-F4DF45B4FFBE}.Ad-Hoc|x64.ActiveCfg = Release|Any CPU
		{D24BAD9A-329F-4D25-9419-F4DF45B4FFBE}.Ad-Hoc|x64.Build.0 = Release|Any CPU
		{D24BAD9A-329F-4D25-9419-F4DF45B4FFBE}.Ad-Hoc|x86.ActiveCfg = Release|Any CPU
		{D24BAD9A-329F-4D25-9419-F4DF45B4FFBE}.Ad-Hoc|x86.Build.0 = Release|Any CPU
		{D24BAD9A-329F-4D25-9419-F4DF45B4FFBE}.AppStore|Any CPU.ActiveCfg = Release|Any CPU
		{D24BAD9A-329F-4D25-9419-F4DF45B4FFBE}.AppStore|Any CPU.Build.0 = Release|Any CPU
		{D24BAD9A-329F-4D25-9419-F4DF45B4FFBE}.AppStore|ARM.ActiveCfg = Release|Any CPU
		{D24BAD9A-329F-4D25-9419-F4DF45B4FFBE}.AppStore|ARM.Build.0 = Release|Any CPU
		{D24BAD9A-329F-4D25-9419-F4DF45B4FFBE}.AppStore|iPhone.ActiveCfg = Release|Any CPU
		{D24BAD9A-329F-4D25-9419-F4DF45B4FFBE}.AppStore|iPhone.Build.0 = Release|Any CPU
		{D24BAD9A-329F-4D25-9419-F4DF45B4FFBE}.AppStore|iPhoneSimulator.ActiveCfg = Release|Any CPU
		{D24BAD9A-329F-4D25-9419-F4DF45B4FFBE}.AppStore|iPhoneSimulator.Build.0 = Release|Any CPU
		{D24BAD9A-329F-4D25-9419-F4DF45B4FFBE}.AppStore|x64.ActiveCfg = Release|Any CPU
		{D24BAD9A-329F-4D25-9419-F4DF45B4FFBE}.AppStore|x64.Build.0 = Release|Any CPU
		{D24BAD9A-329F-4D25-9419-F4DF45B4FFBE}.AppStore|x86.ActiveCfg = Release|Any CPU
		{D24BAD9A-329F-4D25-9419-F4DF45B4FFBE}.AppStore|x86.Build.0 = Release|Any CPU
		{D24BAD9A-329F-4D25-9419-F4DF45B4FFBE}.Debug|Any CPU.ActiveCfg = Debug|Any CPU
		{D24BAD9A-329F-4D25-9419-F4DF45B4FFBE}.Debug|Any CPU.Build.0 = Debug|Any CPU
		{D24BAD9A-329F-4D25-9419-F4DF45B4FFBE}.Debug|ARM.ActiveCfg = Debug|Any CPU
		{D24BAD9A-329F-4D25-9419-F4DF45B4FFBE}.Debug|ARM.Build.0 = Debug|Any CPU
		{D24BAD9A-329F-4D25-9419-F4DF45B4FFBE}.Debug|iPhone.ActiveCfg = Debug|Any CPU
		{D24BAD9A-329F-4D25-9419-F4DF45B4FFBE}.Debug|iPhone.Build.0 = Debug|Any CPU
		{D24BAD9A-329F-4D25-9419-F4DF45B4FFBE}.Debug|iPhoneSimulator.ActiveCfg = Debug|Any CPU
		{D24BAD9A-329F-4D25-9419-F4DF45B4FFBE}.Debug|iPhoneSimulator.Build.0 = Debug|Any CPU
		{D24BAD9A-329F-4D25-9419-F4DF45B4FFBE}.Debug|x64.ActiveCfg = Debug|Any CPU
		{D24BAD9A-329F-4D25-9419-F4DF45B4FFBE}.Debug|x64.Build.0 = Debug|Any CPU
		{D24BAD9A-329F-4D25-9419-F4DF45B4FFBE}.Debug|x86.ActiveCfg = Debug|Any CPU
		{D24BAD9A-329F-4D25-9419-F4DF45B4FFBE}.Debug|x86.Build.0 = Debug|Any CPU
		{D24BAD9A-329F-4D25-9419-F4DF45B4FFBE}.Release|Any CPU.ActiveCfg = Release|Any CPU
		{D24BAD9A-329F-4D25-9419-F4DF45B4FFBE}.Release|Any CPU.Build.0 = Release|Any CPU
		{D24BAD9A-329F-4D25-9419-F4DF45B4FFBE}.Release|ARM.ActiveCfg = Release|Any CPU
		{D24BAD9A-329F-4D25-9419-F4DF45B4FFBE}.Release|ARM.Build.0 = Release|Any CPU
		{D24BAD9A-329F-4D25-9419-F4DF45B4FFBE}.Release|iPhone.ActiveCfg = Release|Any CPU
		{D24BAD9A-329F-4D25-9419-F4DF45B4FFBE}.Release|iPhone.Build.0 = Release|Any CPU
		{D24BAD9A-329F-4D25-9419-F4DF45B4FFBE}.Release|iPhoneSimulator.ActiveCfg = Release|Any CPU
		{D24BAD9A-329F-4D25-9419-F4DF45B4FFBE}.Release|iPhoneSimulator.Build.0 = Release|Any CPU
		{D24BAD9A-329F-4D25-9419-F4DF45B4FFBE}.Release|x64.ActiveCfg = Release|Any CPU
		{D24BAD9A-329F-4D25-9419-F4DF45B4FFBE}.Release|x64.Build.0 = Release|Any CPU
		{D24BAD9A-329F-4D25-9419-F4DF45B4FFBE}.Release|x86.ActiveCfg = Release|Any CPU
		{D24BAD9A-329F-4D25-9419-F4DF45B4FFBE}.Release|x86.Build.0 = Release|Any CPU
		{2FEB2D58-DE0A-44CF-AF9D-FD2D367D30CD}.Ad-Hoc|Any CPU.ActiveCfg = Release|Any CPU
		{2FEB2D58-DE0A-44CF-AF9D-FD2D367D30CD}.Ad-Hoc|Any CPU.Build.0 = Release|Any CPU
		{2FEB2D58-DE0A-44CF-AF9D-FD2D367D30CD}.Ad-Hoc|ARM.ActiveCfg = Release|Any CPU
		{2FEB2D58-DE0A-44CF-AF9D-FD2D367D30CD}.Ad-Hoc|ARM.Build.0 = Release|Any CPU
		{2FEB2D58-DE0A-44CF-AF9D-FD2D367D30CD}.Ad-Hoc|iPhone.ActiveCfg = Release|Any CPU
		{2FEB2D58-DE0A-44CF-AF9D-FD2D367D30CD}.Ad-Hoc|iPhone.Build.0 = Release|Any CPU
		{2FEB2D58-DE0A-44CF-AF9D-FD2D367D30CD}.Ad-Hoc|iPhoneSimulator.ActiveCfg = Release|Any CPU
		{2FEB2D58-DE0A-44CF-AF9D-FD2D367D30CD}.Ad-Hoc|iPhoneSimulator.Build.0 = Release|Any CPU
		{2FEB2D58-DE0A-44CF-AF9D-FD2D367D30CD}.Ad-Hoc|x64.ActiveCfg = Release|Any CPU
		{2FEB2D58-DE0A-44CF-AF9D-FD2D367D30CD}.Ad-Hoc|x64.Build.0 = Release|Any CPU
		{2FEB2D58-DE0A-44CF-AF9D-FD2D367D30CD}.Ad-Hoc|x86.ActiveCfg = Release|Any CPU
		{2FEB2D58-DE0A-44CF-AF9D-FD2D367D30CD}.Ad-Hoc|x86.Build.0 = Release|Any CPU
		{2FEB2D58-DE0A-44CF-AF9D-FD2D367D30CD}.AppStore|Any CPU.ActiveCfg = Release|Any CPU
		{2FEB2D58-DE0A-44CF-AF9D-FD2D367D30CD}.AppStore|Any CPU.Build.0 = Release|Any CPU
		{2FEB2D58-DE0A-44CF-AF9D-FD2D367D30CD}.AppStore|ARM.ActiveCfg = Release|Any CPU
		{2FEB2D58-DE0A-44CF-AF9D-FD2D367D30CD}.AppStore|ARM.Build.0 = Release|Any CPU
		{2FEB2D58-DE0A-44CF-AF9D-FD2D367D30CD}.AppStore|iPhone.ActiveCfg = Release|Any CPU
		{2FEB2D58-DE0A-44CF-AF9D-FD2D367D30CD}.AppStore|iPhone.Build.0 = Release|Any CPU
		{2FEB2D58-DE0A-44CF-AF9D-FD2D367D30CD}.AppStore|iPhoneSimulator.ActiveCfg = Release|Any CPU
		{2FEB2D58-DE0A-44CF-AF9D-FD2D367D30CD}.AppStore|iPhoneSimulator.Build.0 = Release|Any CPU
		{2FEB2D58-DE0A-44CF-AF9D-FD2D367D30CD}.AppStore|x64.ActiveCfg = Release|Any CPU
		{2FEB2D58-DE0A-44CF-AF9D-FD2D367D30CD}.AppStore|x64.Build.0 = Release|Any CPU
		{2FEB2D58-DE0A-44CF-AF9D-FD2D367D30CD}.AppStore|x86.ActiveCfg = Release|Any CPU
		{2FEB2D58-DE0A-44CF-AF9D-FD2D367D30CD}.AppStore|x86.Build.0 = Release|Any CPU
		{2FEB2D58-DE0A-44CF-AF9D-FD2D367D30CD}.Debug|Any CPU.ActiveCfg = Debug|Any CPU
		{2FEB2D58-DE0A-44CF-AF9D-FD2D367D30CD}.Debug|Any CPU.Build.0 = Debug|Any CPU
		{2FEB2D58-DE0A-44CF-AF9D-FD2D367D30CD}.Debug|ARM.ActiveCfg = Debug|Any CPU
		{2FEB2D58-DE0A-44CF-AF9D-FD2D367D30CD}.Debug|ARM.Build.0 = Debug|Any CPU
		{2FEB2D58-DE0A-44CF-AF9D-FD2D367D30CD}.Debug|iPhone.ActiveCfg = Debug|Any CPU
		{2FEB2D58-DE0A-44CF-AF9D-FD2D367D30CD}.Debug|iPhone.Build.0 = Debug|Any CPU
		{2FEB2D58-DE0A-44CF-AF9D-FD2D367D30CD}.Debug|iPhoneSimulator.ActiveCfg = Debug|Any CPU
		{2FEB2D58-DE0A-44CF-AF9D-FD2D367D30CD}.Debug|iPhoneSimulator.Build.0 = Debug|Any CPU
		{2FEB2D58-DE0A-44CF-AF9D-FD2D367D30CD}.Debug|x64.ActiveCfg = Debug|Any CPU
		{2FEB2D58-DE0A-44CF-AF9D-FD2D367D30CD}.Debug|x64.Build.0 = Debug|Any CPU
		{2FEB2D58-DE0A-44CF-AF9D-FD2D367D30CD}.Debug|x86.ActiveCfg = Debug|Any CPU
		{2FEB2D58-DE0A-44CF-AF9D-FD2D367D30CD}.Debug|x86.Build.0 = Debug|Any CPU
		{2FEB2D58-DE0A-44CF-AF9D-FD2D367D30CD}.Release|Any CPU.ActiveCfg = Release|Any CPU
		{2FEB2D58-DE0A-44CF-AF9D-FD2D367D30CD}.Release|Any CPU.Build.0 = Release|Any CPU
		{2FEB2D58-DE0A-44CF-AF9D-FD2D367D30CD}.Release|ARM.ActiveCfg = Release|Any CPU
		{2FEB2D58-DE0A-44CF-AF9D-FD2D367D30CD}.Release|ARM.Build.0 = Release|Any CPU
		{2FEB2D58-DE0A-44CF-AF9D-FD2D367D30CD}.Release|iPhone.ActiveCfg = Release|Any CPU
		{2FEB2D58-DE0A-44CF-AF9D-FD2D367D30CD}.Release|iPhone.Build.0 = Release|Any CPU
		{2FEB2D58-DE0A-44CF-AF9D-FD2D367D30CD}.Release|iPhoneSimulator.ActiveCfg = Release|Any CPU
		{2FEB2D58-DE0A-44CF-AF9D-FD2D367D30CD}.Release|iPhoneSimulator.Build.0 = Release|Any CPU
		{2FEB2D58-DE0A-44CF-AF9D-FD2D367D30CD}.Release|x64.ActiveCfg = Release|Any CPU
		{2FEB2D58-DE0A-44CF-AF9D-FD2D367D30CD}.Release|x64.Build.0 = Release|Any CPU
		{2FEB2D58-DE0A-44CF-AF9D-FD2D367D30CD}.Release|x86.ActiveCfg = Release|Any CPU
		{2FEB2D58-DE0A-44CF-AF9D-FD2D367D30CD}.Release|x86.Build.0 = Release|Any CPU
		{E93D4321-3A5F-41E1-828D-B04F9889FD39}.Ad-Hoc|Any CPU.ActiveCfg = Release|Any CPU
		{E93D4321-3A5F-41E1-828D-B04F9889FD39}.Ad-Hoc|Any CPU.Build.0 = Release|Any CPU
		{E93D4321-3A5F-41E1-828D-B04F9889FD39}.Ad-Hoc|ARM.ActiveCfg = Release|Any CPU
		{E93D4321-3A5F-41E1-828D-B04F9889FD39}.Ad-Hoc|ARM.Build.0 = Release|Any CPU
		{E93D4321-3A5F-41E1-828D-B04F9889FD39}.Ad-Hoc|iPhone.ActiveCfg = Release|Any CPU
		{E93D4321-3A5F-41E1-828D-B04F9889FD39}.Ad-Hoc|iPhone.Build.0 = Release|Any CPU
		{E93D4321-3A5F-41E1-828D-B04F9889FD39}.Ad-Hoc|iPhoneSimulator.ActiveCfg = Release|Any CPU
		{E93D4321-3A5F-41E1-828D-B04F9889FD39}.Ad-Hoc|iPhoneSimulator.Build.0 = Release|Any CPU
		{E93D4321-3A5F-41E1-828D-B04F9889FD39}.Ad-Hoc|x64.ActiveCfg = Release|Any CPU
		{E93D4321-3A5F-41E1-828D-B04F9889FD39}.Ad-Hoc|x64.Build.0 = Release|Any CPU
		{E93D4321-3A5F-41E1-828D-B04F9889FD39}.Ad-Hoc|x86.ActiveCfg = Release|x86
		{E93D4321-3A5F-41E1-828D-B04F9889FD39}.Ad-Hoc|x86.Build.0 = Release|x86
		{E93D4321-3A5F-41E1-828D-B04F9889FD39}.AppStore|Any CPU.ActiveCfg = Release|Any CPU
		{E93D4321-3A5F-41E1-828D-B04F9889FD39}.AppStore|Any CPU.Build.0 = Release|Any CPU
		{E93D4321-3A5F-41E1-828D-B04F9889FD39}.AppStore|ARM.ActiveCfg = Release|Any CPU
		{E93D4321-3A5F-41E1-828D-B04F9889FD39}.AppStore|ARM.Build.0 = Release|Any CPU
		{E93D4321-3A5F-41E1-828D-B04F9889FD39}.AppStore|iPhone.ActiveCfg = Release|Any CPU
		{E93D4321-3A5F-41E1-828D-B04F9889FD39}.AppStore|iPhone.Build.0 = Release|Any CPU
		{E93D4321-3A5F-41E1-828D-B04F9889FD39}.AppStore|iPhoneSimulator.ActiveCfg = Release|Any CPU
		{E93D4321-3A5F-41E1-828D-B04F9889FD39}.AppStore|iPhoneSimulator.Build.0 = Release|Any CPU
		{E93D4321-3A5F-41E1-828D-B04F9889FD39}.AppStore|x64.ActiveCfg = Release|Any CPU
		{E93D4321-3A5F-41E1-828D-B04F9889FD39}.AppStore|x64.Build.0 = Release|Any CPU
		{E93D4321-3A5F-41E1-828D-B04F9889FD39}.AppStore|x86.ActiveCfg = Release|x86
		{E93D4321-3A5F-41E1-828D-B04F9889FD39}.AppStore|x86.Build.0 = Release|x86
		{E93D4321-3A5F-41E1-828D-B04F9889FD39}.Debug|Any CPU.ActiveCfg = Debug|Any CPU
		{E93D4321-3A5F-41E1-828D-B04F9889FD39}.Debug|Any CPU.Build.0 = Debug|Any CPU
		{E93D4321-3A5F-41E1-828D-B04F9889FD39}.Debug|ARM.ActiveCfg = Debug|Any CPU
		{E93D4321-3A5F-41E1-828D-B04F9889FD39}.Debug|ARM.Build.0 = Debug|Any CPU
		{E93D4321-3A5F-41E1-828D-B04F9889FD39}.Debug|iPhone.ActiveCfg = Debug|Any CPU
		{E93D4321-3A5F-41E1-828D-B04F9889FD39}.Debug|iPhone.Build.0 = Debug|Any CPU
		{E93D4321-3A5F-41E1-828D-B04F9889FD39}.Debug|iPhoneSimulator.ActiveCfg = Debug|Any CPU
		{E93D4321-3A5F-41E1-828D-B04F9889FD39}.Debug|iPhoneSimulator.Build.0 = Debug|Any CPU
		{E93D4321-3A5F-41E1-828D-B04F9889FD39}.Debug|x64.ActiveCfg = Debug|Any CPU
		{E93D4321-3A5F-41E1-828D-B04F9889FD39}.Debug|x64.Build.0 = Debug|Any CPU
		{E93D4321-3A5F-41E1-828D-B04F9889FD39}.Debug|x86.ActiveCfg = Debug|x86
		{E93D4321-3A5F-41E1-828D-B04F9889FD39}.Debug|x86.Build.0 = Debug|x86
		{E93D4321-3A5F-41E1-828D-B04F9889FD39}.Release|Any CPU.ActiveCfg = Release|Any CPU
		{E93D4321-3A5F-41E1-828D-B04F9889FD39}.Release|Any CPU.Build.0 = Release|Any CPU
		{E93D4321-3A5F-41E1-828D-B04F9889FD39}.Release|ARM.ActiveCfg = Release|Any CPU
		{E93D4321-3A5F-41E1-828D-B04F9889FD39}.Release|ARM.Build.0 = Release|Any CPU
		{E93D4321-3A5F-41E1-828D-B04F9889FD39}.Release|iPhone.ActiveCfg = Release|Any CPU
		{E93D4321-3A5F-41E1-828D-B04F9889FD39}.Release|iPhone.Build.0 = Release|Any CPU
		{E93D4321-3A5F-41E1-828D-B04F9889FD39}.Release|iPhoneSimulator.ActiveCfg = Release|Any CPU
		{E93D4321-3A5F-41E1-828D-B04F9889FD39}.Release|iPhoneSimulator.Build.0 = Release|Any CPU
		{E93D4321-3A5F-41E1-828D-B04F9889FD39}.Release|x64.ActiveCfg = Release|Any CPU
		{E93D4321-3A5F-41E1-828D-B04F9889FD39}.Release|x64.Build.0 = Release|Any CPU
		{E93D4321-3A5F-41E1-828D-B04F9889FD39}.Release|x86.ActiveCfg = Release|x86
		{E93D4321-3A5F-41E1-828D-B04F9889FD39}.Release|x86.Build.0 = Release|x86
		{4EE462F2-D6AF-4B99-B9B3-09AA172FE9C8}.Ad-Hoc|Any CPU.ActiveCfg = Release|Any CPU
		{4EE462F2-D6AF-4B99-B9B3-09AA172FE9C8}.Ad-Hoc|Any CPU.Build.0 = Release|Any CPU
		{4EE462F2-D6AF-4B99-B9B3-09AA172FE9C8}.Ad-Hoc|ARM.ActiveCfg = Release|Any CPU
		{4EE462F2-D6AF-4B99-B9B3-09AA172FE9C8}.Ad-Hoc|ARM.Build.0 = Release|Any CPU
		{4EE462F2-D6AF-4B99-B9B3-09AA172FE9C8}.Ad-Hoc|iPhone.ActiveCfg = Release|Any CPU
		{4EE462F2-D6AF-4B99-B9B3-09AA172FE9C8}.Ad-Hoc|iPhone.Build.0 = Release|Any CPU
		{4EE462F2-D6AF-4B99-B9B3-09AA172FE9C8}.Ad-Hoc|iPhoneSimulator.ActiveCfg = Release|Any CPU
		{4EE462F2-D6AF-4B99-B9B3-09AA172FE9C8}.Ad-Hoc|iPhoneSimulator.Build.0 = Release|Any CPU
		{4EE462F2-D6AF-4B99-B9B3-09AA172FE9C8}.Ad-Hoc|x64.ActiveCfg = Release|Any CPU
		{4EE462F2-D6AF-4B99-B9B3-09AA172FE9C8}.Ad-Hoc|x64.Build.0 = Release|Any CPU
		{4EE462F2-D6AF-4B99-B9B3-09AA172FE9C8}.Ad-Hoc|x86.ActiveCfg = Release|Any CPU
		{4EE462F2-D6AF-4B99-B9B3-09AA172FE9C8}.Ad-Hoc|x86.Build.0 = Release|Any CPU
		{4EE462F2-D6AF-4B99-B9B3-09AA172FE9C8}.AppStore|Any CPU.ActiveCfg = Release|Any CPU
		{4EE462F2-D6AF-4B99-B9B3-09AA172FE9C8}.AppStore|Any CPU.Build.0 = Release|Any CPU
		{4EE462F2-D6AF-4B99-B9B3-09AA172FE9C8}.AppStore|ARM.ActiveCfg = Release|Any CPU
		{4EE462F2-D6AF-4B99-B9B3-09AA172FE9C8}.AppStore|ARM.Build.0 = Release|Any CPU
		{4EE462F2-D6AF-4B99-B9B3-09AA172FE9C8}.AppStore|iPhone.ActiveCfg = Release|Any CPU
		{4EE462F2-D6AF-4B99-B9B3-09AA172FE9C8}.AppStore|iPhone.Build.0 = Release|Any CPU
		{4EE462F2-D6AF-4B99-B9B3-09AA172FE9C8}.AppStore|iPhoneSimulator.ActiveCfg = Release|Any CPU
		{4EE462F2-D6AF-4B99-B9B3-09AA172FE9C8}.AppStore|iPhoneSimulator.Build.0 = Release|Any CPU
		{4EE462F2-D6AF-4B99-B9B3-09AA172FE9C8}.AppStore|x64.ActiveCfg = Release|Any CPU
		{4EE462F2-D6AF-4B99-B9B3-09AA172FE9C8}.AppStore|x64.Build.0 = Release|Any CPU
		{4EE462F2-D6AF-4B99-B9B3-09AA172FE9C8}.AppStore|x86.ActiveCfg = Release|Any CPU
		{4EE462F2-D6AF-4B99-B9B3-09AA172FE9C8}.AppStore|x86.Build.0 = Release|Any CPU
		{4EE462F2-D6AF-4B99-B9B3-09AA172FE9C8}.Debug|Any CPU.ActiveCfg = Debug|Any CPU
		{4EE462F2-D6AF-4B99-B9B3-09AA172FE9C8}.Debug|Any CPU.Build.0 = Debug|Any CPU
		{4EE462F2-D6AF-4B99-B9B3-09AA172FE9C8}.Debug|ARM.ActiveCfg = Debug|Any CPU
		{4EE462F2-D6AF-4B99-B9B3-09AA172FE9C8}.Debug|ARM.Build.0 = Debug|Any CPU
		{4EE462F2-D6AF-4B99-B9B3-09AA172FE9C8}.Debug|iPhone.ActiveCfg = Debug|Any CPU
		{4EE462F2-D6AF-4B99-B9B3-09AA172FE9C8}.Debug|iPhone.Build.0 = Debug|Any CPU
		{4EE462F2-D6AF-4B99-B9B3-09AA172FE9C8}.Debug|iPhoneSimulator.ActiveCfg = Debug|Any CPU
		{4EE462F2-D6AF-4B99-B9B3-09AA172FE9C8}.Debug|iPhoneSimulator.Build.0 = Debug|Any CPU
		{4EE462F2-D6AF-4B99-B9B3-09AA172FE9C8}.Debug|x64.ActiveCfg = Debug|Any CPU
		{4EE462F2-D6AF-4B99-B9B3-09AA172FE9C8}.Debug|x64.Build.0 = Debug|Any CPU
		{4EE462F2-D6AF-4B99-B9B3-09AA172FE9C8}.Debug|x86.ActiveCfg = Debug|Any CPU
		{4EE462F2-D6AF-4B99-B9B3-09AA172FE9C8}.Debug|x86.Build.0 = Debug|Any CPU
		{4EE462F2-D6AF-4B99-B9B3-09AA172FE9C8}.Release|Any CPU.ActiveCfg = Release|Any CPU
		{4EE462F2-D6AF-4B99-B9B3-09AA172FE9C8}.Release|Any CPU.Build.0 = Release|Any CPU
		{4EE462F2-D6AF-4B99-B9B3-09AA172FE9C8}.Release|ARM.ActiveCfg = Release|Any CPU
		{4EE462F2-D6AF-4B99-B9B3-09AA172FE9C8}.Release|ARM.Build.0 = Release|Any CPU
		{4EE462F2-D6AF-4B99-B9B3-09AA172FE9C8}.Release|iPhone.ActiveCfg = Release|Any CPU
		{4EE462F2-D6AF-4B99-B9B3-09AA172FE9C8}.Release|iPhone.Build.0 = Release|Any CPU
		{4EE462F2-D6AF-4B99-B9B3-09AA172FE9C8}.Release|iPhoneSimulator.ActiveCfg = Release|Any CPU
		{4EE462F2-D6AF-4B99-B9B3-09AA172FE9C8}.Release|iPhoneSimulator.Build.0 = Release|Any CPU
		{4EE462F2-D6AF-4B99-B9B3-09AA172FE9C8}.Release|x64.ActiveCfg = Release|Any CPU
		{4EE462F2-D6AF-4B99-B9B3-09AA172FE9C8}.Release|x64.Build.0 = Release|Any CPU
		{4EE462F2-D6AF-4B99-B9B3-09AA172FE9C8}.Release|x86.ActiveCfg = Release|Any CPU
		{4EE462F2-D6AF-4B99-B9B3-09AA172FE9C8}.Release|x86.Build.0 = Release|Any CPU
		{A9CB5136-BD4F-40B7-8CAC-7A5B6070A655}.Ad-Hoc|Any CPU.ActiveCfg = Release|Any CPU
		{A9CB5136-BD4F-40B7-8CAC-7A5B6070A655}.Ad-Hoc|Any CPU.Build.0 = Release|Any CPU
		{A9CB5136-BD4F-40B7-8CAC-7A5B6070A655}.Ad-Hoc|ARM.ActiveCfg = Release|Any CPU
		{A9CB5136-BD4F-40B7-8CAC-7A5B6070A655}.Ad-Hoc|ARM.Build.0 = Release|Any CPU
		{A9CB5136-BD4F-40B7-8CAC-7A5B6070A655}.Ad-Hoc|iPhone.ActiveCfg = Release|Any CPU
		{A9CB5136-BD4F-40B7-8CAC-7A5B6070A655}.Ad-Hoc|iPhone.Build.0 = Release|Any CPU
		{A9CB5136-BD4F-40B7-8CAC-7A5B6070A655}.Ad-Hoc|iPhoneSimulator.ActiveCfg = Release|Any CPU
		{A9CB5136-BD4F-40B7-8CAC-7A5B6070A655}.Ad-Hoc|iPhoneSimulator.Build.0 = Release|Any CPU
		{A9CB5136-BD4F-40B7-8CAC-7A5B6070A655}.Ad-Hoc|x64.ActiveCfg = Release|Any CPU
		{A9CB5136-BD4F-40B7-8CAC-7A5B6070A655}.Ad-Hoc|x64.Build.0 = Release|Any CPU
		{A9CB5136-BD4F-40B7-8CAC-7A5B6070A655}.Ad-Hoc|x86.ActiveCfg = Release|Any CPU
		{A9CB5136-BD4F-40B7-8CAC-7A5B6070A655}.Ad-Hoc|x86.Build.0 = Release|Any CPU
		{A9CB5136-BD4F-40B7-8CAC-7A5B6070A655}.AppStore|Any CPU.ActiveCfg = Release|Any CPU
		{A9CB5136-BD4F-40B7-8CAC-7A5B6070A655}.AppStore|Any CPU.Build.0 = Release|Any CPU
		{A9CB5136-BD4F-40B7-8CAC-7A5B6070A655}.AppStore|ARM.ActiveCfg = Release|Any CPU
		{A9CB5136-BD4F-40B7-8CAC-7A5B6070A655}.AppStore|ARM.Build.0 = Release|Any CPU
		{A9CB5136-BD4F-40B7-8CAC-7A5B6070A655}.AppStore|iPhone.ActiveCfg = Release|Any CPU
		{A9CB5136-BD4F-40B7-8CAC-7A5B6070A655}.AppStore|iPhone.Build.0 = Release|Any CPU
		{A9CB5136-BD4F-40B7-8CAC-7A5B6070A655}.AppStore|iPhoneSimulator.ActiveCfg = Release|Any CPU
		{A9CB5136-BD4F-40B7-8CAC-7A5B6070A655}.AppStore|iPhoneSimulator.Build.0 = Release|Any CPU
		{A9CB5136-BD4F-40B7-8CAC-7A5B6070A655}.AppStore|x64.ActiveCfg = Release|Any CPU
		{A9CB5136-BD4F-40B7-8CAC-7A5B6070A655}.AppStore|x64.Build.0 = Release|Any CPU
		{A9CB5136-BD4F-40B7-8CAC-7A5B6070A655}.AppStore|x86.ActiveCfg = Release|Any CPU
		{A9CB5136-BD4F-40B7-8CAC-7A5B6070A655}.AppStore|x86.Build.0 = Release|Any CPU
		{A9CB5136-BD4F-40B7-8CAC-7A5B6070A655}.Debug|Any CPU.ActiveCfg = Debug|Any CPU
		{A9CB5136-BD4F-40B7-8CAC-7A5B6070A655}.Debug|Any CPU.Build.0 = Debug|Any CPU
		{A9CB5136-BD4F-40B7-8CAC-7A5B6070A655}.Debug|ARM.ActiveCfg = Debug|Any CPU
		{A9CB5136-BD4F-40B7-8CAC-7A5B6070A655}.Debug|ARM.Build.0 = Debug|Any CPU
		{A9CB5136-BD4F-40B7-8CAC-7A5B6070A655}.Debug|iPhone.ActiveCfg = Debug|Any CPU
		{A9CB5136-BD4F-40B7-8CAC-7A5B6070A655}.Debug|iPhone.Build.0 = Debug|Any CPU
		{A9CB5136-BD4F-40B7-8CAC-7A5B6070A655}.Debug|iPhoneSimulator.ActiveCfg = Debug|Any CPU
		{A9CB5136-BD4F-40B7-8CAC-7A5B6070A655}.Debug|iPhoneSimulator.Build.0 = Debug|Any CPU
		{A9CB5136-BD4F-40B7-8CAC-7A5B6070A655}.Debug|x64.ActiveCfg = Debug|Any CPU
		{A9CB5136-BD4F-40B7-8CAC-7A5B6070A655}.Debug|x64.Build.0 = Debug|Any CPU
		{A9CB5136-BD4F-40B7-8CAC-7A5B6070A655}.Debug|x86.ActiveCfg = Debug|Any CPU
		{A9CB5136-BD4F-40B7-8CAC-7A5B6070A655}.Debug|x86.Build.0 = Debug|Any CPU
		{A9CB5136-BD4F-40B7-8CAC-7A5B6070A655}.Release|Any CPU.ActiveCfg = Release|Any CPU
		{A9CB5136-BD4F-40B7-8CAC-7A5B6070A655}.Release|Any CPU.Build.0 = Release|Any CPU
		{A9CB5136-BD4F-40B7-8CAC-7A5B6070A655}.Release|ARM.ActiveCfg = Release|Any CPU
		{A9CB5136-BD4F-40B7-8CAC-7A5B6070A655}.Release|ARM.Build.0 = Release|Any CPU
		{A9CB5136-BD4F-40B7-8CAC-7A5B6070A655}.Release|iPhone.ActiveCfg = Release|Any CPU
		{A9CB5136-BD4F-40B7-8CAC-7A5B6070A655}.Release|iPhone.Build.0 = Release|Any CPU
		{A9CB5136-BD4F-40B7-8CAC-7A5B6070A655}.Release|iPhoneSimulator.ActiveCfg = Release|Any CPU
		{A9CB5136-BD4F-40B7-8CAC-7A5B6070A655}.Release|iPhoneSimulator.Build.0 = Release|Any CPU
		{A9CB5136-BD4F-40B7-8CAC-7A5B6070A655}.Release|x64.ActiveCfg = Release|Any CPU
		{A9CB5136-BD4F-40B7-8CAC-7A5B6070A655}.Release|x64.Build.0 = Release|Any CPU
		{A9CB5136-BD4F-40B7-8CAC-7A5B6070A655}.Release|x86.ActiveCfg = Release|Any CPU
		{A9CB5136-BD4F-40B7-8CAC-7A5B6070A655}.Release|x86.Build.0 = Release|Any CPU
		{611C72A4-9F5A-43B3-9418-1A478A943475}.Ad-Hoc|Any CPU.ActiveCfg = Release|Any CPU
		{611C72A4-9F5A-43B3-9418-1A478A943475}.Ad-Hoc|Any CPU.Build.0 = Release|Any CPU
		{611C72A4-9F5A-43B3-9418-1A478A943475}.Ad-Hoc|ARM.ActiveCfg = Release|Any CPU
		{611C72A4-9F5A-43B3-9418-1A478A943475}.Ad-Hoc|ARM.Build.0 = Release|Any CPU
		{611C72A4-9F5A-43B3-9418-1A478A943475}.Ad-Hoc|iPhone.ActiveCfg = Release|Any CPU
		{611C72A4-9F5A-43B3-9418-1A478A943475}.Ad-Hoc|iPhone.Build.0 = Release|Any CPU
		{611C72A4-9F5A-43B3-9418-1A478A943475}.Ad-Hoc|iPhoneSimulator.ActiveCfg = Release|Any CPU
		{611C72A4-9F5A-43B3-9418-1A478A943475}.Ad-Hoc|iPhoneSimulator.Build.0 = Release|Any CPU
		{611C72A4-9F5A-43B3-9418-1A478A943475}.Ad-Hoc|x64.ActiveCfg = Release|Any CPU
		{611C72A4-9F5A-43B3-9418-1A478A943475}.Ad-Hoc|x64.Build.0 = Release|Any CPU
		{611C72A4-9F5A-43B3-9418-1A478A943475}.Ad-Hoc|x86.ActiveCfg = Release|Any CPU
		{611C72A4-9F5A-43B3-9418-1A478A943475}.Ad-Hoc|x86.Build.0 = Release|Any CPU
		{611C72A4-9F5A-43B3-9418-1A478A943475}.AppStore|Any CPU.ActiveCfg = Release|Any CPU
		{611C72A4-9F5A-43B3-9418-1A478A943475}.AppStore|Any CPU.Build.0 = Release|Any CPU
		{611C72A4-9F5A-43B3-9418-1A478A943475}.AppStore|ARM.ActiveCfg = Release|Any CPU
		{611C72A4-9F5A-43B3-9418-1A478A943475}.AppStore|ARM.Build.0 = Release|Any CPU
		{611C72A4-9F5A-43B3-9418-1A478A943475}.AppStore|iPhone.ActiveCfg = Release|Any CPU
		{611C72A4-9F5A-43B3-9418-1A478A943475}.AppStore|iPhone.Build.0 = Release|Any CPU
		{611C72A4-9F5A-43B3-9418-1A478A943475}.AppStore|iPhoneSimulator.ActiveCfg = Release|Any CPU
		{611C72A4-9F5A-43B3-9418-1A478A943475}.AppStore|iPhoneSimulator.Build.0 = Release|Any CPU
		{611C72A4-9F5A-43B3-9418-1A478A943475}.AppStore|x64.ActiveCfg = Release|Any CPU
		{611C72A4-9F5A-43B3-9418-1A478A943475}.AppStore|x64.Build.0 = Release|Any CPU
		{611C72A4-9F5A-43B3-9418-1A478A943475}.AppStore|x86.ActiveCfg = Release|Any CPU
		{611C72A4-9F5A-43B3-9418-1A478A943475}.AppStore|x86.Build.0 = Release|Any CPU
		{611C72A4-9F5A-43B3-9418-1A478A943475}.Debug|Any CPU.ActiveCfg = Debug|Any CPU
		{611C72A4-9F5A-43B3-9418-1A478A943475}.Debug|Any CPU.Build.0 = Debug|Any CPU
		{611C72A4-9F5A-43B3-9418-1A478A943475}.Debug|ARM.ActiveCfg = Debug|Any CPU
		{611C72A4-9F5A-43B3-9418-1A478A943475}.Debug|ARM.Build.0 = Debug|Any CPU
		{611C72A4-9F5A-43B3-9418-1A478A943475}.Debug|iPhone.ActiveCfg = Debug|Any CPU
		{611C72A4-9F5A-43B3-9418-1A478A943475}.Debug|iPhone.Build.0 = Debug|Any CPU
		{611C72A4-9F5A-43B3-9418-1A478A943475}.Debug|iPhoneSimulator.ActiveCfg = Debug|Any CPU
		{611C72A4-9F5A-43B3-9418-1A478A943475}.Debug|iPhoneSimulator.Build.0 = Debug|Any CPU
		{611C72A4-9F5A-43B3-9418-1A478A943475}.Debug|x64.ActiveCfg = Debug|Any CPU
		{611C72A4-9F5A-43B3-9418-1A478A943475}.Debug|x64.Build.0 = Debug|Any CPU
		{611C72A4-9F5A-43B3-9418-1A478A943475}.Debug|x86.ActiveCfg = Debug|Any CPU
		{611C72A4-9F5A-43B3-9418-1A478A943475}.Debug|x86.Build.0 = Debug|Any CPU
		{611C72A4-9F5A-43B3-9418-1A478A943475}.Release|Any CPU.ActiveCfg = Release|Any CPU
		{611C72A4-9F5A-43B3-9418-1A478A943475}.Release|Any CPU.Build.0 = Release|Any CPU
		{611C72A4-9F5A-43B3-9418-1A478A943475}.Release|ARM.ActiveCfg = Release|Any CPU
		{611C72A4-9F5A-43B3-9418-1A478A943475}.Release|ARM.Build.0 = Release|Any CPU
		{611C72A4-9F5A-43B3-9418-1A478A943475}.Release|iPhone.ActiveCfg = Release|Any CPU
		{611C72A4-9F5A-43B3-9418-1A478A943475}.Release|iPhone.Build.0 = Release|Any CPU
		{611C72A4-9F5A-43B3-9418-1A478A943475}.Release|iPhoneSimulator.ActiveCfg = Release|Any CPU
		{611C72A4-9F5A-43B3-9418-1A478A943475}.Release|iPhoneSimulator.Build.0 = Release|Any CPU
		{611C72A4-9F5A-43B3-9418-1A478A943475}.Release|x64.ActiveCfg = Release|Any CPU
		{611C72A4-9F5A-43B3-9418-1A478A943475}.Release|x64.Build.0 = Release|Any CPU
		{611C72A4-9F5A-43B3-9418-1A478A943475}.Release|x86.ActiveCfg = Release|Any CPU
		{611C72A4-9F5A-43B3-9418-1A478A943475}.Release|x86.Build.0 = Release|Any CPU
		{CC7B76EF-3C30-4B99-AD72-2D8EA2C858EC}.Ad-Hoc|Any CPU.ActiveCfg = Release|Any CPU
		{CC7B76EF-3C30-4B99-AD72-2D8EA2C858EC}.Ad-Hoc|Any CPU.Build.0 = Release|Any CPU
		{CC7B76EF-3C30-4B99-AD72-2D8EA2C858EC}.Ad-Hoc|ARM.ActiveCfg = Release|Any CPU
		{CC7B76EF-3C30-4B99-AD72-2D8EA2C858EC}.Ad-Hoc|ARM.Build.0 = Release|Any CPU
		{CC7B76EF-3C30-4B99-AD72-2D8EA2C858EC}.Ad-Hoc|iPhone.ActiveCfg = Release|Any CPU
		{CC7B76EF-3C30-4B99-AD72-2D8EA2C858EC}.Ad-Hoc|iPhone.Build.0 = Release|Any CPU
		{CC7B76EF-3C30-4B99-AD72-2D8EA2C858EC}.Ad-Hoc|iPhoneSimulator.ActiveCfg = Release|Any CPU
		{CC7B76EF-3C30-4B99-AD72-2D8EA2C858EC}.Ad-Hoc|iPhoneSimulator.Build.0 = Release|Any CPU
		{CC7B76EF-3C30-4B99-AD72-2D8EA2C858EC}.Ad-Hoc|x64.ActiveCfg = Release|Any CPU
		{CC7B76EF-3C30-4B99-AD72-2D8EA2C858EC}.Ad-Hoc|x64.Build.0 = Release|Any CPU
		{CC7B76EF-3C30-4B99-AD72-2D8EA2C858EC}.Ad-Hoc|x86.ActiveCfg = Release|Any CPU
		{CC7B76EF-3C30-4B99-AD72-2D8EA2C858EC}.Ad-Hoc|x86.Build.0 = Release|Any CPU
		{CC7B76EF-3C30-4B99-AD72-2D8EA2C858EC}.AppStore|Any CPU.ActiveCfg = Release|Any CPU
		{CC7B76EF-3C30-4B99-AD72-2D8EA2C858EC}.AppStore|Any CPU.Build.0 = Release|Any CPU
		{CC7B76EF-3C30-4B99-AD72-2D8EA2C858EC}.AppStore|ARM.ActiveCfg = Release|Any CPU
		{CC7B76EF-3C30-4B99-AD72-2D8EA2C858EC}.AppStore|ARM.Build.0 = Release|Any CPU
		{CC7B76EF-3C30-4B99-AD72-2D8EA2C858EC}.AppStore|iPhone.ActiveCfg = Release|Any CPU
		{CC7B76EF-3C30-4B99-AD72-2D8EA2C858EC}.AppStore|iPhone.Build.0 = Release|Any CPU
		{CC7B76EF-3C30-4B99-AD72-2D8EA2C858EC}.AppStore|iPhoneSimulator.ActiveCfg = Release|Any CPU
		{CC7B76EF-3C30-4B99-AD72-2D8EA2C858EC}.AppStore|iPhoneSimulator.Build.0 = Release|Any CPU
		{CC7B76EF-3C30-4B99-AD72-2D8EA2C858EC}.AppStore|x64.ActiveCfg = Release|Any CPU
		{CC7B76EF-3C30-4B99-AD72-2D8EA2C858EC}.AppStore|x64.Build.0 = Release|Any CPU
		{CC7B76EF-3C30-4B99-AD72-2D8EA2C858EC}.AppStore|x86.ActiveCfg = Release|Any CPU
		{CC7B76EF-3C30-4B99-AD72-2D8EA2C858EC}.AppStore|x86.Build.0 = Release|Any CPU
		{CC7B76EF-3C30-4B99-AD72-2D8EA2C858EC}.Debug|Any CPU.ActiveCfg = Debug|Any CPU
		{CC7B76EF-3C30-4B99-AD72-2D8EA2C858EC}.Debug|Any CPU.Build.0 = Debug|Any CPU
		{CC7B76EF-3C30-4B99-AD72-2D8EA2C858EC}.Debug|ARM.ActiveCfg = Debug|Any CPU
		{CC7B76EF-3C30-4B99-AD72-2D8EA2C858EC}.Debug|ARM.Build.0 = Debug|Any CPU
		{CC7B76EF-3C30-4B99-AD72-2D8EA2C858EC}.Debug|iPhone.ActiveCfg = Debug|Any CPU
		{CC7B76EF-3C30-4B99-AD72-2D8EA2C858EC}.Debug|iPhone.Build.0 = Debug|Any CPU
		{CC7B76EF-3C30-4B99-AD72-2D8EA2C858EC}.Debug|iPhoneSimulator.ActiveCfg = Debug|Any CPU
		{CC7B76EF-3C30-4B99-AD72-2D8EA2C858EC}.Debug|iPhoneSimulator.Build.0 = Debug|Any CPU
		{CC7B76EF-3C30-4B99-AD72-2D8EA2C858EC}.Debug|x64.ActiveCfg = Debug|Any CPU
		{CC7B76EF-3C30-4B99-AD72-2D8EA2C858EC}.Debug|x64.Build.0 = Debug|Any CPU
		{CC7B76EF-3C30-4B99-AD72-2D8EA2C858EC}.Debug|x86.ActiveCfg = Debug|Any CPU
		{CC7B76EF-3C30-4B99-AD72-2D8EA2C858EC}.Debug|x86.Build.0 = Debug|Any CPU
		{CC7B76EF-3C30-4B99-AD72-2D8EA2C858EC}.Release|Any CPU.ActiveCfg = Release|Any CPU
		{CC7B76EF-3C30-4B99-AD72-2D8EA2C858EC}.Release|Any CPU.Build.0 = Release|Any CPU
		{CC7B76EF-3C30-4B99-AD72-2D8EA2C858EC}.Release|ARM.ActiveCfg = Release|Any CPU
		{CC7B76EF-3C30-4B99-AD72-2D8EA2C858EC}.Release|ARM.Build.0 = Release|Any CPU
		{CC7B76EF-3C30-4B99-AD72-2D8EA2C858EC}.Release|iPhone.ActiveCfg = Release|Any CPU
		{CC7B76EF-3C30-4B99-AD72-2D8EA2C858EC}.Release|iPhone.Build.0 = Release|Any CPU
		{CC7B76EF-3C30-4B99-AD72-2D8EA2C858EC}.Release|iPhoneSimulator.ActiveCfg = Release|Any CPU
		{CC7B76EF-3C30-4B99-AD72-2D8EA2C858EC}.Release|iPhoneSimulator.Build.0 = Release|Any CPU
		{CC7B76EF-3C30-4B99-AD72-2D8EA2C858EC}.Release|x64.ActiveCfg = Release|Any CPU
		{CC7B76EF-3C30-4B99-AD72-2D8EA2C858EC}.Release|x64.Build.0 = Release|Any CPU
		{CC7B76EF-3C30-4B99-AD72-2D8EA2C858EC}.Release|x86.ActiveCfg = Release|Any CPU
		{CC7B76EF-3C30-4B99-AD72-2D8EA2C858EC}.Release|x86.Build.0 = Release|Any CPU
		{69CE74B5-F5EE-4057-A342-96533DAA7D9A}.Ad-Hoc|Any CPU.ActiveCfg = Release|Any CPU
		{69CE74B5-F5EE-4057-A342-96533DAA7D9A}.Ad-Hoc|Any CPU.Build.0 = Release|Any CPU
		{69CE74B5-F5EE-4057-A342-96533DAA7D9A}.Ad-Hoc|ARM.ActiveCfg = Release|Any CPU
		{69CE74B5-F5EE-4057-A342-96533DAA7D9A}.Ad-Hoc|ARM.Build.0 = Release|Any CPU
		{69CE74B5-F5EE-4057-A342-96533DAA7D9A}.Ad-Hoc|iPhone.ActiveCfg = Release|Any CPU
		{69CE74B5-F5EE-4057-A342-96533DAA7D9A}.Ad-Hoc|iPhone.Build.0 = Release|Any CPU
		{69CE74B5-F5EE-4057-A342-96533DAA7D9A}.Ad-Hoc|iPhoneSimulator.ActiveCfg = Release|Any CPU
		{69CE74B5-F5EE-4057-A342-96533DAA7D9A}.Ad-Hoc|iPhoneSimulator.Build.0 = Release|Any CPU
		{69CE74B5-F5EE-4057-A342-96533DAA7D9A}.Ad-Hoc|x64.ActiveCfg = Release|Any CPU
		{69CE74B5-F5EE-4057-A342-96533DAA7D9A}.Ad-Hoc|x64.Build.0 = Release|Any CPU
		{69CE74B5-F5EE-4057-A342-96533DAA7D9A}.Ad-Hoc|x86.ActiveCfg = Release|Any CPU
		{69CE74B5-F5EE-4057-A342-96533DAA7D9A}.Ad-Hoc|x86.Build.0 = Release|Any CPU
		{69CE74B5-F5EE-4057-A342-96533DAA7D9A}.AppStore|Any CPU.ActiveCfg = Release|Any CPU
		{69CE74B5-F5EE-4057-A342-96533DAA7D9A}.AppStore|Any CPU.Build.0 = Release|Any CPU
		{69CE74B5-F5EE-4057-A342-96533DAA7D9A}.AppStore|ARM.ActiveCfg = Release|Any CPU
		{69CE74B5-F5EE-4057-A342-96533DAA7D9A}.AppStore|ARM.Build.0 = Release|Any CPU
		{69CE74B5-F5EE-4057-A342-96533DAA7D9A}.AppStore|iPhone.ActiveCfg = Release|Any CPU
		{69CE74B5-F5EE-4057-A342-96533DAA7D9A}.AppStore|iPhone.Build.0 = Release|Any CPU
		{69CE74B5-F5EE-4057-A342-96533DAA7D9A}.AppStore|iPhoneSimulator.ActiveCfg = Release|Any CPU
		{69CE74B5-F5EE-4057-A342-96533DAA7D9A}.AppStore|iPhoneSimulator.Build.0 = Release|Any CPU
		{69CE74B5-F5EE-4057-A342-96533DAA7D9A}.AppStore|x64.ActiveCfg = Release|Any CPU
		{69CE74B5-F5EE-4057-A342-96533DAA7D9A}.AppStore|x64.Build.0 = Release|Any CPU
		{69CE74B5-F5EE-4057-A342-96533DAA7D9A}.AppStore|x86.ActiveCfg = Release|Any CPU
		{69CE74B5-F5EE-4057-A342-96533DAA7D9A}.AppStore|x86.Build.0 = Release|Any CPU
		{69CE74B5-F5EE-4057-A342-96533DAA7D9A}.Debug|Any CPU.ActiveCfg = Debug|Any CPU
		{69CE74B5-F5EE-4057-A342-96533DAA7D9A}.Debug|Any CPU.Build.0 = Debug|Any CPU
		{69CE74B5-F5EE-4057-A342-96533DAA7D9A}.Debug|ARM.ActiveCfg = Debug|Any CPU
		{69CE74B5-F5EE-4057-A342-96533DAA7D9A}.Debug|ARM.Build.0 = Debug|Any CPU
		{69CE74B5-F5EE-4057-A342-96533DAA7D9A}.Debug|iPhone.ActiveCfg = Debug|Any CPU
		{69CE74B5-F5EE-4057-A342-96533DAA7D9A}.Debug|iPhone.Build.0 = Debug|Any CPU
		{69CE74B5-F5EE-4057-A342-96533DAA7D9A}.Debug|iPhoneSimulator.ActiveCfg = Debug|Any CPU
		{69CE74B5-F5EE-4057-A342-96533DAA7D9A}.Debug|iPhoneSimulator.Build.0 = Debug|Any CPU
		{69CE74B5-F5EE-4057-A342-96533DAA7D9A}.Debug|x64.ActiveCfg = Debug|Any CPU
		{69CE74B5-F5EE-4057-A342-96533DAA7D9A}.Debug|x64.Build.0 = Debug|Any CPU
		{69CE74B5-F5EE-4057-A342-96533DAA7D9A}.Debug|x86.ActiveCfg = Debug|Any CPU
		{69CE74B5-F5EE-4057-A342-96533DAA7D9A}.Debug|x86.Build.0 = Debug|Any CPU
		{69CE74B5-F5EE-4057-A342-96533DAA7D9A}.Release|Any CPU.ActiveCfg = Release|Any CPU
		{69CE74B5-F5EE-4057-A342-96533DAA7D9A}.Release|Any CPU.Build.0 = Release|Any CPU
		{69CE74B5-F5EE-4057-A342-96533DAA7D9A}.Release|ARM.ActiveCfg = Release|Any CPU
		{69CE74B5-F5EE-4057-A342-96533DAA7D9A}.Release|ARM.Build.0 = Release|Any CPU
		{69CE74B5-F5EE-4057-A342-96533DAA7D9A}.Release|iPhone.ActiveCfg = Release|Any CPU
		{69CE74B5-F5EE-4057-A342-96533DAA7D9A}.Release|iPhone.Build.0 = Release|Any CPU
		{69CE74B5-F5EE-4057-A342-96533DAA7D9A}.Release|iPhoneSimulator.ActiveCfg = Release|Any CPU
		{69CE74B5-F5EE-4057-A342-96533DAA7D9A}.Release|iPhoneSimulator.Build.0 = Release|Any CPU
		{69CE74B5-F5EE-4057-A342-96533DAA7D9A}.Release|x64.ActiveCfg = Release|Any CPU
		{69CE74B5-F5EE-4057-A342-96533DAA7D9A}.Release|x64.Build.0 = Release|Any CPU
		{69CE74B5-F5EE-4057-A342-96533DAA7D9A}.Release|x86.ActiveCfg = Release|Any CPU
		{69CE74B5-F5EE-4057-A342-96533DAA7D9A}.Release|x86.Build.0 = Release|Any CPU
		{8ED6DE06-A34B-4775-BCB2-1655C36649CC}.Ad-Hoc|Any CPU.ActiveCfg = Debug|Any CPU
		{8ED6DE06-A34B-4775-BCB2-1655C36649CC}.Ad-Hoc|Any CPU.Build.0 = Debug|Any CPU
		{8ED6DE06-A34B-4775-BCB2-1655C36649CC}.Ad-Hoc|ARM.ActiveCfg = Debug|Any CPU
		{8ED6DE06-A34B-4775-BCB2-1655C36649CC}.Ad-Hoc|ARM.Build.0 = Debug|Any CPU
		{8ED6DE06-A34B-4775-BCB2-1655C36649CC}.Ad-Hoc|iPhone.ActiveCfg = Debug|Any CPU
		{8ED6DE06-A34B-4775-BCB2-1655C36649CC}.Ad-Hoc|iPhone.Build.0 = Debug|Any CPU
		{8ED6DE06-A34B-4775-BCB2-1655C36649CC}.Ad-Hoc|iPhoneSimulator.ActiveCfg = Debug|Any CPU
		{8ED6DE06-A34B-4775-BCB2-1655C36649CC}.Ad-Hoc|iPhoneSimulator.Build.0 = Debug|Any CPU
		{8ED6DE06-A34B-4775-BCB2-1655C36649CC}.Ad-Hoc|x64.ActiveCfg = Debug|Any CPU
		{8ED6DE06-A34B-4775-BCB2-1655C36649CC}.Ad-Hoc|x64.Build.0 = Debug|Any CPU
		{8ED6DE06-A34B-4775-BCB2-1655C36649CC}.Ad-Hoc|x86.ActiveCfg = Debug|Any CPU
		{8ED6DE06-A34B-4775-BCB2-1655C36649CC}.Ad-Hoc|x86.Build.0 = Debug|Any CPU
		{8ED6DE06-A34B-4775-BCB2-1655C36649CC}.AppStore|Any CPU.ActiveCfg = Debug|Any CPU
		{8ED6DE06-A34B-4775-BCB2-1655C36649CC}.AppStore|Any CPU.Build.0 = Debug|Any CPU
		{8ED6DE06-A34B-4775-BCB2-1655C36649CC}.AppStore|ARM.ActiveCfg = Debug|Any CPU
		{8ED6DE06-A34B-4775-BCB2-1655C36649CC}.AppStore|ARM.Build.0 = Debug|Any CPU
		{8ED6DE06-A34B-4775-BCB2-1655C36649CC}.AppStore|iPhone.ActiveCfg = Debug|Any CPU
		{8ED6DE06-A34B-4775-BCB2-1655C36649CC}.AppStore|iPhone.Build.0 = Debug|Any CPU
		{8ED6DE06-A34B-4775-BCB2-1655C36649CC}.AppStore|iPhoneSimulator.ActiveCfg = Debug|Any CPU
		{8ED6DE06-A34B-4775-BCB2-1655C36649CC}.AppStore|iPhoneSimulator.Build.0 = Debug|Any CPU
		{8ED6DE06-A34B-4775-BCB2-1655C36649CC}.AppStore|x64.ActiveCfg = Debug|Any CPU
		{8ED6DE06-A34B-4775-BCB2-1655C36649CC}.AppStore|x64.Build.0 = Debug|Any CPU
		{8ED6DE06-A34B-4775-BCB2-1655C36649CC}.AppStore|x86.ActiveCfg = Debug|Any CPU
		{8ED6DE06-A34B-4775-BCB2-1655C36649CC}.AppStore|x86.Build.0 = Debug|Any CPU
		{8ED6DE06-A34B-4775-BCB2-1655C36649CC}.Debug|Any CPU.ActiveCfg = Debug|Any CPU
		{8ED6DE06-A34B-4775-BCB2-1655C36649CC}.Debug|Any CPU.Build.0 = Debug|Any CPU
		{8ED6DE06-A34B-4775-BCB2-1655C36649CC}.Debug|ARM.ActiveCfg = Debug|Any CPU
		{8ED6DE06-A34B-4775-BCB2-1655C36649CC}.Debug|ARM.Build.0 = Debug|Any CPU
		{8ED6DE06-A34B-4775-BCB2-1655C36649CC}.Debug|iPhone.ActiveCfg = Debug|Any CPU
		{8ED6DE06-A34B-4775-BCB2-1655C36649CC}.Debug|iPhone.Build.0 = Debug|Any CPU
		{8ED6DE06-A34B-4775-BCB2-1655C36649CC}.Debug|iPhoneSimulator.ActiveCfg = Debug|Any CPU
		{8ED6DE06-A34B-4775-BCB2-1655C36649CC}.Debug|iPhoneSimulator.Build.0 = Debug|Any CPU
		{8ED6DE06-A34B-4775-BCB2-1655C36649CC}.Debug|x64.ActiveCfg = Debug|Any CPU
		{8ED6DE06-A34B-4775-BCB2-1655C36649CC}.Debug|x64.Build.0 = Debug|Any CPU
		{8ED6DE06-A34B-4775-BCB2-1655C36649CC}.Debug|x86.ActiveCfg = Debug|Any CPU
		{8ED6DE06-A34B-4775-BCB2-1655C36649CC}.Debug|x86.Build.0 = Debug|Any CPU
		{8ED6DE06-A34B-4775-BCB2-1655C36649CC}.Release|Any CPU.ActiveCfg = Release|Any CPU
		{8ED6DE06-A34B-4775-BCB2-1655C36649CC}.Release|Any CPU.Build.0 = Release|Any CPU
		{8ED6DE06-A34B-4775-BCB2-1655C36649CC}.Release|ARM.ActiveCfg = Release|Any CPU
		{8ED6DE06-A34B-4775-BCB2-1655C36649CC}.Release|ARM.Build.0 = Release|Any CPU
		{8ED6DE06-A34B-4775-BCB2-1655C36649CC}.Release|iPhone.ActiveCfg = Release|Any CPU
		{8ED6DE06-A34B-4775-BCB2-1655C36649CC}.Release|iPhone.Build.0 = Release|Any CPU
		{8ED6DE06-A34B-4775-BCB2-1655C36649CC}.Release|iPhoneSimulator.ActiveCfg = Release|Any CPU
		{8ED6DE06-A34B-4775-BCB2-1655C36649CC}.Release|iPhoneSimulator.Build.0 = Release|Any CPU
		{8ED6DE06-A34B-4775-BCB2-1655C36649CC}.Release|x64.ActiveCfg = Release|Any CPU
		{8ED6DE06-A34B-4775-BCB2-1655C36649CC}.Release|x64.Build.0 = Release|Any CPU
		{8ED6DE06-A34B-4775-BCB2-1655C36649CC}.Release|x86.ActiveCfg = Release|Any CPU
		{8ED6DE06-A34B-4775-BCB2-1655C36649CC}.Release|x86.Build.0 = Release|Any CPU
		{FA89013F-7726-425F-8B59-04DF27F088B3}.Ad-Hoc|Any CPU.ActiveCfg = Debug|Any CPU
		{FA89013F-7726-425F-8B59-04DF27F088B3}.Ad-Hoc|Any CPU.Build.0 = Debug|Any CPU
		{FA89013F-7726-425F-8B59-04DF27F088B3}.Ad-Hoc|ARM.ActiveCfg = Debug|Any CPU
		{FA89013F-7726-425F-8B59-04DF27F088B3}.Ad-Hoc|ARM.Build.0 = Debug|Any CPU
		{FA89013F-7726-425F-8B59-04DF27F088B3}.Ad-Hoc|iPhone.ActiveCfg = Debug|Any CPU
		{FA89013F-7726-425F-8B59-04DF27F088B3}.Ad-Hoc|iPhone.Build.0 = Debug|Any CPU
		{FA89013F-7726-425F-8B59-04DF27F088B3}.Ad-Hoc|iPhoneSimulator.ActiveCfg = Debug|Any CPU
		{FA89013F-7726-425F-8B59-04DF27F088B3}.Ad-Hoc|iPhoneSimulator.Build.0 = Debug|Any CPU
		{FA89013F-7726-425F-8B59-04DF27F088B3}.Ad-Hoc|x64.ActiveCfg = Debug|Any CPU
		{FA89013F-7726-425F-8B59-04DF27F088B3}.Ad-Hoc|x64.Build.0 = Debug|Any CPU
		{FA89013F-7726-425F-8B59-04DF27F088B3}.Ad-Hoc|x86.ActiveCfg = Debug|Any CPU
		{FA89013F-7726-425F-8B59-04DF27F088B3}.Ad-Hoc|x86.Build.0 = Debug|Any CPU
		{FA89013F-7726-425F-8B59-04DF27F088B3}.AppStore|Any CPU.ActiveCfg = Debug|Any CPU
		{FA89013F-7726-425F-8B59-04DF27F088B3}.AppStore|Any CPU.Build.0 = Debug|Any CPU
		{FA89013F-7726-425F-8B59-04DF27F088B3}.AppStore|ARM.ActiveCfg = Debug|Any CPU
		{FA89013F-7726-425F-8B59-04DF27F088B3}.AppStore|ARM.Build.0 = Debug|Any CPU
		{FA89013F-7726-425F-8B59-04DF27F088B3}.AppStore|iPhone.ActiveCfg = Debug|Any CPU
		{FA89013F-7726-425F-8B59-04DF27F088B3}.AppStore|iPhone.Build.0 = Debug|Any CPU
		{FA89013F-7726-425F-8B59-04DF27F088B3}.AppStore|iPhoneSimulator.ActiveCfg = Debug|Any CPU
		{FA89013F-7726-425F-8B59-04DF27F088B3}.AppStore|iPhoneSimulator.Build.0 = Debug|Any CPU
		{FA89013F-7726-425F-8B59-04DF27F088B3}.AppStore|x64.ActiveCfg = Debug|Any CPU
		{FA89013F-7726-425F-8B59-04DF27F088B3}.AppStore|x64.Build.0 = Debug|Any CPU
		{FA89013F-7726-425F-8B59-04DF27F088B3}.AppStore|x86.ActiveCfg = Debug|Any CPU
		{FA89013F-7726-425F-8B59-04DF27F088B3}.AppStore|x86.Build.0 = Debug|Any CPU
		{FA89013F-7726-425F-8B59-04DF27F088B3}.Debug|Any CPU.ActiveCfg = Debug|Any CPU
		{FA89013F-7726-425F-8B59-04DF27F088B3}.Debug|Any CPU.Build.0 = Debug|Any CPU
		{FA89013F-7726-425F-8B59-04DF27F088B3}.Debug|ARM.ActiveCfg = Debug|Any CPU
		{FA89013F-7726-425F-8B59-04DF27F088B3}.Debug|ARM.Build.0 = Debug|Any CPU
		{FA89013F-7726-425F-8B59-04DF27F088B3}.Debug|iPhone.ActiveCfg = Debug|Any CPU
		{FA89013F-7726-425F-8B59-04DF27F088B3}.Debug|iPhone.Build.0 = Debug|Any CPU
		{FA89013F-7726-425F-8B59-04DF27F088B3}.Debug|iPhoneSimulator.ActiveCfg = Debug|Any CPU
		{FA89013F-7726-425F-8B59-04DF27F088B3}.Debug|iPhoneSimulator.Build.0 = Debug|Any CPU
		{FA89013F-7726-425F-8B59-04DF27F088B3}.Debug|x64.ActiveCfg = Debug|Any CPU
		{FA89013F-7726-425F-8B59-04DF27F088B3}.Debug|x64.Build.0 = Debug|Any CPU
		{FA89013F-7726-425F-8B59-04DF27F088B3}.Debug|x86.ActiveCfg = Debug|Any CPU
		{FA89013F-7726-425F-8B59-04DF27F088B3}.Debug|x86.Build.0 = Debug|Any CPU
		{FA89013F-7726-425F-8B59-04DF27F088B3}.Release|Any CPU.ActiveCfg = Release|Any CPU
		{FA89013F-7726-425F-8B59-04DF27F088B3}.Release|Any CPU.Build.0 = Release|Any CPU
		{FA89013F-7726-425F-8B59-04DF27F088B3}.Release|ARM.ActiveCfg = Release|Any CPU
		{FA89013F-7726-425F-8B59-04DF27F088B3}.Release|ARM.Build.0 = Release|Any CPU
		{FA89013F-7726-425F-8B59-04DF27F088B3}.Release|iPhone.ActiveCfg = Release|Any CPU
		{FA89013F-7726-425F-8B59-04DF27F088B3}.Release|iPhone.Build.0 = Release|Any CPU
		{FA89013F-7726-425F-8B59-04DF27F088B3}.Release|iPhoneSimulator.ActiveCfg = Release|Any CPU
		{FA89013F-7726-425F-8B59-04DF27F088B3}.Release|iPhoneSimulator.Build.0 = Release|Any CPU
		{FA89013F-7726-425F-8B59-04DF27F088B3}.Release|x64.ActiveCfg = Release|Any CPU
		{FA89013F-7726-425F-8B59-04DF27F088B3}.Release|x64.Build.0 = Release|Any CPU
		{FA89013F-7726-425F-8B59-04DF27F088B3}.Release|x86.ActiveCfg = Release|Any CPU
		{FA89013F-7726-425F-8B59-04DF27F088B3}.Release|x86.Build.0 = Release|Any CPU
		{68BCBE25-015B-4EDC-8F73-D585DD2D5A47}.Ad-Hoc|Any CPU.ActiveCfg = Debug|Any CPU
		{68BCBE25-015B-4EDC-8F73-D585DD2D5A47}.Ad-Hoc|Any CPU.Build.0 = Debug|Any CPU
		{68BCBE25-015B-4EDC-8F73-D585DD2D5A47}.Ad-Hoc|ARM.ActiveCfg = Debug|Any CPU
		{68BCBE25-015B-4EDC-8F73-D585DD2D5A47}.Ad-Hoc|ARM.Build.0 = Debug|Any CPU
		{68BCBE25-015B-4EDC-8F73-D585DD2D5A47}.Ad-Hoc|iPhone.ActiveCfg = Debug|Any CPU
		{68BCBE25-015B-4EDC-8F73-D585DD2D5A47}.Ad-Hoc|iPhone.Build.0 = Debug|Any CPU
		{68BCBE25-015B-4EDC-8F73-D585DD2D5A47}.Ad-Hoc|iPhoneSimulator.ActiveCfg = Debug|Any CPU
		{68BCBE25-015B-4EDC-8F73-D585DD2D5A47}.Ad-Hoc|iPhoneSimulator.Build.0 = Debug|Any CPU
		{68BCBE25-015B-4EDC-8F73-D585DD2D5A47}.Ad-Hoc|x64.ActiveCfg = Debug|Any CPU
		{68BCBE25-015B-4EDC-8F73-D585DD2D5A47}.Ad-Hoc|x64.Build.0 = Debug|Any CPU
		{68BCBE25-015B-4EDC-8F73-D585DD2D5A47}.Ad-Hoc|x86.ActiveCfg = Debug|Any CPU
		{68BCBE25-015B-4EDC-8F73-D585DD2D5A47}.Ad-Hoc|x86.Build.0 = Debug|Any CPU
		{68BCBE25-015B-4EDC-8F73-D585DD2D5A47}.AppStore|Any CPU.ActiveCfg = Debug|Any CPU
		{68BCBE25-015B-4EDC-8F73-D585DD2D5A47}.AppStore|Any CPU.Build.0 = Debug|Any CPU
		{68BCBE25-015B-4EDC-8F73-D585DD2D5A47}.AppStore|ARM.ActiveCfg = Debug|Any CPU
		{68BCBE25-015B-4EDC-8F73-D585DD2D5A47}.AppStore|ARM.Build.0 = Debug|Any CPU
		{68BCBE25-015B-4EDC-8F73-D585DD2D5A47}.AppStore|iPhone.ActiveCfg = Debug|Any CPU
		{68BCBE25-015B-4EDC-8F73-D585DD2D5A47}.AppStore|iPhone.Build.0 = Debug|Any CPU
		{68BCBE25-015B-4EDC-8F73-D585DD2D5A47}.AppStore|iPhoneSimulator.ActiveCfg = Debug|Any CPU
		{68BCBE25-015B-4EDC-8F73-D585DD2D5A47}.AppStore|iPhoneSimulator.Build.0 = Debug|Any CPU
		{68BCBE25-015B-4EDC-8F73-D585DD2D5A47}.AppStore|x64.ActiveCfg = Debug|Any CPU
		{68BCBE25-015B-4EDC-8F73-D585DD2D5A47}.AppStore|x64.Build.0 = Debug|Any CPU
		{68BCBE25-015B-4EDC-8F73-D585DD2D5A47}.AppStore|x86.ActiveCfg = Debug|Any CPU
		{68BCBE25-015B-4EDC-8F73-D585DD2D5A47}.AppStore|x86.Build.0 = Debug|Any CPU
		{68BCBE25-015B-4EDC-8F73-D585DD2D5A47}.Debug|Any CPU.ActiveCfg = Debug|Any CPU
		{68BCBE25-015B-4EDC-8F73-D585DD2D5A47}.Debug|Any CPU.Build.0 = Debug|Any CPU
		{68BCBE25-015B-4EDC-8F73-D585DD2D5A47}.Debug|ARM.ActiveCfg = Debug|Any CPU
		{68BCBE25-015B-4EDC-8F73-D585DD2D5A47}.Debug|ARM.Build.0 = Debug|Any CPU
		{68BCBE25-015B-4EDC-8F73-D585DD2D5A47}.Debug|iPhone.ActiveCfg = Debug|Any CPU
		{68BCBE25-015B-4EDC-8F73-D585DD2D5A47}.Debug|iPhone.Build.0 = Debug|Any CPU
		{68BCBE25-015B-4EDC-8F73-D585DD2D5A47}.Debug|iPhoneSimulator.ActiveCfg = Debug|Any CPU
		{68BCBE25-015B-4EDC-8F73-D585DD2D5A47}.Debug|iPhoneSimulator.Build.0 = Debug|Any CPU
		{68BCBE25-015B-4EDC-8F73-D585DD2D5A47}.Debug|x64.ActiveCfg = Debug|Any CPU
		{68BCBE25-015B-4EDC-8F73-D585DD2D5A47}.Debug|x64.Build.0 = Debug|Any CPU
		{68BCBE25-015B-4EDC-8F73-D585DD2D5A47}.Debug|x86.ActiveCfg = Debug|Any CPU
		{68BCBE25-015B-4EDC-8F73-D585DD2D5A47}.Debug|x86.Build.0 = Debug|Any CPU
		{68BCBE25-015B-4EDC-8F73-D585DD2D5A47}.Release|Any CPU.ActiveCfg = Release|Any CPU
		{68BCBE25-015B-4EDC-8F73-D585DD2D5A47}.Release|Any CPU.Build.0 = Release|Any CPU
		{68BCBE25-015B-4EDC-8F73-D585DD2D5A47}.Release|ARM.ActiveCfg = Release|Any CPU
		{68BCBE25-015B-4EDC-8F73-D585DD2D5A47}.Release|ARM.Build.0 = Release|Any CPU
		{68BCBE25-015B-4EDC-8F73-D585DD2D5A47}.Release|iPhone.ActiveCfg = Release|Any CPU
		{68BCBE25-015B-4EDC-8F73-D585DD2D5A47}.Release|iPhone.Build.0 = Release|Any CPU
		{68BCBE25-015B-4EDC-8F73-D585DD2D5A47}.Release|iPhoneSimulator.ActiveCfg = Release|Any CPU
		{68BCBE25-015B-4EDC-8F73-D585DD2D5A47}.Release|iPhoneSimulator.Build.0 = Release|Any CPU
		{68BCBE25-015B-4EDC-8F73-D585DD2D5A47}.Release|x64.ActiveCfg = Release|Any CPU
		{68BCBE25-015B-4EDC-8F73-D585DD2D5A47}.Release|x64.Build.0 = Release|Any CPU
		{68BCBE25-015B-4EDC-8F73-D585DD2D5A47}.Release|x86.ActiveCfg = Release|Any CPU
		{68BCBE25-015B-4EDC-8F73-D585DD2D5A47}.Release|x86.Build.0 = Release|Any CPU
		{E5888F71-C704-408D-B928-E16C5528607A}.Ad-Hoc|Any CPU.ActiveCfg = Debug|Any CPU
		{E5888F71-C704-408D-B928-E16C5528607A}.Ad-Hoc|Any CPU.Build.0 = Debug|Any CPU
		{E5888F71-C704-408D-B928-E16C5528607A}.Ad-Hoc|ARM.ActiveCfg = Debug|Any CPU
		{E5888F71-C704-408D-B928-E16C5528607A}.Ad-Hoc|ARM.Build.0 = Debug|Any CPU
		{E5888F71-C704-408D-B928-E16C5528607A}.Ad-Hoc|iPhone.ActiveCfg = Debug|Any CPU
		{E5888F71-C704-408D-B928-E16C5528607A}.Ad-Hoc|iPhone.Build.0 = Debug|Any CPU
		{E5888F71-C704-408D-B928-E16C5528607A}.Ad-Hoc|iPhoneSimulator.ActiveCfg = Debug|Any CPU
		{E5888F71-C704-408D-B928-E16C5528607A}.Ad-Hoc|iPhoneSimulator.Build.0 = Debug|Any CPU
		{E5888F71-C704-408D-B928-E16C5528607A}.Ad-Hoc|x64.ActiveCfg = Debug|Any CPU
		{E5888F71-C704-408D-B928-E16C5528607A}.Ad-Hoc|x64.Build.0 = Debug|Any CPU
		{E5888F71-C704-408D-B928-E16C5528607A}.Ad-Hoc|x86.ActiveCfg = Debug|Any CPU
		{E5888F71-C704-408D-B928-E16C5528607A}.Ad-Hoc|x86.Build.0 = Debug|Any CPU
		{E5888F71-C704-408D-B928-E16C5528607A}.AppStore|Any CPU.ActiveCfg = Debug|Any CPU
		{E5888F71-C704-408D-B928-E16C5528607A}.AppStore|Any CPU.Build.0 = Debug|Any CPU
		{E5888F71-C704-408D-B928-E16C5528607A}.AppStore|ARM.ActiveCfg = Debug|Any CPU
		{E5888F71-C704-408D-B928-E16C5528607A}.AppStore|ARM.Build.0 = Debug|Any CPU
		{E5888F71-C704-408D-B928-E16C5528607A}.AppStore|iPhone.ActiveCfg = Debug|Any CPU
		{E5888F71-C704-408D-B928-E16C5528607A}.AppStore|iPhone.Build.0 = Debug|Any CPU
		{E5888F71-C704-408D-B928-E16C5528607A}.AppStore|iPhoneSimulator.ActiveCfg = Debug|Any CPU
		{E5888F71-C704-408D-B928-E16C5528607A}.AppStore|iPhoneSimulator.Build.0 = Debug|Any CPU
		{E5888F71-C704-408D-B928-E16C5528607A}.AppStore|x64.ActiveCfg = Debug|Any CPU
		{E5888F71-C704-408D-B928-E16C5528607A}.AppStore|x64.Build.0 = Debug|Any CPU
		{E5888F71-C704-408D-B928-E16C5528607A}.AppStore|x86.ActiveCfg = Debug|Any CPU
		{E5888F71-C704-408D-B928-E16C5528607A}.AppStore|x86.Build.0 = Debug|Any CPU
		{E5888F71-C704-408D-B928-E16C5528607A}.Debug|Any CPU.ActiveCfg = Debug|Any CPU
		{E5888F71-C704-408D-B928-E16C5528607A}.Debug|Any CPU.Build.0 = Debug|Any CPU
		{E5888F71-C704-408D-B928-E16C5528607A}.Debug|ARM.ActiveCfg = Debug|Any CPU
		{E5888F71-C704-408D-B928-E16C5528607A}.Debug|ARM.Build.0 = Debug|Any CPU
		{E5888F71-C704-408D-B928-E16C5528607A}.Debug|iPhone.ActiveCfg = Debug|Any CPU
		{E5888F71-C704-408D-B928-E16C5528607A}.Debug|iPhone.Build.0 = Debug|Any CPU
		{E5888F71-C704-408D-B928-E16C5528607A}.Debug|iPhoneSimulator.ActiveCfg = Debug|Any CPU
		{E5888F71-C704-408D-B928-E16C5528607A}.Debug|iPhoneSimulator.Build.0 = Debug|Any CPU
		{E5888F71-C704-408D-B928-E16C5528607A}.Debug|x64.ActiveCfg = Debug|Any CPU
		{E5888F71-C704-408D-B928-E16C5528607A}.Debug|x64.Build.0 = Debug|Any CPU
		{E5888F71-C704-408D-B928-E16C5528607A}.Debug|x86.ActiveCfg = Debug|Any CPU
		{E5888F71-C704-408D-B928-E16C5528607A}.Debug|x86.Build.0 = Debug|Any CPU
		{E5888F71-C704-408D-B928-E16C5528607A}.Release|Any CPU.ActiveCfg = Release|Any CPU
		{E5888F71-C704-408D-B928-E16C5528607A}.Release|Any CPU.Build.0 = Release|Any CPU
		{E5888F71-C704-408D-B928-E16C5528607A}.Release|ARM.ActiveCfg = Release|Any CPU
		{E5888F71-C704-408D-B928-E16C5528607A}.Release|ARM.Build.0 = Release|Any CPU
		{E5888F71-C704-408D-B928-E16C5528607A}.Release|iPhone.ActiveCfg = Release|Any CPU
		{E5888F71-C704-408D-B928-E16C5528607A}.Release|iPhone.Build.0 = Release|Any CPU
		{E5888F71-C704-408D-B928-E16C5528607A}.Release|iPhoneSimulator.ActiveCfg = Release|Any CPU
		{E5888F71-C704-408D-B928-E16C5528607A}.Release|iPhoneSimulator.Build.0 = Release|Any CPU
		{E5888F71-C704-408D-B928-E16C5528607A}.Release|x64.ActiveCfg = Release|Any CPU
		{E5888F71-C704-408D-B928-E16C5528607A}.Release|x64.Build.0 = Release|Any CPU
		{E5888F71-C704-408D-B928-E16C5528607A}.Release|x86.ActiveCfg = Release|Any CPU
		{E5888F71-C704-408D-B928-E16C5528607A}.Release|x86.Build.0 = Release|Any CPU
		{54BD0946-DD34-43B2-A375-1E27B2202A0A}.Ad-Hoc|Any CPU.ActiveCfg = Debug|Any CPU
		{54BD0946-DD34-43B2-A375-1E27B2202A0A}.Ad-Hoc|Any CPU.Build.0 = Debug|Any CPU
		{54BD0946-DD34-43B2-A375-1E27B2202A0A}.Ad-Hoc|ARM.ActiveCfg = Debug|Any CPU
		{54BD0946-DD34-43B2-A375-1E27B2202A0A}.Ad-Hoc|ARM.Build.0 = Debug|Any CPU
		{54BD0946-DD34-43B2-A375-1E27B2202A0A}.Ad-Hoc|iPhone.ActiveCfg = Debug|Any CPU
		{54BD0946-DD34-43B2-A375-1E27B2202A0A}.Ad-Hoc|iPhone.Build.0 = Debug|Any CPU
		{54BD0946-DD34-43B2-A375-1E27B2202A0A}.Ad-Hoc|iPhoneSimulator.ActiveCfg = Debug|Any CPU
		{54BD0946-DD34-43B2-A375-1E27B2202A0A}.Ad-Hoc|iPhoneSimulator.Build.0 = Debug|Any CPU
		{54BD0946-DD34-43B2-A375-1E27B2202A0A}.Ad-Hoc|x64.ActiveCfg = Debug|Any CPU
		{54BD0946-DD34-43B2-A375-1E27B2202A0A}.Ad-Hoc|x64.Build.0 = Debug|Any CPU
		{54BD0946-DD34-43B2-A375-1E27B2202A0A}.Ad-Hoc|x86.ActiveCfg = Debug|Any CPU
		{54BD0946-DD34-43B2-A375-1E27B2202A0A}.Ad-Hoc|x86.Build.0 = Debug|Any CPU
		{54BD0946-DD34-43B2-A375-1E27B2202A0A}.AppStore|Any CPU.ActiveCfg = Debug|Any CPU
		{54BD0946-DD34-43B2-A375-1E27B2202A0A}.AppStore|Any CPU.Build.0 = Debug|Any CPU
		{54BD0946-DD34-43B2-A375-1E27B2202A0A}.AppStore|ARM.ActiveCfg = Debug|Any CPU
		{54BD0946-DD34-43B2-A375-1E27B2202A0A}.AppStore|ARM.Build.0 = Debug|Any CPU
		{54BD0946-DD34-43B2-A375-1E27B2202A0A}.AppStore|iPhone.ActiveCfg = Debug|Any CPU
		{54BD0946-DD34-43B2-A375-1E27B2202A0A}.AppStore|iPhone.Build.0 = Debug|Any CPU
		{54BD0946-DD34-43B2-A375-1E27B2202A0A}.AppStore|iPhoneSimulator.ActiveCfg = Debug|Any CPU
		{54BD0946-DD34-43B2-A375-1E27B2202A0A}.AppStore|iPhoneSimulator.Build.0 = Debug|Any CPU
		{54BD0946-DD34-43B2-A375-1E27B2202A0A}.AppStore|x64.ActiveCfg = Debug|Any CPU
		{54BD0946-DD34-43B2-A375-1E27B2202A0A}.AppStore|x64.Build.0 = Debug|Any CPU
		{54BD0946-DD34-43B2-A375-1E27B2202A0A}.AppStore|x86.ActiveCfg = Debug|Any CPU
		{54BD0946-DD34-43B2-A375-1E27B2202A0A}.AppStore|x86.Build.0 = Debug|Any CPU
		{54BD0946-DD34-43B2-A375-1E27B2202A0A}.Debug|Any CPU.ActiveCfg = Debug|Any CPU
		{54BD0946-DD34-43B2-A375-1E27B2202A0A}.Debug|Any CPU.Build.0 = Debug|Any CPU
		{54BD0946-DD34-43B2-A375-1E27B2202A0A}.Debug|ARM.ActiveCfg = Debug|Any CPU
		{54BD0946-DD34-43B2-A375-1E27B2202A0A}.Debug|ARM.Build.0 = Debug|Any CPU
		{54BD0946-DD34-43B2-A375-1E27B2202A0A}.Debug|iPhone.ActiveCfg = Debug|Any CPU
		{54BD0946-DD34-43B2-A375-1E27B2202A0A}.Debug|iPhone.Build.0 = Debug|Any CPU
		{54BD0946-DD34-43B2-A375-1E27B2202A0A}.Debug|iPhoneSimulator.ActiveCfg = Debug|Any CPU
		{54BD0946-DD34-43B2-A375-1E27B2202A0A}.Debug|iPhoneSimulator.Build.0 = Debug|Any CPU
		{54BD0946-DD34-43B2-A375-1E27B2202A0A}.Debug|x64.ActiveCfg = Debug|Any CPU
		{54BD0946-DD34-43B2-A375-1E27B2202A0A}.Debug|x64.Build.0 = Debug|Any CPU
		{54BD0946-DD34-43B2-A375-1E27B2202A0A}.Debug|x86.ActiveCfg = Debug|Any CPU
		{54BD0946-DD34-43B2-A375-1E27B2202A0A}.Debug|x86.Build.0 = Debug|Any CPU
		{54BD0946-DD34-43B2-A375-1E27B2202A0A}.Release|Any CPU.ActiveCfg = Release|Any CPU
		{54BD0946-DD34-43B2-A375-1E27B2202A0A}.Release|Any CPU.Build.0 = Release|Any CPU
		{54BD0946-DD34-43B2-A375-1E27B2202A0A}.Release|ARM.ActiveCfg = Release|Any CPU
		{54BD0946-DD34-43B2-A375-1E27B2202A0A}.Release|ARM.Build.0 = Release|Any CPU
		{54BD0946-DD34-43B2-A375-1E27B2202A0A}.Release|iPhone.ActiveCfg = Release|Any CPU
		{54BD0946-DD34-43B2-A375-1E27B2202A0A}.Release|iPhone.Build.0 = Release|Any CPU
		{54BD0946-DD34-43B2-A375-1E27B2202A0A}.Release|iPhoneSimulator.ActiveCfg = Release|Any CPU
		{54BD0946-DD34-43B2-A375-1E27B2202A0A}.Release|iPhoneSimulator.Build.0 = Release|Any CPU
		{54BD0946-DD34-43B2-A375-1E27B2202A0A}.Release|x64.ActiveCfg = Release|Any CPU
		{54BD0946-DD34-43B2-A375-1E27B2202A0A}.Release|x64.Build.0 = Release|Any CPU
		{54BD0946-DD34-43B2-A375-1E27B2202A0A}.Release|x86.ActiveCfg = Release|Any CPU
		{54BD0946-DD34-43B2-A375-1E27B2202A0A}.Release|x86.Build.0 = Release|Any CPU
	EndGlobalSection
	GlobalSection(SolutionProperties) = preSolution
		HideSolutionNode = FALSE
	EndGlobalSection
	GlobalSection(ExtensibilityGlobals) = postSolution
		SolutionGuid = {9C7F34C7-1F71-4660-82F6-B14CD5A4F7C0}
	EndGlobalSection
EndGlobal
